
Microsoft Visual Studio Solution File, Format Version 12.00
# Visual Studio 2013
VisualStudioVersion = 12.0.31101.0
MinimumVisualStudioVersion = 10.0.40219.1
Project("{FAE04EC0-301F-11D3-BF4B-00C04F79EFBC}") = "IoT.Client.DotNet", "IoT.Client.DotNet\IoT.Client.DotNet.csproj", "{82EC1A63-2B3E-43FF-BC4B-AC28B751F1C8}"
EndProject
Project("{FAE04EC0-301F-11D3-BF4B-00C04F79EFBC}") = "IoT.Client.DotNet.IntegrationTests", "IoT.Client.DotNet.IntegrationTests\IoT.Client.DotNet.IntegrationTests.csproj", "{23B22CBA-0D58-4CA8-9819-0CE5C9C0FB76}"
EndProject
Project("{FAE04EC0-301F-11D3-BF4B-00C04F79EFBC}") = "IoT.Loadtester", "IoT.Loadtester\IoT.Loadtester.csproj", "{7DD0AFD4-3C2A-4C8F-AFDF-0D21FF3C5F27}"
EndProject
Global
	GlobalSection(SolutionConfigurationPlatforms) = preSolution
		Debug|Any CPU = Debug|Any CPU
		Debug|ARM = Debug|ARM
		Debug|x64 = Debug|x64
		Debug|x86 = Debug|x86
		IIS-DevAzure|Any CPU = IIS-DevAzure|Any CPU
		IIS-DevAzure|ARM = IIS-DevAzure|ARM
		IIS-DevAzure|x64 = IIS-DevAzure|x64
		IIS-DevAzure|x86 = IIS-DevAzure|x86
		IIS-DevSql|Any CPU = IIS-DevSql|Any CPU
		IIS-DevSql|ARM = IIS-DevSql|ARM
		IIS-DevSql|x64 = IIS-DevSql|x64
		IIS-DevSql|x86 = IIS-DevSql|x86
		IISExpress-DevAzure|Any CPU = IISExpress-DevAzure|Any CPU
		IISExpress-DevAzure|ARM = IISExpress-DevAzure|ARM
		IISExpress-DevAzure|x64 = IISExpress-DevAzure|x64
		IISExpress-DevAzure|x86 = IISExpress-DevAzure|x86
		IIS-ProdAzure|Any CPU = IIS-ProdAzure|Any CPU
		IIS-ProdAzure|ARM = IIS-ProdAzure|ARM
		IIS-ProdAzure|x64 = IIS-ProdAzure|x64
		IIS-ProdAzure|x86 = IIS-ProdAzure|x86
		IIS-ProdSql|Any CPU = IIS-ProdSql|Any CPU
		IIS-ProdSql|ARM = IIS-ProdSql|ARM
		IIS-ProdSql|x64 = IIS-ProdSql|x64
		IIS-ProdSql|x86 = IIS-ProdSql|x86
		Release|Any CPU = Release|Any CPU
		Release|ARM = Release|ARM
		Release|x64 = Release|x64
		Release|x86 = Release|x86
	EndGlobalSection
	GlobalSection(ProjectConfigurationPlatforms) = postSolution
		{82EC1A63-2B3E-43FF-BC4B-AC28B751F1C8}.Debug|Any CPU.ActiveCfg = Debug|Any CPU
		{82EC1A63-2B3E-43FF-BC4B-AC28B751F1C8}.Debug|Any CPU.Build.0 = Debug|Any CPU
		{82EC1A63-2B3E-43FF-BC4B-AC28B751F1C8}.Debug|ARM.ActiveCfg = Debug|Any CPU
		{82EC1A63-2B3E-43FF-BC4B-AC28B751F1C8}.Debug|x64.ActiveCfg = Debug|Any CPU
		{82EC1A63-2B3E-43FF-BC4B-AC28B751F1C8}.Debug|x86.ActiveCfg = Debug|Any CPU
		{82EC1A63-2B3E-43FF-BC4B-AC28B751F1C8}.IIS-DevAzure|Any CPU.ActiveCfg = Debug|Any CPU
		{82EC1A63-2B3E-43FF-BC4B-AC28B751F1C8}.IIS-DevAzure|Any CPU.Build.0 = Debug|Any CPU
		{82EC1A63-2B3E-43FF-BC4B-AC28B751F1C8}.IIS-DevAzure|ARM.ActiveCfg = Release|Any CPU
		{82EC1A63-2B3E-43FF-BC4B-AC28B751F1C8}.IIS-DevAzure|x64.ActiveCfg = Release|Any CPU
		{82EC1A63-2B3E-43FF-BC4B-AC28B751F1C8}.IIS-DevAzure|x86.ActiveCfg = Release|Any CPU
		{82EC1A63-2B3E-43FF-BC4B-AC28B751F1C8}.IIS-DevSql|Any CPU.ActiveCfg = Debug|Any CPU
		{82EC1A63-2B3E-43FF-BC4B-AC28B751F1C8}.IIS-DevSql|Any CPU.Build.0 = Debug|Any CPU
		{82EC1A63-2B3E-43FF-BC4B-AC28B751F1C8}.IIS-DevSql|ARM.ActiveCfg = Release|Any CPU
		{82EC1A63-2B3E-43FF-BC4B-AC28B751F1C8}.IIS-DevSql|x64.ActiveCfg = Release|Any CPU
		{82EC1A63-2B3E-43FF-BC4B-AC28B751F1C8}.IIS-DevSql|x86.ActiveCfg = Release|Any CPU
		{82EC1A63-2B3E-43FF-BC4B-AC28B751F1C8}.IISExpress-DevAzure|Any CPU.ActiveCfg = Debug|Any CPU
		{82EC1A63-2B3E-43FF-BC4B-AC28B751F1C8}.IISExpress-DevAzure|Any CPU.Build.0 = Debug|Any CPU
		{82EC1A63-2B3E-43FF-BC4B-AC28B751F1C8}.IISExpress-DevAzure|ARM.ActiveCfg = Release|Any CPU
		{82EC1A63-2B3E-43FF-BC4B-AC28B751F1C8}.IISExpress-DevAzure|x64.ActiveCfg = Release|Any CPU
		{82EC1A63-2B3E-43FF-BC4B-AC28B751F1C8}.IISExpress-DevAzure|x86.ActiveCfg = Release|Any CPU
		{82EC1A63-2B3E-43FF-BC4B-AC28B751F1C8}.IIS-ProdAzure|Any CPU.ActiveCfg = Debug|Any CPU
		{82EC1A63-2B3E-43FF-BC4B-AC28B751F1C8}.IIS-ProdAzure|Any CPU.Build.0 = Debug|Any CPU
		{82EC1A63-2B3E-43FF-BC4B-AC28B751F1C8}.IIS-ProdAzure|ARM.ActiveCfg = Release|Any CPU
		{82EC1A63-2B3E-43FF-BC4B-AC28B751F1C8}.IIS-ProdAzure|x64.ActiveCfg = Release|Any CPU
		{82EC1A63-2B3E-43FF-BC4B-AC28B751F1C8}.IIS-ProdAzure|x86.ActiveCfg = Release|Any CPU
		{82EC1A63-2B3E-43FF-BC4B-AC28B751F1C8}.IIS-ProdSql|Any CPU.ActiveCfg = Debug|Any CPU
		{82EC1A63-2B3E-43FF-BC4B-AC28B751F1C8}.IIS-ProdSql|Any CPU.Build.0 = Debug|Any CPU
		{82EC1A63-2B3E-43FF-BC4B-AC28B751F1C8}.IIS-ProdSql|ARM.ActiveCfg = Release|Any CPU
		{82EC1A63-2B3E-43FF-BC4B-AC28B751F1C8}.IIS-ProdSql|x64.ActiveCfg = Release|Any CPU
		{82EC1A63-2B3E-43FF-BC4B-AC28B751F1C8}.IIS-ProdSql|x86.ActiveCfg = Release|Any CPU
		{82EC1A63-2B3E-43FF-BC4B-AC28B751F1C8}.Release|Any CPU.ActiveCfg = Release|Any CPU
		{82EC1A63-2B3E-43FF-BC4B-AC28B751F1C8}.Release|Any CPU.Build.0 = Release|Any CPU
		{82EC1A63-2B3E-43FF-BC4B-AC28B751F1C8}.Release|ARM.ActiveCfg = Release|Any CPU
		{82EC1A63-2B3E-43FF-BC4B-AC28B751F1C8}.Release|x64.ActiveCfg = Release|Any CPU
		{82EC1A63-2B3E-43FF-BC4B-AC28B751F1C8}.Release|x86.ActiveCfg = Release|Any CPU
		{23B22CBA-0D58-4CA8-9819-0CE5C9C0FB76}.Debug|Any CPU.ActiveCfg = IISExpress-DevAzure|Any CPU
		{23B22CBA-0D58-4CA8-9819-0CE5C9C0FB76}.Debug|Any CPU.Build.0 = IISExpress-DevAzure|Any CPU
		{23B22CBA-0D58-4CA8-9819-0CE5C9C0FB76}.Debug|ARM.ActiveCfg = Debug|Any CPU
		{23B22CBA-0D58-4CA8-9819-0CE5C9C0FB76}.Debug|x64.ActiveCfg = Debug|Any CPU
		{23B22CBA-0D58-4CA8-9819-0CE5C9C0FB76}.Debug|x86.ActiveCfg = Debug|Any CPU
		{23B22CBA-0D58-4CA8-9819-0CE5C9C0FB76}.IIS-DevAzure|Any CPU.ActiveCfg = IIS-DevAzure|Any CPU
		{23B22CBA-0D58-4CA8-9819-0CE5C9C0FB76}.IIS-DevAzure|Any CPU.Build.0 = IIS-DevAzure|Any CPU
		{23B22CBA-0D58-4CA8-9819-0CE5C9C0FB76}.IIS-DevAzure|ARM.ActiveCfg = IIS-DevAzure|Any CPU
		{23B22CBA-0D58-4CA8-9819-0CE5C9C0FB76}.IIS-DevAzure|x64.ActiveCfg = IIS-DevAzure|Any CPU
		{23B22CBA-0D58-4CA8-9819-0CE5C9C0FB76}.IIS-DevAzure|x86.ActiveCfg = IIS-DevAzure|Any CPU
		{23B22CBA-0D58-4CA8-9819-0CE5C9C0FB76}.IIS-DevSql|Any CPU.ActiveCfg = IIS-DevSql|Any CPU
		{23B22CBA-0D58-4CA8-9819-0CE5C9C0FB76}.IIS-DevSql|Any CPU.Build.0 = IIS-DevSql|Any CPU
		{23B22CBA-0D58-4CA8-9819-0CE5C9C0FB76}.IIS-DevSql|ARM.ActiveCfg = IIS-DevSql|Any CPU
		{23B22CBA-0D58-4CA8-9819-0CE5C9C0FB76}.IIS-DevSql|x64.ActiveCfg = IIS-DevSql|Any CPU
		{23B22CBA-0D58-4CA8-9819-0CE5C9C0FB76}.IIS-DevSql|x86.ActiveCfg = IIS-DevSql|Any CPU
		{23B22CBA-0D58-4CA8-9819-0CE5C9C0FB76}.IISExpress-DevAzure|Any CPU.ActiveCfg = IISExpress-DevAzure|Any CPU
		{23B22CBA-0D58-4CA8-9819-0CE5C9C0FB76}.IISExpress-DevAzure|Any CPU.Build.0 = IISExpress-DevAzure|Any CPU
		{23B22CBA-0D58-4CA8-9819-0CE5C9C0FB76}.IISExpress-DevAzure|ARM.ActiveCfg = IISExpress-DevAzure|Any CPU
		{23B22CBA-0D58-4CA8-9819-0CE5C9C0FB76}.IISExpress-DevAzure|x64.ActiveCfg = IISExpress-DevAzure|Any CPU
		{23B22CBA-0D58-4CA8-9819-0CE5C9C0FB76}.IISExpress-DevAzure|x86.ActiveCfg = IISExpress-DevAzure|Any CPU
		{23B22CBA-0D58-4CA8-9819-0CE5C9C0FB76}.IIS-ProdAzure|Any CPU.ActiveCfg = IIS-ProdAzure|Any CPU
		{23B22CBA-0D58-4CA8-9819-0CE5C9C0FB76}.IIS-ProdAzure|Any CPU.Build.0 = IIS-ProdAzure|Any CPU
		{23B22CBA-0D58-4CA8-9819-0CE5C9C0FB76}.IIS-ProdAzure|ARM.ActiveCfg = IIS-ProdAzure|Any CPU
		{23B22CBA-0D58-4CA8-9819-0CE5C9C0FB76}.IIS-ProdAzure|x64.ActiveCfg = IIS-ProdAzure|Any CPU
		{23B22CBA-0D58-4CA8-9819-0CE5C9C0FB76}.IIS-ProdAzure|x86.ActiveCfg = IIS-ProdAzure|Any CPU
		{23B22CBA-0D58-4CA8-9819-0CE5C9C0FB76}.IIS-ProdSql|Any CPU.ActiveCfg = IIS-ProdSql|Any CPU
		{23B22CBA-0D58-4CA8-9819-0CE5C9C0FB76}.IIS-ProdSql|Any CPU.Build.0 = IIS-ProdSql|Any CPU
		{23B22CBA-0D58-4CA8-9819-0CE5C9C0FB76}.IIS-ProdSql|ARM.ActiveCfg = IIS-ProdSql|Any CPU
		{23B22CBA-0D58-4CA8-9819-0CE5C9C0FB76}.IIS-ProdSql|x64.ActiveCfg = IIS-ProdSql|Any CPU
		{23B22CBA-0D58-4CA8-9819-0CE5C9C0FB76}.IIS-ProdSql|x86.ActiveCfg = IIS-ProdSql|Any CPU
		{23B22CBA-0D58-4CA8-9819-0CE5C9C0FB76}.Release|Any CPU.ActiveCfg = Release|Any CPU
		{23B22CBA-0D58-4CA8-9819-0CE5C9C0FB76}.Release|Any CPU.Build.0 = Release|Any CPU
		{23B22CBA-0D58-4CA8-9819-0CE5C9C0FB76}.Release|ARM.ActiveCfg = Release|Any CPU
		{23B22CBA-0D58-4CA8-9819-0CE5C9C0FB76}.Release|x64.ActiveCfg = Release|Any CPU
		{23B22CBA-0D58-4CA8-9819-0CE5C9C0FB76}.Release|x86.ActiveCfg = Release|Any CPU
		{7DD0AFD4-3C2A-4C8F-AFDF-0D21FF3C5F27}.Debug|Any CPU.ActiveCfg = Debug|Any CPU
		{7DD0AFD4-3C2A-4C8F-AFDF-0D21FF3C5F27}.Debug|Any CPU.Build.0 = Debug|Any CPU
		{7DD0AFD4-3C2A-4C8F-AFDF-0D21FF3C5F27}.Debug|ARM.ActiveCfg = Debug|Any CPU
		{7DD0AFD4-3C2A-4C8F-AFDF-0D21FF3C5F27}.Debug|x64.ActiveCfg = Debug|Any CPU
		{7DD0AFD4-3C2A-4C8F-AFDF-0D21FF3C5F27}.Debug|x86.ActiveCfg = Debug|Any CPU
		{7DD0AFD4-3C2A-4C8F-AFDF-0D21FF3C5F27}.IIS-DevAzure|Any CPU.ActiveCfg = Debug|Any CPU
		{7DD0AFD4-3C2A-4C8F-AFDF-0D21FF3C5F27}.IIS-DevAzure|Any CPU.Build.0 = Debug|Any CPU
		{7DD0AFD4-3C2A-4C8F-AFDF-0D21FF3C5F27}.IIS-DevAzure|ARM.ActiveCfg = Release|Any CPU
		{7DD0AFD4-3C2A-4C8F-AFDF-0D21FF3C5F27}.IIS-DevAzure|x64.ActiveCfg = Release|Any CPU
		{7DD0AFD4-3C2A-4C8F-AFDF-0D21FF3C5F27}.IIS-DevAzure|x86.ActiveCfg = Release|Any CPU
		{7DD0AFD4-3C2A-4C8F-AFDF-0D21FF3C5F27}.IIS-DevSql|Any CPU.ActiveCfg = Debug|Any CPU
		{7DD0AFD4-3C2A-4C8F-AFDF-0D21FF3C5F27}.IIS-DevSql|Any CPU.Build.0 = Debug|Any CPU
		{7DD0AFD4-3C2A-4C8F-AFDF-0D21FF3C5F27}.IIS-DevSql|ARM.ActiveCfg = Release|Any CPU
		{7DD0AFD4-3C2A-4C8F-AFDF-0D21FF3C5F27}.IIS-DevSql|x64.ActiveCfg = Release|Any CPU
		{7DD0AFD4-3C2A-4C8F-AFDF-0D21FF3C5F27}.IIS-DevSql|x86.ActiveCfg = Release|Any CPU
		{7DD0AFD4-3C2A-4C8F-AFDF-0D21FF3C5F27}.IISExpress-DevAzure|Any CPU.ActiveCfg = Debug|Any CPU
		{7DD0AFD4-3C2A-4C8F-AFDF-0D21FF3C5F27}.IISExpress-DevAzure|Any CPU.Build.0 = Debug|Any CPU
		{7DD0AFD4-3C2A-4C8F-AFDF-0D21FF3C5F27}.IISExpress-DevAzure|ARM.ActiveCfg = Release|Any CPU
		{7DD0AFD4-3C2A-4C8F-AFDF-0D21FF3C5F27}.IISExpress-DevAzure|x64.ActiveCfg = Release|Any CPU
		{7DD0AFD4-3C2A-4C8F-AFDF-0D21FF3C5F27}.IISExpress-DevAzure|x86.ActiveCfg = Release|Any CPU
		{7DD0AFD4-3C2A-4C8F-AFDF-0D21FF3C5F27}.IIS-ProdAzure|Any CPU.ActiveCfg = Debug|Any CPU
		{7DD0AFD4-3C2A-4C8F-AFDF-0D21FF3C5F27}.IIS-ProdAzure|Any CPU.Build.0 = Debug|Any CPU
		{7DD0AFD4-3C2A-4C8F-AFDF-0D21FF3C5F27}.IIS-ProdAzure|ARM.ActiveCfg = Release|Any CPU
		{7DD0AFD4-3C2A-4C8F-AFDF-0D21FF3C5F27}.IIS-ProdAzure|x64.ActiveCfg = Release|Any CPU
		{7DD0AFD4-3C2A-4C8F-AFDF-0D21FF3C5F27}.IIS-ProdAzure|x86.ActiveCfg = Release|Any CPU
		{7DD0AFD4-3C2A-4C8F-AFDF-0D21FF3C5F27}.IIS-ProdSql|Any CPU.ActiveCfg = Debug|Any CPU
		{7DD0AFD4-3C2A-4C8F-AFDF-0D21FF3C5F27}.IIS-ProdSql|Any CPU.Build.0 = Debug|Any CPU
		{7DD0AFD4-3C2A-4C8F-AFDF-0D21FF3C5F27}.IIS-ProdSql|ARM.ActiveCfg = Release|Any CPU
		{7DD0AFD4-3C2A-4C8F-AFDF-0D21FF3C5F27}.IIS-ProdSql|x64.ActiveCfg = Release|Any CPU
		{7DD0AFD4-3C2A-4C8F-AFDF-0D21FF3C5F27}.IIS-ProdSql|x86.ActiveCfg = Release|Any CPU
		{7DD0AFD4-3C2A-4C8F-AFDF-0D21FF3C5F27}.Release|Any CPU.ActiveCfg = Release|Any CPU
		{7DD0AFD4-3C2A-4C8F-AFDF-0D21FF3C5F27}.Release|Any CPU.Build.0 = Release|Any CPU
		{7DD0AFD4-3C2A-4C8F-AFDF-0D21FF3C5F27}.Release|ARM.ActiveCfg = Release|Any CPU
		{7DD0AFD4-3C2A-4C8F-AFDF-0D21FF3C5F27}.Release|x64.ActiveCfg = Release|Any CPU
		{7DD0AFD4-3C2A-4C8F-AFDF-0D21FF3C5F27}.Release|x86.ActiveCfg = Release|Any CPU
	EndGlobalSection
	GlobalSection(SolutionProperties) = preSolution
		HideSolutionNode = FALSE
	EndGlobalSection
EndGlobal
