
Microsoft Visual Studio Solution File, Format Version 12.00
# Visual Studio 14
VisualStudioVersion = 14.0.24720.0
MinimumVisualStudioVersion = 10.0.40219.1
Project("{2150E333-8FDC-42A3-9474-1A3956D46DE8}") = "Management", "Management", "{9410464C-9293-45AF-8D3B-B991B5E01A38}"
EndProject
Project("{FAE04EC0-301F-11D3-BF4B-00C04F79EFBC}") = "Thriot.Management.Operations.Azure", "Management\Thriot.Management.Operations.Azure\Thriot.Management.Operations.Azure.csproj", "{91DB3326-0850-4A22-BFCF-215EC2BEBAC5}"
EndProject
Project("{FAE04EC0-301F-11D3-BF4B-00C04F79EFBC}") = "Thriot.Management.Services", "Management\Thriot.Management.Services\Thriot.Management.Services.csproj", "{74101052-2463-4AAA-BEC2-76F239D9B77C}"
EndProject
Project("{FAE04EC0-301F-11D3-BF4B-00C04F79EFBC}") = "Thriot.Management.Services.Tests", "Management\Thriot.Management.Services.Tests\Thriot.Management.Services.Tests.csproj", "{8F302E92-6188-4487-A34A-CE5C0868C2A8}"
EndProject
Project("{FAE04EC0-301F-11D3-BF4B-00C04F79EFBC}") = "Thriot.Management.Model", "Management\Thriot.Management.Model\Thriot.Management.Model.csproj", "{F955E692-FD87-4964-9DC3-B3269B1CB92D}"
EndProject
Project("{2150E333-8FDC-42A3-9474-1A3956D46DE8}") = "Framework", "Framework", "{2EB474CC-AE21-4682-81CD-E66559763344}"
EndProject
Project("{2150E333-8FDC-42A3-9474-1A3956D46DE8}") = "Misc", "Misc", "{A7461ACE-ABB7-4359-BAEC-3494430B7A63}"
EndProject
Project("{FAE04EC0-301F-11D3-BF4B-00C04F79EFBC}") = "Thriot.Framework", "Framework\Thriot.Framework\Thriot.Framework.csproj", "{72721CBB-098D-499B-B037-1CCEACBC4524}"
EndProject
Project("{FAE04EC0-301F-11D3-BF4B-00C04F79EFBC}") = "Thriot.Framework.Azure", "Framework\Thriot.Framework.Azure\Thriot.Framework.Azure.csproj", "{CBCBB6A3-0097-46ED-A49C-EF9A6DA87B63}"
EndProject
Project("{FAE04EC0-301F-11D3-BF4B-00C04F79EFBC}") = "Thriot.Framework.Tests", "Framework\Thriot.Framework.Tests\Thriot.Framework.Tests.csproj", "{7729478D-EC79-41E3-918E-E25C367FD3BB}"
EndProject
Project("{FAE04EC0-301F-11D3-BF4B-00C04F79EFBC}") = "Thriot.TestHelpers", "Misc\Thriot.TestHelpers\Thriot.TestHelpers.csproj", "{F554A376-529D-4FA6-9E4F-AFBE87C32861}"
	ProjectSection(ProjectDependencies) = postProject
		{6C1F185C-BBD2-4A90-B565-58F03D46CABE} = {6C1F185C-BBD2-4A90-B565-58F03D46CABE}
		{FE9571D9-2B37-4E4C-A838-955A3CA5235F} = {FE9571D9-2B37-4E4C-A838-955A3CA5235F}
		{65436FF0-E291-429C-8FB3-D914C1FFAAA6} = {65436FF0-E291-429C-8FB3-D914C1FFAAA6}
	EndProjectSection
EndProject
Project("{2150E333-8FDC-42A3-9474-1A3956D46DE8}") = "Platform", "Platform", "{1BB195CE-8252-4DDE-83B9-74ACCA99087D}"
EndProject
Project("{FAE04EC0-301F-11D3-BF4B-00C04F79EFBC}") = "Thriot.Platform.Model", "Platform\Thriot.Platform.Model\Thriot.Platform.Model.csproj", "{2A0959ED-854C-43A6-B8E5-A8818CBB35CE}"
EndProject
Project("{FAE04EC0-301F-11D3-BF4B-00C04F79EFBC}") = "Thriot.CreateAzureStorage", "Misc\Thriot.CreateAzureStorage\Thriot.CreateAzureStorage.csproj", "{899D0061-6F5A-4089-9727-E8FCA58ABB1E}"
EndProject
Project("{FAE04EC0-301F-11D3-BF4B-00C04F79EFBC}") = "Thriot.Platform.WebsocketService", "Platform\Thriot.Platform.WebsocketService\Thriot.Platform.WebsocketService.csproj", "{D078663B-F5D5-4B06-8D59-73B31EFEF375}"
EndProject
Project("{2150E333-8FDC-42A3-9474-1A3956D46DE8}") = "Build", "Build", "{7480DBBF-9FA7-4714-9219-37B52D113E8A}"
	ProjectSection(SolutionItems) = preProject
		Build\build.ps1 = Build\build.ps1
		Build\buildconfigure.ps1 = Build\buildconfigure.ps1
		Build\configure.ps1 = Build\configure.ps1
	EndProjectSection
EndProject
Project("{FAE04EC0-301F-11D3-BF4B-00C04F79EFBC}") = "Thriot.Management.Operations.Sql", "Management\Thriot.Management.Operations.Sql\Thriot.Management.Operations.Sql.csproj", "{B5F4AFF8-5386-4CC9-9E0D-F53958E5522A}"
EndProject
Project("{FAE04EC0-301F-11D3-BF4B-00C04F79EFBC}") = "Thriot.Framework.Sql", "Framework\Thriot.Framework.Sql\Thriot.Framework.Sql.csproj", "{8AD145BA-1606-46C1-A72B-3C202265AE26}"
EndProject
Project("{FAE04EC0-301F-11D3-BF4B-00C04F79EFBC}") = "Thriot.CreateSqlStorage", "Misc\Thriot.CreateSqlStorage\Thriot.CreateSqlStorage.csproj", "{3AE0CD09-FF02-4CE9-9EF9-2C2A510DA3FD}"
EndProject
Project("{2150E333-8FDC-42A3-9474-1A3956D46DE8}") = "Messaging", "Messaging", "{2205AEEA-ABE7-43AC-A1BD-93AC8A84469F}"
EndProject
Project("{FAE04EC0-301F-11D3-BF4B-00C04F79EFBC}") = "Thriot.Messaging.Services", "Messaging\Thriot.Messaging.Services\Thriot.Messaging.Services.csproj", "{7894BBE9-AE81-4F95-AD81-BA2B0431698C}"
EndProject
Project("{FAE04EC0-301F-11D3-BF4B-00C04F79EFBC}") = "Thriot.Messaging.Services.Tests", "Messaging\Thriot.Messaging.Services.Tests\Thriot.Messaging.Services.Tests.csproj", "{53B16969-6EB6-4D8F-9EB6-716E559E2BB2}"
EndProject
Project("{2150E333-8FDC-42A3-9474-1A3956D46DE8}") = "Scripts", "Scripts", "{450A4620-4290-4B07-846A-7D33FF53B5FD}"
EndProject
Project("{FAE04EC0-301F-11D3-BF4B-00C04F79EFBC}") = "Thriot.Messaging.PerformanceTest", "Messaging\Thriot.Messaging.PerformanceTest\Thriot.Messaging.PerformanceTest.csproj", "{BBDDF8C6-196F-4B25-906E-108B59E4A837}"
EndProject
Project("{FAE04EC0-301F-11D3-BF4B-00C04F79EFBC}") = "Thriot.Platform.Services.Telemetry", "Platform\Thriot.Platform.Services.Telemetry\Thriot.Platform.Services.Telemetry.csproj", "{AB320464-7159-4AA8-8116-1A7169FBF79C}"
EndProject
Project("{FAE04EC0-301F-11D3-BF4B-00C04F79EFBC}") = "Thriot.Platform.Services.Messaging", "Platform\Thriot.Platform.Services.Messaging\Thriot.Platform.Services.Messaging.csproj", "{6C337D0B-BFB0-417B-8E11-57B917F4BF81}"
EndProject
Project("{FAE04EC0-301F-11D3-BF4B-00C04F79EFBC}") = "Thriot.Platform.PersistentConnections", "Platform\Thriot.Platform.PersistentConnections\Thriot.Platform.PersistentConnections.csproj", "{1099F633-4AC5-4BF9-A368-3B1840164FA0}"
EndProject
Project("{FAE04EC0-301F-11D3-BF4B-00C04F79EFBC}") = "Thriot.Platform.Services.Messaging.Tests", "Platform\Thriot.Platform.Services.Messaging.Tests\Thriot.Platform.Services.Messaging.Tests.csproj", "{7F6016B1-F2ED-41FE-993A-3C1B3A0B3E98}"
EndProject
Project("{FAE04EC0-301F-11D3-BF4B-00C04F79EFBC}") = "Thriot.Platform.Services.Telemetry.Tests", "Platform\Thriot.Platform.Services.Telemetry.Tests\Thriot.Platform.Services.Telemetry.Tests.csproj", "{3CFC1F80-92F1-40F0-A654-0FE940A48F02}"
EndProject
Project("{FAE04EC0-301F-11D3-BF4B-00C04F79EFBC}") = "Thriot.Platform.PersistentConnections.Tests", "Platform\Thriot.Platform.PersistentConnections.Tests\Thriot.Platform.PersistentConnections.Tests.csproj", "{C475C1B5-8F18-47AA-A248-34339BA82240}"
EndProject
Project("{2150E333-8FDC-42A3-9474-1A3956D46DE8}") = "Plugins", "Plugins", "{F0375912-0C84-400B-9BF0-917162B331E1}"
EndProject
Project("{FAE04EC0-301F-11D3-BF4B-00C04F79EFBC}") = "Thriot.Plugins.Azure", "Plugins\Thriot.Plugins.Azure\Thriot.Plugins.Azure.csproj", "{65436FF0-E291-429C-8FB3-D914C1FFAAA6}"
EndProject
Project("{FAE04EC0-301F-11D3-BF4B-00C04F79EFBC}") = "Thriot.Plugins.Sql", "Plugins\Thriot.Plugins.Sql\Thriot.Plugins.Sql.csproj", "{FE9571D9-2B37-4E4C-A838-955A3CA5235F}"
EndProject
Project("{2150E333-8FDC-42A3-9474-1A3956D46DE8}") = "Tests", "Tests", "{C0395CFB-B769-4929-87C3-C810EEA036A2}"
EndProject
Project("{2150E333-8FDC-42A3-9474-1A3956D46DE8}") = "Tests", "Tests", "{072768A8-F9C0-422F-92A4-4A02593F4F84}"
EndProject
Project("{2150E333-8FDC-42A3-9474-1A3956D46DE8}") = "Tests", "Tests", "{08014198-5B4D-4B67-80C1-E1195A784768}"
EndProject
Project("{2150E333-8FDC-42A3-9474-1A3956D46DE8}") = "Tests", "Tests", "{BB2778D2-A30A-405C-8002-720BB147EFDC}"
EndProject
Project("{FAE04EC0-301F-11D3-BF4B-00C04F79EFBC}") = "Thriot.Plugins.Core", "Plugins\Thriot.Plugins.Core\Thriot.Plugins.Core.csproj", "{D84F1A4C-1539-416A-A40A-A72AA2A5F360}"
EndProject
Project("{2150E333-8FDC-42A3-9474-1A3956D46DE8}") = "Objects", "Objects", "{6FC08326-9D39-40B4-A595-A4FE4FCC724E}"
EndProject
Project("{FAE04EC0-301F-11D3-BF4B-00C04F79EFBC}") = "Thriot.Objects.Model", "Objects\Thriot.Objects.Model\Thriot.Objects.Model.csproj", "{5A84EBC0-E8A7-4789-972B-B4B46A2834EE}"
EndProject
Project("{FAE04EC0-301F-11D3-BF4B-00C04F79EFBC}") = "Thriot.Objects.Operations.Azure", "Objects\Thriot.Objects.Operations.Azure\Thriot.Objects.Operations.Azure.csproj", "{80EE6482-6D90-4EA0-9FB3-9DC891AFC52E}"
EndProject
Project("{FAE04EC0-301F-11D3-BF4B-00C04F79EFBC}") = "Thriot.Objects.Operations.Sql", "Objects\Thriot.Objects.Operations.Sql\Thriot.Objects.Operations.Sql.csproj", "{D28F31A2-4794-4DF4-95FF-2174C64D733D}"
EndProject
Project("{2150E333-8FDC-42A3-9474-1A3956D46DE8}") = "Tests", "Tests", "{8D24CFFE-D232-4281-BBEF-5B30126A4251}"
EndProject
Project("{2150E333-8FDC-42A3-9474-1A3956D46DE8}") = "Reporting", "Reporting", "{8D701613-E0C6-4C03-938C-988F5628881D}"
EndProject
Project("{FAE04EC0-301F-11D3-BF4B-00C04F79EFBC}") = "Thriot.Reporting.Services", "Reporting\Thriot.Reporting.Services\Thriot.Reporting.Services.csproj", "{020767B5-495D-4E39-A29D-B48EB18AF32F}"
EndProject
Project("{FAE04EC0-301F-11D3-BF4B-00C04F79EFBC}") = "Thriot.Reporting.Tests", "Reporting\Thriot.Reporting.Tests\Thriot.Reporting.Tests.csproj", "{E9D1F537-54A6-42BA-8849-6E446DF9C14C}"
EndProject
Project("{2150E333-8FDC-42A3-9474-1A3956D46DE8}") = "Tests", "Tests", "{722BF598-1BBC-4BE5-8A71-0569993623AA}"
EndProject
Project("{2150E333-8FDC-42A3-9474-1A3956D46DE8}") = "Web", "Web", "{48F5F4BD-FBD0-4FCA-BC51-04025CF979D8}"
EndProject
Project("{FAE04EC0-301F-11D3-BF4B-00C04F79EFBC}") = "Thriot.Objects.Common", "Objects\Thriot.Objects.Common\Thriot.Objects.Common.csproj", "{AD67078E-E373-409E-886F-A0270CE3D555}"
EndProject
Project("{FAE04EC0-301F-11D3-BF4B-00C04F79EFBC}") = "Thriot.Objects.Common.Tests", "Objects\Thriot.Objects.Common.Tests\Thriot.Objects.Common.Tests.csproj", "{1386C55A-AD2E-4101-9176-4E98987F811C}"
EndProject
Project("{FAE04EC0-301F-11D3-BF4B-00C04F79EFBC}") = "Thriot.Framework.Mails", "Framework\Thriot.Framework.Mails\Thriot.Framework.Mails.csproj", "{3C41112F-9499-4B28-ACCA-C1A53E1FEB41}"
EndProject
Project("{2150E333-8FDC-42A3-9474-1A3956D46DE8}") = "Tests", "Tests", "{4FBF854A-9BF1-4BDB-B536-61B976E5EA8F}"
EndProject
Project("{2150E333-8FDC-42A3-9474-1A3956D46DE8}") = "templates", "templates", "{452E7E47-B5FF-4813-B252-2203F712B256}"
	ProjectSection(SolutionItems) = preProject
		Build\templates\nginxlinuxthriothost.no = Build\templates\nginxlinuxthriothost.no
		Build\templates\nginxlinuxthriothost.tls = Build\templates\nginxlinuxthriothost.tls
		Build\templates\run.sh = Build\templates\run.sh
		Build\templates\settings.sql = Build\templates\settings.sql
		Build\templates\telemetryqueue.azure.json = Build\templates\telemetryqueue.azure.json
		Build\templates\telemetryqueue.eventhub.json = Build\templates\telemetryqueue.eventhub.json
		Build\templates\telemetryqueue.pgsql.json = Build\templates\telemetryqueue.pgsql.json
		Build\templates\telemetryqueue.sql.json = Build\templates\telemetryqueue.sql.json
	EndProjectSection
EndProject
Project("{2150E333-8FDC-42A3-9474-1A3956D46DE8}") = "Sql", "Sql", "{5AB8A0EE-21CF-4F09-AFE7-81C43500CF94}"
	ProjectSection(SolutionItems) = preProject
		Messaging\Scripts\Sql\CreateDB.sql = Messaging\Scripts\Sql\CreateDB.sql
		Messaging\Scripts\Sql\DropDB.sql = Messaging\Scripts\Sql\DropDB.sql
	EndProjectSection
EndProject
Project("{2150E333-8FDC-42A3-9474-1A3956D46DE8}") = "PgSql", "PgSql", "{AF4A7C88-59FA-4CBC-894A-47903742E510}"
	ProjectSection(SolutionItems) = preProject
		Messaging\Scripts\PgSql\CreateDB.sql = Messaging\Scripts\PgSql\CreateDB.sql
		Messaging\Scripts\PgSql\DropDB.sql = Messaging\Scripts\PgSql\DropDB.sql
	EndProjectSection
EndProject
Project("{FAE04EC0-301F-11D3-BF4B-00C04F79EFBC}") = "Thriot.Plugins.PgSql", "Plugins\Thriot.Plugins.PgSql\Thriot.Plugins.PgSql.csproj", "{6C1F185C-BBD2-4A90-B565-58F03D46CABE}"
EndProject
Project("{FAE04EC0-301F-11D3-BF4B-00C04F79EFBC}") = "Thriot.Plugins.Tests", "Plugins\Thriot.Plugins.Tests\Thriot.Plugins.Tests.csproj", "{126163CF-5D88-4CE5-A63C-A84760AD948D}"
EndProject
Project("{FAE04EC0-301F-11D3-BF4B-00C04F79EFBC}") = "Thriot.Management.Operations.Tests", "Management\Thriot.Management.Operations.Tests\Thriot.Management.Operations.Tests.csproj", "{1206296C-DA77-428A-853D-7ACD5F99B5E1}"
EndProject
Project("{FAE04EC0-301F-11D3-BF4B-00C04F79EFBC}") = "Thriot.Objects.Operations.Tests", "Objects\Thriot.Objects.Operations.Tests\Thriot.Objects.Operations.Tests.csproj", "{D90B9D2C-1589-4D62-A9E0-60919B9D66D6}"
EndProject
Project("{2150E333-8FDC-42A3-9474-1A3956D46DE8}") = "Solution Items", "Solution Items", "{37C7067D-9CC7-47B0-AD87-A0A8C38B9684}"
	ProjectSection(SolutionItems) = preProject
		global.json = global.json
		NuGet.Config = NuGet.Config
	EndProjectSection
EndProject
Project("{8BB2217D-0F2D-49D1-97BC-3654ED321F3B}") = "Thriot.Web", "Web\Thriot.Web\Thriot.Web.xproj", "{CA5221DE-DFA9-40E6-A9DC-8BA6DF89195F}"
EndProject
Project("{8BB2217D-0F2D-49D1-97BC-3654ED321F3B}") = "Thriot.Management.WebApi", "Management\Thriot.Management.WebApi\Thriot.Management.WebApi.xproj", "{7C736FC4-AA35-4DAA-AA4D-926BC2C3A939}"
EndProject
Project("{8BB2217D-0F2D-49D1-97BC-3654ED321F3B}") = "Thriot.Framework.Mvc", "Framework\Thriot.Framework.Mvc\Thriot.Framework.Mvc.xproj", "{2EBA9A43-EA8F-443C-99C2-44FDACF37585}"
EndProject
Project("{8BB2217D-0F2D-49D1-97BC-3654ED321F3B}") = "Thriot.Messaging.WebApi", "Messaging\Thriot.Messaging.WebApi\Thriot.Messaging.WebApi.xproj", "{5691550C-D317-489A-8FB9-C4E3871F98BD}"
EndProject
Project("{8BB2217D-0F2D-49D1-97BC-3654ED321F3B}") = "Thriot.Platform.WebApi", "Platform\Thriot.Platform.WebApi\Thriot.Platform.WebApi.xproj", "{1D880251-2746-4B2E-AD3F-9FACA8190F96}"
EndProject
Project("{8BB2217D-0F2D-49D1-97BC-3654ED321F3B}") = "Thriot.Reporting.WebApi", "Reporting\Thriot.Reporting.WebApi\Thriot.Reporting.WebApi.xproj", "{21F1A396-DAA5-4043-8DE3-96E6FD3C2BA0}"
EndProject
Project("{FAE04EC0-301F-11D3-BF4B-00C04F79EFBC}") = "Thriot.Messaging.Services.Client", "Messaging\Thriot.Messaging.Services.Client\Thriot.Messaging.Services.Client.csproj", "{961B3B90-6D9C-4F20-B9CB-B5F698A33BA2}"
EndProject
Project("{FAE04EC0-301F-11D3-BF4B-00C04F79EFBC}") = "Thriot.Platform.Services.Client", "Platform\Thriot.Platform.Services.Client\Thriot.Platform.Services.Client.csproj", "{58F2F85E-92ED-4DDF-BEB7-43E860B860C1}"
EndProject
Project("{FAE04EC0-301F-11D3-BF4B-00C04F79EFBC}") = "Thriot.Platform.TelemetryQueueService", "Platform\Thriot.Platform.TelemetryQueueService\Thriot.Platform.TelemetryQueueService.csproj", "{C31751AB-C2F0-41AD-B92D-296538FFEF42}"
EndProject
Project("{2150E333-8FDC-42A3-9474-1A3956D46DE8}") = "Scripts", "Scripts", "{A8C271CF-663A-492A-B734-5E715E7E1B83}"
EndProject
Project("{2150E333-8FDC-42A3-9474-1A3956D46DE8}") = "Sql", "Sql", "{F46D1329-7B7B-4AE3-A876-553C48E346C4}"
	ProjectSection(SolutionItems) = preProject
		Platform\Scripts\Sql\CreateTelemetryQueue.sql = Platform\Scripts\Sql\CreateTelemetryQueue.sql
		Platform\Scripts\Sql\DropTelemetryQueue.sql = Platform\Scripts\Sql\DropTelemetryQueue.sql
	EndProjectSection
EndProject
Project("{2150E333-8FDC-42A3-9474-1A3956D46DE8}") = "PgSql", "PgSql", "{86052A9D-88C1-4D64-9F14-547A6D8C8E5E}"
	ProjectSection(SolutionItems) = preProject
		Platform\Scripts\PgSql\CreateTelemetryQueue.sql = Platform\Scripts\PgSql\CreateTelemetryQueue.sql
		Platform\Scripts\PgSql\DropTelemetryQueue.sql = Platform\Scripts\PgSql\DropTelemetryQueue.sql
	EndProjectSection
EndProject
Project("{FAE04EC0-301F-11D3-BF4B-00C04F79EFBC}") = "Thriot.Plugins.Cassandra", "Plugins\Thriot.Plugins.Cassandra\Thriot.Plugins.Cassandra.csproj", "{851BBF3D-4C8A-4336-A5A3-47789FA3CA0A}"
EndProject
Project("{FAE04EC0-301F-11D3-BF4B-00C04F79EFBC}") = "EntityFramework7.Npgsql", "Misc\EntityFramework7.Npgsql\EntityFramework7.Npgsql.csproj", "{FADDA2D1-03B4-4DEF-8D24-DD1CA4E81F4A}"
EndProject
Project("{FAE04EC0-301F-11D3-BF4B-00C04F79EFBC}") = "Npgsql", "Misc\Npgsql\Npgsql.csproj", "{9D13B739-62B1-4190-B386-7A9547304EB3}"
EndProject
Project("{2150E333-8FDC-42A3-9474-1A3956D46DE8}") = "configs", "configs", "{24C1A3DE-B38A-4400-BFCB-75982DFBB161}"
	ProjectSection(SolutionItems) = preProject
		Build\configs\template.config = Build\configs\template.config
	EndProjectSection
EndProject
Project("{2150E333-8FDC-42A3-9474-1A3956D46DE8}") = "local", "local", "{E7784F2D-FF65-4567-AB14-856F95799B5A}"
	ProjectSection(SolutionItems) = preProject
		Build\configs\local\azure.config = Build\configs\local\azure.config
		Build\configs\local\azureexpress.config = Build\configs\local\azureexpress.config
		Build\configs\local\azureweventhub.config = Build\configs\local\azureweventhub.config
		Build\configs\local\azurewqueue.config = Build\configs\local\azurewqueue.config
		Build\configs\local\pgsql.config = Build\configs\local\pgsql.config
		Build\configs\local\pgsqlcassandratelemetry.config = Build\configs\local\pgsqlcassandratelemetry.config
		Build\configs\local\pgsqllinux.config = Build\configs\local\pgsqllinux.config
		Build\configs\local\pgsqllinuxtls.config = Build\configs\local\pgsqllinuxtls.config
		Build\configs\local\pgsqlwqueue.config = Build\configs\local\pgsqlwqueue.config
		Build\configs\local\sql.config = Build\configs\local\sql.config
		Build\configs\local\sqltls.config = Build\configs\local\sqltls.config
		Build\configs\local\sqlwqueue.config = Build\configs\local\sqlwqueue.config
	EndProjectSection
EndProject
Project("{2150E333-8FDC-42A3-9474-1A3956D46DE8}") = "prod", "prod", "{2EBA9592-A85D-4DF6-AE42-189076DB81CD}"
	ProjectSection(SolutionItems) = preProject
		Build\configs\prod\azure.config = Build\configs\prod\azure.config
		Build\configs\prod\pgsql.config = Build\configs\prod\pgsql.config
		Build\configs\prod\sql.config = Build\configs\prod\sql.config
	EndProjectSection
EndProject
Global
	GlobalSection(SolutionConfigurationPlatforms) = preSolution
		Debug|Any CPU = Debug|Any CPU
		Release|Any CPU = Release|Any CPU
	EndGlobalSection
	GlobalSection(ProjectConfigurationPlatforms) = postSolution
		{91DB3326-0850-4A22-BFCF-215EC2BEBAC5}.Debug|Any CPU.ActiveCfg = Debug|Any CPU
		{91DB3326-0850-4A22-BFCF-215EC2BEBAC5}.Debug|Any CPU.Build.0 = Debug|Any CPU
		{91DB3326-0850-4A22-BFCF-215EC2BEBAC5}.Release|Any CPU.ActiveCfg = Release|Any CPU
		{91DB3326-0850-4A22-BFCF-215EC2BEBAC5}.Release|Any CPU.Build.0 = Release|Any CPU
		{74101052-2463-4AAA-BEC2-76F239D9B77C}.Debug|Any CPU.ActiveCfg = Debug|Any CPU
		{74101052-2463-4AAA-BEC2-76F239D9B77C}.Debug|Any CPU.Build.0 = Debug|Any CPU
		{74101052-2463-4AAA-BEC2-76F239D9B77C}.Release|Any CPU.ActiveCfg = Release|Any CPU
		{74101052-2463-4AAA-BEC2-76F239D9B77C}.Release|Any CPU.Build.0 = Release|Any CPU
		{8F302E92-6188-4487-A34A-CE5C0868C2A8}.Debug|Any CPU.ActiveCfg = Debug|Any CPU
		{8F302E92-6188-4487-A34A-CE5C0868C2A8}.Debug|Any CPU.Build.0 = Debug|Any CPU
		{8F302E92-6188-4487-A34A-CE5C0868C2A8}.Release|Any CPU.ActiveCfg = Release|Any CPU
		{8F302E92-6188-4487-A34A-CE5C0868C2A8}.Release|Any CPU.Build.0 = Release|Any CPU
		{F955E692-FD87-4964-9DC3-B3269B1CB92D}.Debug|Any CPU.ActiveCfg = Debug|Any CPU
		{F955E692-FD87-4964-9DC3-B3269B1CB92D}.Debug|Any CPU.Build.0 = Debug|Any CPU
		{F955E692-FD87-4964-9DC3-B3269B1CB92D}.Release|Any CPU.ActiveCfg = Release|Any CPU
		{F955E692-FD87-4964-9DC3-B3269B1CB92D}.Release|Any CPU.Build.0 = Release|Any CPU
		{72721CBB-098D-499B-B037-1CCEACBC4524}.Debug|Any CPU.ActiveCfg = Debug|Any CPU
		{72721CBB-098D-499B-B037-1CCEACBC4524}.Debug|Any CPU.Build.0 = Debug|Any CPU
		{72721CBB-098D-499B-B037-1CCEACBC4524}.Release|Any CPU.ActiveCfg = Release|Any CPU
		{72721CBB-098D-499B-B037-1CCEACBC4524}.Release|Any CPU.Build.0 = Release|Any CPU
		{CBCBB6A3-0097-46ED-A49C-EF9A6DA87B63}.Debug|Any CPU.ActiveCfg = Debug|Any CPU
		{CBCBB6A3-0097-46ED-A49C-EF9A6DA87B63}.Debug|Any CPU.Build.0 = Debug|Any CPU
		{CBCBB6A3-0097-46ED-A49C-EF9A6DA87B63}.Release|Any CPU.ActiveCfg = Release|Any CPU
		{CBCBB6A3-0097-46ED-A49C-EF9A6DA87B63}.Release|Any CPU.Build.0 = Release|Any CPU
		{7729478D-EC79-41E3-918E-E25C367FD3BB}.Debug|Any CPU.ActiveCfg = Debug|Any CPU
		{7729478D-EC79-41E3-918E-E25C367FD3BB}.Debug|Any CPU.Build.0 = Debug|Any CPU
		{7729478D-EC79-41E3-918E-E25C367FD3BB}.Release|Any CPU.ActiveCfg = Release|Any CPU
		{7729478D-EC79-41E3-918E-E25C367FD3BB}.Release|Any CPU.Build.0 = Release|Any CPU
		{F554A376-529D-4FA6-9E4F-AFBE87C32861}.Debug|Any CPU.ActiveCfg = Debug|Any CPU
		{F554A376-529D-4FA6-9E4F-AFBE87C32861}.Debug|Any CPU.Build.0 = Debug|Any CPU
		{F554A376-529D-4FA6-9E4F-AFBE87C32861}.Release|Any CPU.ActiveCfg = Release|Any CPU
		{F554A376-529D-4FA6-9E4F-AFBE87C32861}.Release|Any CPU.Build.0 = Release|Any CPU
		{2A0959ED-854C-43A6-B8E5-A8818CBB35CE}.Debug|Any CPU.ActiveCfg = Debug|Any CPU
		{2A0959ED-854C-43A6-B8E5-A8818CBB35CE}.Debug|Any CPU.Build.0 = Debug|Any CPU
		{2A0959ED-854C-43A6-B8E5-A8818CBB35CE}.Release|Any CPU.ActiveCfg = Release|Any CPU
		{2A0959ED-854C-43A6-B8E5-A8818CBB35CE}.Release|Any CPU.Build.0 = Release|Any CPU
		{899D0061-6F5A-4089-9727-E8FCA58ABB1E}.Debug|Any CPU.ActiveCfg = Debug|Any CPU
		{899D0061-6F5A-4089-9727-E8FCA58ABB1E}.Debug|Any CPU.Build.0 = Debug|Any CPU
		{899D0061-6F5A-4089-9727-E8FCA58ABB1E}.Release|Any CPU.ActiveCfg = Release|Any CPU
		{899D0061-6F5A-4089-9727-E8FCA58ABB1E}.Release|Any CPU.Build.0 = Release|Any CPU
		{D078663B-F5D5-4B06-8D59-73B31EFEF375}.Debug|Any CPU.ActiveCfg = Debug|Any CPU
		{D078663B-F5D5-4B06-8D59-73B31EFEF375}.Debug|Any CPU.Build.0 = Debug|Any CPU
		{D078663B-F5D5-4B06-8D59-73B31EFEF375}.Release|Any CPU.ActiveCfg = Release|Any CPU
		{D078663B-F5D5-4B06-8D59-73B31EFEF375}.Release|Any CPU.Build.0 = Release|Any CPU
		{B5F4AFF8-5386-4CC9-9E0D-F53958E5522A}.Debug|Any CPU.ActiveCfg = Debug|Any CPU
		{B5F4AFF8-5386-4CC9-9E0D-F53958E5522A}.Debug|Any CPU.Build.0 = Debug|Any CPU
		{B5F4AFF8-5386-4CC9-9E0D-F53958E5522A}.Release|Any CPU.ActiveCfg = Release|Any CPU
		{B5F4AFF8-5386-4CC9-9E0D-F53958E5522A}.Release|Any CPU.Build.0 = Release|Any CPU
		{8AD145BA-1606-46C1-A72B-3C202265AE26}.Debug|Any CPU.ActiveCfg = Debug|Any CPU
		{8AD145BA-1606-46C1-A72B-3C202265AE26}.Debug|Any CPU.Build.0 = Debug|Any CPU
		{8AD145BA-1606-46C1-A72B-3C202265AE26}.Release|Any CPU.ActiveCfg = Release|Any CPU
		{8AD145BA-1606-46C1-A72B-3C202265AE26}.Release|Any CPU.Build.0 = Release|Any CPU
		{3AE0CD09-FF02-4CE9-9EF9-2C2A510DA3FD}.Debug|Any CPU.ActiveCfg = Debug|Any CPU
		{3AE0CD09-FF02-4CE9-9EF9-2C2A510DA3FD}.Debug|Any CPU.Build.0 = Debug|Any CPU
		{3AE0CD09-FF02-4CE9-9EF9-2C2A510DA3FD}.Release|Any CPU.ActiveCfg = Release|Any CPU
		{3AE0CD09-FF02-4CE9-9EF9-2C2A510DA3FD}.Release|Any CPU.Build.0 = Release|Any CPU
		{7894BBE9-AE81-4F95-AD81-BA2B0431698C}.Debug|Any CPU.ActiveCfg = Debug|Any CPU
		{7894BBE9-AE81-4F95-AD81-BA2B0431698C}.Debug|Any CPU.Build.0 = Debug|Any CPU
		{7894BBE9-AE81-4F95-AD81-BA2B0431698C}.Release|Any CPU.ActiveCfg = Release|Any CPU
		{7894BBE9-AE81-4F95-AD81-BA2B0431698C}.Release|Any CPU.Build.0 = Release|Any CPU
		{53B16969-6EB6-4D8F-9EB6-716E559E2BB2}.Debug|Any CPU.ActiveCfg = Debug|Any CPU
		{53B16969-6EB6-4D8F-9EB6-716E559E2BB2}.Debug|Any CPU.Build.0 = Debug|Any CPU
		{53B16969-6EB6-4D8F-9EB6-716E559E2BB2}.Release|Any CPU.ActiveCfg = Release|Any CPU
		{53B16969-6EB6-4D8F-9EB6-716E559E2BB2}.Release|Any CPU.Build.0 = Release|Any CPU
		{BBDDF8C6-196F-4B25-906E-108B59E4A837}.Debug|Any CPU.ActiveCfg = Debug|Any CPU
		{BBDDF8C6-196F-4B25-906E-108B59E4A837}.Debug|Any CPU.Build.0 = Debug|Any CPU
		{BBDDF8C6-196F-4B25-906E-108B59E4A837}.Release|Any CPU.ActiveCfg = Release|Any CPU
		{BBDDF8C6-196F-4B25-906E-108B59E4A837}.Release|Any CPU.Build.0 = Release|Any CPU
		{AB320464-7159-4AA8-8116-1A7169FBF79C}.Debug|Any CPU.ActiveCfg = Debug|Any CPU
		{AB320464-7159-4AA8-8116-1A7169FBF79C}.Debug|Any CPU.Build.0 = Debug|Any CPU
		{AB320464-7159-4AA8-8116-1A7169FBF79C}.Release|Any CPU.ActiveCfg = Release|Any CPU
		{AB320464-7159-4AA8-8116-1A7169FBF79C}.Release|Any CPU.Build.0 = Release|Any CPU
		{6C337D0B-BFB0-417B-8E11-57B917F4BF81}.Debug|Any CPU.ActiveCfg = Debug|Any CPU
		{6C337D0B-BFB0-417B-8E11-57B917F4BF81}.Debug|Any CPU.Build.0 = Debug|Any CPU
		{6C337D0B-BFB0-417B-8E11-57B917F4BF81}.Release|Any CPU.ActiveCfg = Release|Any CPU
		{6C337D0B-BFB0-417B-8E11-57B917F4BF81}.Release|Any CPU.Build.0 = Release|Any CPU
		{1099F633-4AC5-4BF9-A368-3B1840164FA0}.Debug|Any CPU.ActiveCfg = Debug|Any CPU
		{1099F633-4AC5-4BF9-A368-3B1840164FA0}.Debug|Any CPU.Build.0 = Debug|Any CPU
		{1099F633-4AC5-4BF9-A368-3B1840164FA0}.Release|Any CPU.ActiveCfg = Release|Any CPU
		{1099F633-4AC5-4BF9-A368-3B1840164FA0}.Release|Any CPU.Build.0 = Release|Any CPU
		{7F6016B1-F2ED-41FE-993A-3C1B3A0B3E98}.Debug|Any CPU.ActiveCfg = Debug|Any CPU
		{7F6016B1-F2ED-41FE-993A-3C1B3A0B3E98}.Debug|Any CPU.Build.0 = Debug|Any CPU
		{7F6016B1-F2ED-41FE-993A-3C1B3A0B3E98}.Release|Any CPU.ActiveCfg = Release|Any CPU
		{7F6016B1-F2ED-41FE-993A-3C1B3A0B3E98}.Release|Any CPU.Build.0 = Release|Any CPU
		{3CFC1F80-92F1-40F0-A654-0FE940A48F02}.Debug|Any CPU.ActiveCfg = Debug|Any CPU
		{3CFC1F80-92F1-40F0-A654-0FE940A48F02}.Debug|Any CPU.Build.0 = Debug|Any CPU
		{3CFC1F80-92F1-40F0-A654-0FE940A48F02}.Release|Any CPU.ActiveCfg = Release|Any CPU
		{3CFC1F80-92F1-40F0-A654-0FE940A48F02}.Release|Any CPU.Build.0 = Release|Any CPU
		{C475C1B5-8F18-47AA-A248-34339BA82240}.Debug|Any CPU.ActiveCfg = Debug|Any CPU
		{C475C1B5-8F18-47AA-A248-34339BA82240}.Debug|Any CPU.Build.0 = Debug|Any CPU
		{C475C1B5-8F18-47AA-A248-34339BA82240}.Release|Any CPU.ActiveCfg = Release|Any CPU
		{C475C1B5-8F18-47AA-A248-34339BA82240}.Release|Any CPU.Build.0 = Release|Any CPU
		{65436FF0-E291-429C-8FB3-D914C1FFAAA6}.Debug|Any CPU.ActiveCfg = Debug|Any CPU
		{65436FF0-E291-429C-8FB3-D914C1FFAAA6}.Debug|Any CPU.Build.0 = Debug|Any CPU
		{65436FF0-E291-429C-8FB3-D914C1FFAAA6}.Release|Any CPU.ActiveCfg = Release|Any CPU
		{65436FF0-E291-429C-8FB3-D914C1FFAAA6}.Release|Any CPU.Build.0 = Release|Any CPU
		{FE9571D9-2B37-4E4C-A838-955A3CA5235F}.Debug|Any CPU.ActiveCfg = Debug|Any CPU
		{FE9571D9-2B37-4E4C-A838-955A3CA5235F}.Debug|Any CPU.Build.0 = Debug|Any CPU
		{FE9571D9-2B37-4E4C-A838-955A3CA5235F}.Release|Any CPU.ActiveCfg = Release|Any CPU
		{FE9571D9-2B37-4E4C-A838-955A3CA5235F}.Release|Any CPU.Build.0 = Release|Any CPU
		{D84F1A4C-1539-416A-A40A-A72AA2A5F360}.Debug|Any CPU.ActiveCfg = Debug|Any CPU
		{D84F1A4C-1539-416A-A40A-A72AA2A5F360}.Debug|Any CPU.Build.0 = Debug|Any CPU
		{D84F1A4C-1539-416A-A40A-A72AA2A5F360}.Release|Any CPU.ActiveCfg = Release|Any CPU
		{D84F1A4C-1539-416A-A40A-A72AA2A5F360}.Release|Any CPU.Build.0 = Release|Any CPU
		{5A84EBC0-E8A7-4789-972B-B4B46A2834EE}.Debug|Any CPU.ActiveCfg = Debug|Any CPU
		{5A84EBC0-E8A7-4789-972B-B4B46A2834EE}.Debug|Any CPU.Build.0 = Debug|Any CPU
		{5A84EBC0-E8A7-4789-972B-B4B46A2834EE}.Release|Any CPU.ActiveCfg = Release|Any CPU
		{5A84EBC0-E8A7-4789-972B-B4B46A2834EE}.Release|Any CPU.Build.0 = Release|Any CPU
		{80EE6482-6D90-4EA0-9FB3-9DC891AFC52E}.Debug|Any CPU.ActiveCfg = Debug|Any CPU
		{80EE6482-6D90-4EA0-9FB3-9DC891AFC52E}.Debug|Any CPU.Build.0 = Debug|Any CPU
		{80EE6482-6D90-4EA0-9FB3-9DC891AFC52E}.Release|Any CPU.ActiveCfg = Release|Any CPU
		{80EE6482-6D90-4EA0-9FB3-9DC891AFC52E}.Release|Any CPU.Build.0 = Release|Any CPU
		{D28F31A2-4794-4DF4-95FF-2174C64D733D}.Debug|Any CPU.ActiveCfg = Debug|Any CPU
		{D28F31A2-4794-4DF4-95FF-2174C64D733D}.Debug|Any CPU.Build.0 = Debug|Any CPU
		{D28F31A2-4794-4DF4-95FF-2174C64D733D}.Release|Any CPU.ActiveCfg = Release|Any CPU
		{D28F31A2-4794-4DF4-95FF-2174C64D733D}.Release|Any CPU.Build.0 = Release|Any CPU
		{020767B5-495D-4E39-A29D-B48EB18AF32F}.Debug|Any CPU.ActiveCfg = Debug|Any CPU
		{020767B5-495D-4E39-A29D-B48EB18AF32F}.Debug|Any CPU.Build.0 = Debug|Any CPU
		{020767B5-495D-4E39-A29D-B48EB18AF32F}.Release|Any CPU.ActiveCfg = Release|Any CPU
		{020767B5-495D-4E39-A29D-B48EB18AF32F}.Release|Any CPU.Build.0 = Release|Any CPU
		{E9D1F537-54A6-42BA-8849-6E446DF9C14C}.Debug|Any CPU.ActiveCfg = Debug|Any CPU
		{E9D1F537-54A6-42BA-8849-6E446DF9C14C}.Debug|Any CPU.Build.0 = Debug|Any CPU
		{E9D1F537-54A6-42BA-8849-6E446DF9C14C}.Release|Any CPU.ActiveCfg = Release|Any CPU
		{E9D1F537-54A6-42BA-8849-6E446DF9C14C}.Release|Any CPU.Build.0 = Release|Any CPU
		{AD67078E-E373-409E-886F-A0270CE3D555}.Debug|Any CPU.ActiveCfg = Debug|Any CPU
		{AD67078E-E373-409E-886F-A0270CE3D555}.Debug|Any CPU.Build.0 = Debug|Any CPU
		{AD67078E-E373-409E-886F-A0270CE3D555}.Release|Any CPU.ActiveCfg = Release|Any CPU
		{AD67078E-E373-409E-886F-A0270CE3D555}.Release|Any CPU.Build.0 = Release|Any CPU
		{1386C55A-AD2E-4101-9176-4E98987F811C}.Debug|Any CPU.ActiveCfg = Debug|Any CPU
		{1386C55A-AD2E-4101-9176-4E98987F811C}.Debug|Any CPU.Build.0 = Debug|Any CPU
		{1386C55A-AD2E-4101-9176-4E98987F811C}.Release|Any CPU.ActiveCfg = Release|Any CPU
		{1386C55A-AD2E-4101-9176-4E98987F811C}.Release|Any CPU.Build.0 = Release|Any CPU
		{3C41112F-9499-4B28-ACCA-C1A53E1FEB41}.Debug|Any CPU.ActiveCfg = Debug|Any CPU
		{3C41112F-9499-4B28-ACCA-C1A53E1FEB41}.Debug|Any CPU.Build.0 = Debug|Any CPU
		{3C41112F-9499-4B28-ACCA-C1A53E1FEB41}.Release|Any CPU.ActiveCfg = Release|Any CPU
		{3C41112F-9499-4B28-ACCA-C1A53E1FEB41}.Release|Any CPU.Build.0 = Release|Any CPU
		{6C1F185C-BBD2-4A90-B565-58F03D46CABE}.Debug|Any CPU.ActiveCfg = Debug|Any CPU
		{6C1F185C-BBD2-4A90-B565-58F03D46CABE}.Debug|Any CPU.Build.0 = Debug|Any CPU
		{6C1F185C-BBD2-4A90-B565-58F03D46CABE}.Release|Any CPU.ActiveCfg = Release|Any CPU
		{6C1F185C-BBD2-4A90-B565-58F03D46CABE}.Release|Any CPU.Build.0 = Release|Any CPU
		{126163CF-5D88-4CE5-A63C-A84760AD948D}.Debug|Any CPU.ActiveCfg = Debug|Any CPU
		{126163CF-5D88-4CE5-A63C-A84760AD948D}.Debug|Any CPU.Build.0 = Debug|Any CPU
		{126163CF-5D88-4CE5-A63C-A84760AD948D}.Release|Any CPU.ActiveCfg = Release|Any CPU
		{126163CF-5D88-4CE5-A63C-A84760AD948D}.Release|Any CPU.Build.0 = Release|Any CPU
		{1206296C-DA77-428A-853D-7ACD5F99B5E1}.Debug|Any CPU.ActiveCfg = Debug|Any CPU
		{1206296C-DA77-428A-853D-7ACD5F99B5E1}.Debug|Any CPU.Build.0 = Debug|Any CPU
		{1206296C-DA77-428A-853D-7ACD5F99B5E1}.Release|Any CPU.ActiveCfg = Release|Any CPU
		{1206296C-DA77-428A-853D-7ACD5F99B5E1}.Release|Any CPU.Build.0 = Release|Any CPU
		{D90B9D2C-1589-4D62-A9E0-60919B9D66D6}.Debug|Any CPU.ActiveCfg = Debug|Any CPU
		{D90B9D2C-1589-4D62-A9E0-60919B9D66D6}.Debug|Any CPU.Build.0 = Debug|Any CPU
		{D90B9D2C-1589-4D62-A9E0-60919B9D66D6}.Release|Any CPU.ActiveCfg = Release|Any CPU
		{D90B9D2C-1589-4D62-A9E0-60919B9D66D6}.Release|Any CPU.Build.0 = Release|Any CPU
		{CA5221DE-DFA9-40E6-A9DC-8BA6DF89195F}.Debug|Any CPU.ActiveCfg = Debug|Any CPU
		{CA5221DE-DFA9-40E6-A9DC-8BA6DF89195F}.Debug|Any CPU.Build.0 = Debug|Any CPU
		{CA5221DE-DFA9-40E6-A9DC-8BA6DF89195F}.Release|Any CPU.ActiveCfg = Release|Any CPU
		{CA5221DE-DFA9-40E6-A9DC-8BA6DF89195F}.Release|Any CPU.Build.0 = Release|Any CPU
		{7C736FC4-AA35-4DAA-AA4D-926BC2C3A939}.Debug|Any CPU.ActiveCfg = Debug|Any CPU
		{7C736FC4-AA35-4DAA-AA4D-926BC2C3A939}.Debug|Any CPU.Build.0 = Debug|Any CPU
		{7C736FC4-AA35-4DAA-AA4D-926BC2C3A939}.Release|Any CPU.ActiveCfg = Release|Any CPU
		{7C736FC4-AA35-4DAA-AA4D-926BC2C3A939}.Release|Any CPU.Build.0 = Release|Any CPU
		{2EBA9A43-EA8F-443C-99C2-44FDACF37585}.Debug|Any CPU.ActiveCfg = Debug|Any CPU
		{2EBA9A43-EA8F-443C-99C2-44FDACF37585}.Debug|Any CPU.Build.0 = Debug|Any CPU
		{2EBA9A43-EA8F-443C-99C2-44FDACF37585}.Release|Any CPU.ActiveCfg = Release|Any CPU
		{2EBA9A43-EA8F-443C-99C2-44FDACF37585}.Release|Any CPU.Build.0 = Release|Any CPU
		{5691550C-D317-489A-8FB9-C4E3871F98BD}.Debug|Any CPU.ActiveCfg = Debug|Any CPU
		{5691550C-D317-489A-8FB9-C4E3871F98BD}.Debug|Any CPU.Build.0 = Debug|Any CPU
		{5691550C-D317-489A-8FB9-C4E3871F98BD}.Release|Any CPU.ActiveCfg = Release|Any CPU
		{5691550C-D317-489A-8FB9-C4E3871F98BD}.Release|Any CPU.Build.0 = Release|Any CPU
		{1D880251-2746-4B2E-AD3F-9FACA8190F96}.Debug|Any CPU.ActiveCfg = Debug|Any CPU
		{1D880251-2746-4B2E-AD3F-9FACA8190F96}.Debug|Any CPU.Build.0 = Debug|Any CPU
		{1D880251-2746-4B2E-AD3F-9FACA8190F96}.Release|Any CPU.ActiveCfg = Release|Any CPU
		{1D880251-2746-4B2E-AD3F-9FACA8190F96}.Release|Any CPU.Build.0 = Release|Any CPU
		{21F1A396-DAA5-4043-8DE3-96E6FD3C2BA0}.Debug|Any CPU.ActiveCfg = Debug|Any CPU
		{21F1A396-DAA5-4043-8DE3-96E6FD3C2BA0}.Debug|Any CPU.Build.0 = Debug|Any CPU
		{21F1A396-DAA5-4043-8DE3-96E6FD3C2BA0}.Release|Any CPU.ActiveCfg = Release|Any CPU
		{21F1A396-DAA5-4043-8DE3-96E6FD3C2BA0}.Release|Any CPU.Build.0 = Release|Any CPU
		{961B3B90-6D9C-4F20-B9CB-B5F698A33BA2}.Debug|Any CPU.ActiveCfg = Debug|Any CPU
		{961B3B90-6D9C-4F20-B9CB-B5F698A33BA2}.Debug|Any CPU.Build.0 = Debug|Any CPU
		{961B3B90-6D9C-4F20-B9CB-B5F698A33BA2}.Release|Any CPU.ActiveCfg = Release|Any CPU
		{961B3B90-6D9C-4F20-B9CB-B5F698A33BA2}.Release|Any CPU.Build.0 = Release|Any CPU
		{58F2F85E-92ED-4DDF-BEB7-43E860B860C1}.Debug|Any CPU.ActiveCfg = Debug|Any CPU
		{58F2F85E-92ED-4DDF-BEB7-43E860B860C1}.Debug|Any CPU.Build.0 = Debug|Any CPU
		{58F2F85E-92ED-4DDF-BEB7-43E860B860C1}.Release|Any CPU.ActiveCfg = Release|Any CPU
		{58F2F85E-92ED-4DDF-BEB7-43E860B860C1}.Release|Any CPU.Build.0 = Release|Any CPU
		{C31751AB-C2F0-41AD-B92D-296538FFEF42}.Debug|Any CPU.ActiveCfg = Debug|Any CPU
		{C31751AB-C2F0-41AD-B92D-296538FFEF42}.Debug|Any CPU.Build.0 = Debug|Any CPU
		{C31751AB-C2F0-41AD-B92D-296538FFEF42}.Release|Any CPU.ActiveCfg = Release|Any CPU
		{C31751AB-C2F0-41AD-B92D-296538FFEF42}.Release|Any CPU.Build.0 = Release|Any CPU
		{851BBF3D-4C8A-4336-A5A3-47789FA3CA0A}.Debug|Any CPU.ActiveCfg = Debug|Any CPU
		{851BBF3D-4C8A-4336-A5A3-47789FA3CA0A}.Debug|Any CPU.Build.0 = Debug|Any CPU
		{851BBF3D-4C8A-4336-A5A3-47789FA3CA0A}.Release|Any CPU.ActiveCfg = Release|Any CPU
		{851BBF3D-4C8A-4336-A5A3-47789FA3CA0A}.Release|Any CPU.Build.0 = Release|Any CPU
		{FADDA2D1-03B4-4DEF-8D24-DD1CA4E81F4A}.Debug|Any CPU.ActiveCfg = Debug|Any CPU
		{FADDA2D1-03B4-4DEF-8D24-DD1CA4E81F4A}.Debug|Any CPU.Build.0 = Debug|Any CPU
		{FADDA2D1-03B4-4DEF-8D24-DD1CA4E81F4A}.Release|Any CPU.ActiveCfg = Release|Any CPU
		{FADDA2D1-03B4-4DEF-8D24-DD1CA4E81F4A}.Release|Any CPU.Build.0 = Release|Any CPU
		{9D13B739-62B1-4190-B386-7A9547304EB3}.Debug|Any CPU.ActiveCfg = Debug|Any CPU
		{9D13B739-62B1-4190-B386-7A9547304EB3}.Debug|Any CPU.Build.0 = Debug|Any CPU
		{9D13B739-62B1-4190-B386-7A9547304EB3}.Release|Any CPU.ActiveCfg = Release|Any CPU
		{9D13B739-62B1-4190-B386-7A9547304EB3}.Release|Any CPU.Build.0 = Release|Any CPU
	EndGlobalSection
	GlobalSection(SolutionProperties) = preSolution
		HideSolutionNode = FALSE
	EndGlobalSection
	GlobalSection(NestedProjects) = preSolution
		{91DB3326-0850-4A22-BFCF-215EC2BEBAC5} = {9410464C-9293-45AF-8D3B-B991B5E01A38}
		{74101052-2463-4AAA-BEC2-76F239D9B77C} = {9410464C-9293-45AF-8D3B-B991B5E01A38}
		{8F302E92-6188-4487-A34A-CE5C0868C2A8} = {C0395CFB-B769-4929-87C3-C810EEA036A2}
		{F955E692-FD87-4964-9DC3-B3269B1CB92D} = {9410464C-9293-45AF-8D3B-B991B5E01A38}
		{72721CBB-098D-499B-B037-1CCEACBC4524} = {2EB474CC-AE21-4682-81CD-E66559763344}
		{CBCBB6A3-0097-46ED-A49C-EF9A6DA87B63} = {2EB474CC-AE21-4682-81CD-E66559763344}
		{7729478D-EC79-41E3-918E-E25C367FD3BB} = {4FBF854A-9BF1-4BDB-B536-61B976E5EA8F}
		{F554A376-529D-4FA6-9E4F-AFBE87C32861} = {A7461ACE-ABB7-4359-BAEC-3494430B7A63}
		{2A0959ED-854C-43A6-B8E5-A8818CBB35CE} = {1BB195CE-8252-4DDE-83B9-74ACCA99087D}
		{899D0061-6F5A-4089-9727-E8FCA58ABB1E} = {A7461ACE-ABB7-4359-BAEC-3494430B7A63}
		{D078663B-F5D5-4B06-8D59-73B31EFEF375} = {1BB195CE-8252-4DDE-83B9-74ACCA99087D}
		{B5F4AFF8-5386-4CC9-9E0D-F53958E5522A} = {9410464C-9293-45AF-8D3B-B991B5E01A38}
		{8AD145BA-1606-46C1-A72B-3C202265AE26} = {2EB474CC-AE21-4682-81CD-E66559763344}
		{3AE0CD09-FF02-4CE9-9EF9-2C2A510DA3FD} = {A7461ACE-ABB7-4359-BAEC-3494430B7A63}
		{7894BBE9-AE81-4F95-AD81-BA2B0431698C} = {2205AEEA-ABE7-43AC-A1BD-93AC8A84469F}
		{53B16969-6EB6-4D8F-9EB6-716E559E2BB2} = {072768A8-F9C0-422F-92A4-4A02593F4F84}
		{450A4620-4290-4B07-846A-7D33FF53B5FD} = {2205AEEA-ABE7-43AC-A1BD-93AC8A84469F}
		{BBDDF8C6-196F-4B25-906E-108B59E4A837} = {072768A8-F9C0-422F-92A4-4A02593F4F84}
		{AB320464-7159-4AA8-8116-1A7169FBF79C} = {1BB195CE-8252-4DDE-83B9-74ACCA99087D}
		{6C337D0B-BFB0-417B-8E11-57B917F4BF81} = {1BB195CE-8252-4DDE-83B9-74ACCA99087D}
		{1099F633-4AC5-4BF9-A368-3B1840164FA0} = {1BB195CE-8252-4DDE-83B9-74ACCA99087D}
		{7F6016B1-F2ED-41FE-993A-3C1B3A0B3E98} = {08014198-5B4D-4B67-80C1-E1195A784768}
		{3CFC1F80-92F1-40F0-A654-0FE940A48F02} = {08014198-5B4D-4B67-80C1-E1195A784768}
		{C475C1B5-8F18-47AA-A248-34339BA82240} = {08014198-5B4D-4B67-80C1-E1195A784768}
		{65436FF0-E291-429C-8FB3-D914C1FFAAA6} = {F0375912-0C84-400B-9BF0-917162B331E1}
		{FE9571D9-2B37-4E4C-A838-955A3CA5235F} = {F0375912-0C84-400B-9BF0-917162B331E1}
		{C0395CFB-B769-4929-87C3-C810EEA036A2} = {9410464C-9293-45AF-8D3B-B991B5E01A38}
		{072768A8-F9C0-422F-92A4-4A02593F4F84} = {2205AEEA-ABE7-43AC-A1BD-93AC8A84469F}
		{08014198-5B4D-4B67-80C1-E1195A784768} = {1BB195CE-8252-4DDE-83B9-74ACCA99087D}
		{BB2778D2-A30A-405C-8002-720BB147EFDC} = {F0375912-0C84-400B-9BF0-917162B331E1}
		{D84F1A4C-1539-416A-A40A-A72AA2A5F360} = {F0375912-0C84-400B-9BF0-917162B331E1}
		{5A84EBC0-E8A7-4789-972B-B4B46A2834EE} = {6FC08326-9D39-40B4-A595-A4FE4FCC724E}
		{80EE6482-6D90-4EA0-9FB3-9DC891AFC52E} = {6FC08326-9D39-40B4-A595-A4FE4FCC724E}
		{D28F31A2-4794-4DF4-95FF-2174C64D733D} = {6FC08326-9D39-40B4-A595-A4FE4FCC724E}
		{8D24CFFE-D232-4281-BBEF-5B30126A4251} = {6FC08326-9D39-40B4-A595-A4FE4FCC724E}
		{020767B5-495D-4E39-A29D-B48EB18AF32F} = {8D701613-E0C6-4C03-938C-988F5628881D}
		{E9D1F537-54A6-42BA-8849-6E446DF9C14C} = {722BF598-1BBC-4BE5-8A71-0569993623AA}
		{722BF598-1BBC-4BE5-8A71-0569993623AA} = {8D701613-E0C6-4C03-938C-988F5628881D}
		{AD67078E-E373-409E-886F-A0270CE3D555} = {6FC08326-9D39-40B4-A595-A4FE4FCC724E}
		{1386C55A-AD2E-4101-9176-4E98987F811C} = {8D24CFFE-D232-4281-BBEF-5B30126A4251}
		{3C41112F-9499-4B28-ACCA-C1A53E1FEB41} = {2EB474CC-AE21-4682-81CD-E66559763344}
		{4FBF854A-9BF1-4BDB-B536-61B976E5EA8F} = {2EB474CC-AE21-4682-81CD-E66559763344}
		{452E7E47-B5FF-4813-B252-2203F712B256} = {7480DBBF-9FA7-4714-9219-37B52D113E8A}
		{5AB8A0EE-21CF-4F09-AFE7-81C43500CF94} = {450A4620-4290-4B07-846A-7D33FF53B5FD}
		{AF4A7C88-59FA-4CBC-894A-47903742E510} = {450A4620-4290-4B07-846A-7D33FF53B5FD}
		{6C1F185C-BBD2-4A90-B565-58F03D46CABE} = {F0375912-0C84-400B-9BF0-917162B331E1}
		{126163CF-5D88-4CE5-A63C-A84760AD948D} = {BB2778D2-A30A-405C-8002-720BB147EFDC}
		{1206296C-DA77-428A-853D-7ACD5F99B5E1} = {C0395CFB-B769-4929-87C3-C810EEA036A2}
		{D90B9D2C-1589-4D62-A9E0-60919B9D66D6} = {8D24CFFE-D232-4281-BBEF-5B30126A4251}
		{CA5221DE-DFA9-40E6-A9DC-8BA6DF89195F} = {48F5F4BD-FBD0-4FCA-BC51-04025CF979D8}
		{7C736FC4-AA35-4DAA-AA4D-926BC2C3A939} = {9410464C-9293-45AF-8D3B-B991B5E01A38}
		{2EBA9A43-EA8F-443C-99C2-44FDACF37585} = {2EB474CC-AE21-4682-81CD-E66559763344}
		{5691550C-D317-489A-8FB9-C4E3871F98BD} = {2205AEEA-ABE7-43AC-A1BD-93AC8A84469F}
		{1D880251-2746-4B2E-AD3F-9FACA8190F96} = {1BB195CE-8252-4DDE-83B9-74ACCA99087D}
		{21F1A396-DAA5-4043-8DE3-96E6FD3C2BA0} = {8D701613-E0C6-4C03-938C-988F5628881D}
		{961B3B90-6D9C-4F20-B9CB-B5F698A33BA2} = {2205AEEA-ABE7-43AC-A1BD-93AC8A84469F}
		{58F2F85E-92ED-4DDF-BEB7-43E860B860C1} = {1BB195CE-8252-4DDE-83B9-74ACCA99087D}
		{C31751AB-C2F0-41AD-B92D-296538FFEF42} = {1BB195CE-8252-4DDE-83B9-74ACCA99087D}
		{A8C271CF-663A-492A-B734-5E715E7E1B83} = {1BB195CE-8252-4DDE-83B9-74ACCA99087D}
		{F46D1329-7B7B-4AE3-A876-553C48E346C4} = {A8C271CF-663A-492A-B734-5E715E7E1B83}
		{86052A9D-88C1-4D64-9F14-547A6D8C8E5E} = {A8C271CF-663A-492A-B734-5E715E7E1B83}
		{851BBF3D-4C8A-4336-A5A3-47789FA3CA0A} = {F0375912-0C84-400B-9BF0-917162B331E1}
		{FADDA2D1-03B4-4DEF-8D24-DD1CA4E81F4A} = {A7461ACE-ABB7-4359-BAEC-3494430B7A63}
		{9D13B739-62B1-4190-B386-7A9547304EB3} = {A7461ACE-ABB7-4359-BAEC-3494430B7A63}
		{24C1A3DE-B38A-4400-BFCB-75982DFBB161} = {7480DBBF-9FA7-4714-9219-37B52D113E8A}
		{E7784F2D-FF65-4567-AB14-856F95799B5A} = {24C1A3DE-B38A-4400-BFCB-75982DFBB161}
		{2EBA9592-A85D-4DF6-AE42-189076DB81CD} = {24C1A3DE-B38A-4400-BFCB-75982DFBB161}
	EndGlobalSection
	GlobalSection(ExtensibilityGlobals) = postSolution
		EnterpriseLibraryConfigurationToolBinariesPathV6 = packages\EnterpriseLibrary.TransientFaultHandling.6.0.1304.0\lib\portable-net45+win+wp8;packages\EnterpriseLibrary.TransientFaultHandling.Data.6.0.1304.1\lib\NET45;packages\EnterpriseLibrary.TransientFaultHandling.WindowsAzure.Storage.6.0.1304.1\lib\NET45
	EndGlobalSection
EndGlobal
