
Microsoft Visual Studio Solution File, Format Version 12.00
# Visual Studio 14
VisualStudioVersion = 14.0.22823.1
MinimumVisualStudioVersion = 10.0.40219.1
Project("{2150E333-8FDC-42A3-9474-1A3956D46DE8}") = "Management", "Management", "{9410464C-9293-45AF-8D3B-B991B5E01A38}"
EndProject
Project("{FAE04EC0-301F-11D3-BF4B-00C04F79EFBC}") = "Thriot.Management.Operations.Azure", "Management\Thriot.Management.Operations.Azure\Thriot.Management.Operations.Azure.csproj", "{91DB3326-0850-4A22-BFCF-215EC2BEBAC5}"
EndProject
Project("{FAE04EC0-301F-11D3-BF4B-00C04F79EFBC}") = "Thriot.Management.Services", "Management\Thriot.Management.Services\Thriot.Management.Services.csproj", "{74101052-2463-4AAA-BEC2-76F239D9B77C}"
EndProject
Project("{FAE04EC0-301F-11D3-BF4B-00C04F79EFBC}") = "Thriot.Management.Services.Tests", "Management\Thriot.Management.Services.Tests\Thriot.Management.Services.Tests.csproj", "{8F302E92-6188-4487-A34A-CE5C0868C2A8}"
EndProject
Project("{FAE04EC0-301F-11D3-BF4B-00C04F79EFBC}") = "Thriot.Management.Model", "Management\Thriot.Management.Model\Thriot.Management.Model.csproj", "{F955E692-FD87-4964-9DC3-B3269B1CB92D}"
EndProject
Project("{2150E333-8FDC-42A3-9474-1A3956D46DE8}") = "Framework", "Framework", "{2EB474CC-AE21-4682-81CD-E66559763344}"
EndProject
Project("{2150E333-8FDC-42A3-9474-1A3956D46DE8}") = "Misc", "Misc", "{A7461ACE-ABB7-4359-BAEC-3494430B7A63}"
EndProject
Project("{FAE04EC0-301F-11D3-BF4B-00C04F79EFBC}") = "Thriot.Framework", "Framework\Thriot.Framework\Thriot.Framework.csproj", "{72721CBB-098D-499B-B037-1CCEACBC4524}"
EndProject
Project("{FAE04EC0-301F-11D3-BF4B-00C04F79EFBC}") = "Thriot.Framework.Azure", "Framework\Thriot.Framework.Azure\Thriot.Framework.Azure.csproj", "{CBCBB6A3-0097-46ED-A49C-EF9A6DA87B63}"
EndProject
Project("{FAE04EC0-301F-11D3-BF4B-00C04F79EFBC}") = "Thriot.Framework.Tests", "Framework\Thriot.Framework.Tests\Thriot.Framework.Tests.csproj", "{7729478D-EC79-41E3-918E-E25C367FD3BB}"
EndProject
Project("{FAE04EC0-301F-11D3-BF4B-00C04F79EFBC}") = "Thriot.TestHelpers", "Misc\Thriot.TestHelpers\Thriot.TestHelpers.csproj", "{F554A376-529D-4FA6-9E4F-AFBE87C32861}"
EndProject
Project("{FAE04EC0-301F-11D3-BF4B-00C04F79EFBC}") = "Thriot.Management.WebApi", "Management\Thriot.Management.WebApi\Thriot.Management.WebApi.csproj", "{4B3CFD31-7BF9-4262-9572-F0924A83CC1B}"
EndProject
Project("{FAE04EC0-301F-11D3-BF4B-00C04F79EFBC}") = "Thriot.Framework.Web", "Framework\Thriot.Framework.Web\Thriot.Framework.Web.csproj", "{F18D54A4-364B-430C-9612-D1CD3644D4B4}"
EndProject
Project("{2150E333-8FDC-42A3-9474-1A3956D46DE8}") = "Platform", "Platform", "{1BB195CE-8252-4DDE-83B9-74ACCA99087D}"
EndProject
Project("{FAE04EC0-301F-11D3-BF4B-00C04F79EFBC}") = "Thriot.Platform.WebApi", "Platform\Thriot.Platform.WebApi\Thriot.Platform.WebApi.csproj", "{C7275BD4-52B2-444E-A880-2C70A8B79BEF}"
EndProject
Project("{FAE04EC0-301F-11D3-BF4B-00C04F79EFBC}") = "Thriot.Platform.Model", "Platform\Thriot.Platform.Model\Thriot.Platform.Model.csproj", "{2A0959ED-854C-43A6-B8E5-A8818CBB35CE}"
EndProject
Project("{FAE04EC0-301F-11D3-BF4B-00C04F79EFBC}") = "Thriot.CreateAzureStorage", "Misc\Thriot.CreateAzureStorage\Thriot.CreateAzureStorage.csproj", "{899D0061-6F5A-4089-9727-E8FCA58ABB1E}"
EndProject
Project("{FAE04EC0-301F-11D3-BF4B-00C04F79EFBC}") = "Thriot.Platform.WebsocketService", "Platform\Thriot.Platform.WebsocketService\Thriot.Platform.WebsocketService.csproj", "{D078663B-F5D5-4B06-8D59-73B31EFEF375}"
EndProject
Project("{2150E333-8FDC-42A3-9474-1A3956D46DE8}") = "Build", "Build", "{7480DBBF-9FA7-4714-9219-37B52D113E8A}"
	ProjectSection(SolutionItems) = preProject
		Build\build.ps1 = Build\build.ps1
	EndProjectSection
EndProject
Project("{FAE04EC0-301F-11D3-BF4B-00C04F79EFBC}") = "Thriot.Management.Dto", "Management\Thriot.Management.Dto\Thriot.Management.Dto.csproj", "{17D1CC13-A661-43C8-8845-EFC46F0CE132}"
EndProject
Project("{FAE04EC0-301F-11D3-BF4B-00C04F79EFBC}") = "Thriot.Management.Operations.Sql", "Management\Thriot.Management.Operations.Sql\Thriot.Management.Operations.Sql.csproj", "{B5F4AFF8-5386-4CC9-9E0D-F53958E5522A}"
EndProject
Project("{FAE04EC0-301F-11D3-BF4B-00C04F79EFBC}") = "Thriot.Framework.Sql", "Framework\Thriot.Framework.Sql\Thriot.Framework.Sql.csproj", "{8AD145BA-1606-46C1-A72B-3C202265AE26}"
EndProject
Project("{FAE04EC0-301F-11D3-BF4B-00C04F79EFBC}") = "Thriot.CreateSqlStorage", "Misc\Thriot.CreateSqlStorage\Thriot.CreateSqlStorage.csproj", "{3AE0CD09-FF02-4CE9-9EF9-2C2A510DA3FD}"
EndProject
Project("{2150E333-8FDC-42A3-9474-1A3956D46DE8}") = "ServiceClient", "ServiceClient", "{15745EE2-4B60-4185-B820-296C07FBE446}"
EndProject
Project("{FAE04EC0-301F-11D3-BF4B-00C04F79EFBC}") = "Thriot.ServiceClient.TelemetrySetup", "ServiceClient\Thriot.ServiceClient.TelemetrySetup\Thriot.ServiceClient.TelemetrySetup.csproj", "{EB617FF2-8BE5-4146-BA9D-4D9A08C70CE5}"
EndProject
Project("{2150E333-8FDC-42A3-9474-1A3956D46DE8}") = "Messaging", "Messaging", "{2205AEEA-ABE7-43AC-A1BD-93AC8A84469F}"
EndProject
Project("{FAE04EC0-301F-11D3-BF4B-00C04F79EFBC}") = "Thriot.Messaging.Services", "Messaging\Thriot.Messaging.Services\Thriot.Messaging.Services.csproj", "{7894BBE9-AE81-4F95-AD81-BA2B0431698C}"
EndProject
Project("{FAE04EC0-301F-11D3-BF4B-00C04F79EFBC}") = "Thriot.Messaging.Dto", "Messaging\Thriot.Messaging.Dto\Thriot.Messaging.Dto.csproj", "{512934AB-4E46-42DA-935B-537530B7E85B}"
EndProject
Project("{FAE04EC0-301F-11D3-BF4B-00C04F79EFBC}") = "Thriot.Messaging.WebApi", "Messaging\Thriot.Messaging.WebApi\Thriot.Messaging.WebApi.csproj", "{3705E2BB-7E58-4745-B3E8-08223E57557A}"
EndProject
Project("{FAE04EC0-301F-11D3-BF4B-00C04F79EFBC}") = "Thriot.Messaging.Services.Tests", "Messaging\Thriot.Messaging.Services.Tests\Thriot.Messaging.Services.Tests.csproj", "{53B16969-6EB6-4D8F-9EB6-716E559E2BB2}"
EndProject
Project("{2150E333-8FDC-42A3-9474-1A3956D46DE8}") = "Scripts", "Scripts", "{450A4620-4290-4B07-846A-7D33FF53B5FD}"
EndProject
Project("{FAE04EC0-301F-11D3-BF4B-00C04F79EFBC}") = "Thriot.ServiceClient.Messaging", "ServiceClient\Thriot.ServiceClient.Messaging\Thriot.ServiceClient.Messaging.csproj", "{B242CE85-F186-4107-98FC-1A87538B704D}"
EndProject
Project("{FAE04EC0-301F-11D3-BF4B-00C04F79EFBC}") = "Thriot.Messaging.PerformanceTest", "Messaging\Thriot.Messaging.PerformanceTest\Thriot.Messaging.PerformanceTest.csproj", "{BBDDF8C6-196F-4B25-906E-108B59E4A837}"
EndProject
Project("{FAE04EC0-301F-11D3-BF4B-00C04F79EFBC}") = "Thriot.Platform.Services.Telemetry", "Platform\Thriot.Platform.Services.Telemetry\Thriot.Platform.Services.Telemetry.csproj", "{AB320464-7159-4AA8-8116-1A7169FBF79C}"
EndProject
Project("{FAE04EC0-301F-11D3-BF4B-00C04F79EFBC}") = "Thriot.Platform.Services.Messaging", "Platform\Thriot.Platform.Services.Messaging\Thriot.Platform.Services.Messaging.csproj", "{6C337D0B-BFB0-417B-8E11-57B917F4BF81}"
EndProject
Project("{FAE04EC0-301F-11D3-BF4B-00C04F79EFBC}") = "Thriot.Platform.PersistentConnections", "Platform\Thriot.Platform.PersistentConnections\Thriot.Platform.PersistentConnections.csproj", "{1099F633-4AC5-4BF9-A368-3B1840164FA0}"
EndProject
Project("{FAE04EC0-301F-11D3-BF4B-00C04F79EFBC}") = "Thriot.Platform.Services.Messaging.Tests", "Platform\Thriot.Platform.Services.Messaging.Tests\Thriot.Platform.Services.Messaging.Tests.csproj", "{7F6016B1-F2ED-41FE-993A-3C1B3A0B3E98}"
EndProject
Project("{FAE04EC0-301F-11D3-BF4B-00C04F79EFBC}") = "Thriot.Platform.Services.Telemetry.Tests", "Platform\Thriot.Platform.Services.Telemetry.Tests\Thriot.Platform.Services.Telemetry.Tests.csproj", "{3CFC1F80-92F1-40F0-A654-0FE940A48F02}"
EndProject
Project("{FAE04EC0-301F-11D3-BF4B-00C04F79EFBC}") = "Thriot.Platform.PersistentConnections.Tests", "Platform\Thriot.Platform.PersistentConnections.Tests\Thriot.Platform.PersistentConnections.Tests.csproj", "{C475C1B5-8F18-47AA-A248-34339BA82240}"
EndProject
Project("{2150E333-8FDC-42A3-9474-1A3956D46DE8}") = "Plugins", "Plugins", "{F0375912-0C84-400B-9BF0-917162B331E1}"
EndProject
Project("{FAE04EC0-301F-11D3-BF4B-00C04F79EFBC}") = "Thriot.Plugins.Azure", "Plugins\Thriot.Plugins.Azure\Thriot.Plugins.Azure.csproj", "{65436FF0-E291-429C-8FB3-D914C1FFAAA6}"
EndProject
Project("{FAE04EC0-301F-11D3-BF4B-00C04F79EFBC}") = "Thriot.Plugins.Sql", "Plugins\Thriot.Plugins.Sql\Thriot.Plugins.Sql.csproj", "{FE9571D9-2B37-4E4C-A838-955A3CA5235F}"
EndProject
Project("{2150E333-8FDC-42A3-9474-1A3956D46DE8}") = "Tests", "Tests", "{C0395CFB-B769-4929-87C3-C810EEA036A2}"
EndProject
Project("{2150E333-8FDC-42A3-9474-1A3956D46DE8}") = "Tests", "Tests", "{072768A8-F9C0-422F-92A4-4A02593F4F84}"
EndProject
Project("{2150E333-8FDC-42A3-9474-1A3956D46DE8}") = "Tests", "Tests", "{08014198-5B4D-4B67-80C1-E1195A784768}"
EndProject
Project("{2150E333-8FDC-42A3-9474-1A3956D46DE8}") = "Tests", "Tests", "{BB2778D2-A30A-405C-8002-720BB147EFDC}"
EndProject
Project("{FAE04EC0-301F-11D3-BF4B-00C04F79EFBC}") = "Thriot.Plugins.Core", "Plugins\Thriot.Plugins.Core\Thriot.Plugins.Core.csproj", "{D84F1A4C-1539-416A-A40A-A72AA2A5F360}"
EndProject
Project("{2150E333-8FDC-42A3-9474-1A3956D46DE8}") = "Objects", "Objects", "{6FC08326-9D39-40B4-A595-A4FE4FCC724E}"
EndProject
Project("{FAE04EC0-301F-11D3-BF4B-00C04F79EFBC}") = "Thriot.Objects.Model", "Objects\Thriot.Objects.Model\Thriot.Objects.Model.csproj", "{5A84EBC0-E8A7-4789-972B-B4B46A2834EE}"
EndProject
Project("{FAE04EC0-301F-11D3-BF4B-00C04F79EFBC}") = "Thriot.Objects.Operations.Azure", "Objects\Thriot.Objects.Operations.Azure\Thriot.Objects.Operations.Azure.csproj", "{80EE6482-6D90-4EA0-9FB3-9DC891AFC52E}"
EndProject
Project("{FAE04EC0-301F-11D3-BF4B-00C04F79EFBC}") = "Thriot.Objects.Operations.Sql", "Objects\Thriot.Objects.Operations.Sql\Thriot.Objects.Operations.Sql.csproj", "{D28F31A2-4794-4DF4-95FF-2174C64D733D}"
EndProject
Project("{2150E333-8FDC-42A3-9474-1A3956D46DE8}") = "Tests", "Tests", "{8D24CFFE-D232-4281-BBEF-5B30126A4251}"
EndProject
Project("{2150E333-8FDC-42A3-9474-1A3956D46DE8}") = "Reporting", "Reporting", "{8D701613-E0C6-4C03-938C-988F5628881D}"
EndProject
Project("{FAE04EC0-301F-11D3-BF4B-00C04F79EFBC}") = "Thriot.Reporting.Dto", "Reporting\Thriot.Reporting.Dto\Thriot.Reporting.Dto.csproj", "{77179348-0B89-43C2-BBFB-1044CCBAF86E}"
EndProject
Project("{FAE04EC0-301F-11D3-BF4B-00C04F79EFBC}") = "Thriot.Reporting.Services", "Reporting\Thriot.Reporting.Services\Thriot.Reporting.Services.csproj", "{020767B5-495D-4E39-A29D-B48EB18AF32F}"
EndProject
Project("{FAE04EC0-301F-11D3-BF4B-00C04F79EFBC}") = "Thriot.Reporting.Tests", "Reporting\Thriot.Reporting.Tests\Thriot.Reporting.Tests.csproj", "{E9D1F537-54A6-42BA-8849-6E446DF9C14C}"
EndProject
Project("{2150E333-8FDC-42A3-9474-1A3956D46DE8}") = "Tests", "Tests", "{722BF598-1BBC-4BE5-8A71-0569993623AA}"
EndProject
Project("{2150E333-8FDC-42A3-9474-1A3956D46DE8}") = ".nuget", ".nuget", "{11DC450C-24E0-43F1-B778-34BCBA2FC09B}"
	ProjectSection(SolutionItems) = preProject
		.nuget\NuGet.Config = .nuget\NuGet.Config
		.nuget\NuGet.exe = .nuget\NuGet.exe
		.nuget\NuGet.targets = .nuget\NuGet.targets
	EndProjectSection
EndProject
Project("{2150E333-8FDC-42A3-9474-1A3956D46DE8}") = "Web", "Web", "{48F5F4BD-FBD0-4FCA-BC51-04025CF979D8}"
EndProject
Project("{FAE04EC0-301F-11D3-BF4B-00C04F79EFBC}") = "Thriot.Reporting.WebApi", "Reporting\Thriot.Reporting.WebApi\Thriot.Reporting.WebApi.csproj", "{89919401-0294-4AB2-BCD6-F52047BB6F3D}"
EndProject
Project("{FAE04EC0-301F-11D3-BF4B-00C04F79EFBC}") = "Thriot.Objects.Common", "Objects\Thriot.Objects.Common\Thriot.Objects.Common.csproj", "{AD67078E-E373-409E-886F-A0270CE3D555}"
EndProject
Project("{FAE04EC0-301F-11D3-BF4B-00C04F79EFBC}") = "Thriot.Objects.Common.Tests", "Objects\Thriot.Objects.Common.Tests\Thriot.Objects.Common.Tests.csproj", "{1386C55A-AD2E-4101-9176-4E98987F811C}"
EndProject
Project("{FAE04EC0-301F-11D3-BF4B-00C04F79EFBC}") = "Thriot.Framework.Mails", "Framework\Thriot.Framework.Mails\Thriot.Framework.Mails.csproj", "{3C41112F-9499-4B28-ACCA-C1A53E1FEB41}"
EndProject
Project("{2150E333-8FDC-42A3-9474-1A3956D46DE8}") = "Tests", "Tests", "{4FBF854A-9BF1-4BDB-B536-61B976E5EA8F}"
EndProject
Project("{2150E333-8FDC-42A3-9474-1A3956D46DE8}") = "templates", "templates", "{452E7E47-B5FF-4813-B252-2203F712B256}"
EndProject
Project("{2150E333-8FDC-42A3-9474-1A3956D46DE8}") = "config", "config", "{E1175BE8-BA2D-4107-891A-0A5B0E7A4D6E}"
EndProject
Project("{2150E333-8FDC-42A3-9474-1A3956D46DE8}") = "azure", "azure", "{D0EF1860-7133-479E-8A2B-C2D29E900DBE}"
	ProjectSection(SolutionItems) = preProject
		Build\templates\config\azure\connectionStrings.config = Build\templates\config\azure\connectionStrings.config
		Build\templates\config\azure\connectionStrings.messaging.config = Build\templates\config\azure\connectionStrings.messaging.config
		Build\templates\config\azure\nlog.management.config = Build\templates\config\azure\nlog.management.config
		Build\templates\config\azure\nlog.messaging.config = Build\templates\config\azure\nlog.messaging.config
		Build\templates\config\azure\nlog.platformapi.config = Build\templates\config\azure\nlog.platformapi.config
		Build\templates\config\azure\nlog.platformws.config = Build\templates\config\azure\nlog.platformws.config
		Build\templates\config\azure\nlog.reporting.config = Build\templates\config\azure\nlog.reporting.config
		Build\templates\config\azure\siteRoots.js = Build\templates\config\azure\siteRoots.js
		Build\templates\config\azure\smtpsettings.config = Build\templates\config\azure\smtpsettings.config
	EndProjectSection
EndProject
Project("{2150E333-8FDC-42A3-9474-1A3956D46DE8}") = "sql", "sql", "{62CBA674-DED0-4BF6-B261-3B806615D643}"
	ProjectSection(SolutionItems) = preProject
		Build\templates\config\sql\connectionStrings.config = Build\templates\config\sql\connectionStrings.config
		Build\templates\config\sql\connectionStrings.messaging.config = Build\templates\config\sql\connectionStrings.messaging.config
		Build\templates\config\sql\nlog.management.config = Build\templates\config\sql\nlog.management.config
		Build\templates\config\sql\nlog.messaging.config = Build\templates\config\sql\nlog.messaging.config
		Build\templates\config\sql\nlog.platformapi.config = Build\templates\config\sql\nlog.platformapi.config
		Build\templates\config\sql\nlog.platformws.config = Build\templates\config\sql\nlog.platformws.config
		Build\templates\config\sql\nlog.reporting.config = Build\templates\config\sql\nlog.reporting.config
		Build\templates\config\sql\siteRoots.js = Build\templates\config\sql\siteRoots.js
		Build\templates\config\sql\smtpsettings.config = Build\templates\config\sql\smtpsettings.config
	EndProjectSection
EndProject
Project("{2150E333-8FDC-42A3-9474-1A3956D46DE8}") = "Sql", "Sql", "{5AB8A0EE-21CF-4F09-AFE7-81C43500CF94}"
	ProjectSection(SolutionItems) = preProject
		Messaging\Scripts\Sql\CreateDB.sql = Messaging\Scripts\Sql\CreateDB.sql
		Messaging\Scripts\Sql\DropDB.sql = Messaging\Scripts\Sql\DropDB.sql
	EndProjectSection
EndProject
Project("{2150E333-8FDC-42A3-9474-1A3956D46DE8}") = "PgSql", "PgSql", "{AF4A7C88-59FA-4CBC-894A-47903742E510}"
	ProjectSection(SolutionItems) = preProject
		Messaging\Scripts\PgSql\CreateDB.sql = Messaging\Scripts\PgSql\CreateDB.sql
		Messaging\Scripts\PgSql\DropDB.sql = Messaging\Scripts\PgSql\DropDB.sql
	EndProjectSection
EndProject
Project("{FAE04EC0-301F-11D3-BF4B-00C04F79EFBC}") = "Thriot.Plugins.PgSql", "Plugins\Thriot.Plugins.PgSql\Thriot.Plugins.PgSql.csproj", "{6C1F185C-BBD2-4A90-B565-58F03D46CABE}"
EndProject
Project("{FAE04EC0-301F-11D3-BF4B-00C04F79EFBC}") = "Thriot.Plugins.Tests", "Plugins\Thriot.Plugins.Tests\Thriot.Plugins.Tests.csproj", "{126163CF-5D88-4CE5-A63C-A84760AD948D}"
EndProject
Project("{FAE04EC0-301F-11D3-BF4B-00C04F79EFBC}") = "Thriot.Management.Operations.Tests", "Management\Thriot.Management.Operations.Tests\Thriot.Management.Operations.Tests.csproj", "{1206296C-DA77-428A-853D-7ACD5F99B5E1}"
EndProject
Project("{FAE04EC0-301F-11D3-BF4B-00C04F79EFBC}") = "Thriot.Objects.Operations.Tests", "Objects\Thriot.Objects.Operations.Tests\Thriot.Objects.Operations.Tests.csproj", "{D90B9D2C-1589-4D62-A9E0-60919B9D66D6}"
EndProject
Project("{FAE04EC0-301F-11D3-BF4B-00C04F79EFBC}") = "Thriot.ApiHost", "Web\Thriot.ApiHost\Thriot.ApiHost.csproj", "{E02E667A-23EF-4D93-ACE6-C56DCE6D6AAB}"
	ProjectSection(ProjectDependencies) = postProject
		{89919401-0294-4AB2-BCD6-F52047BB6F3D} = {89919401-0294-4AB2-BCD6-F52047BB6F3D}
		{4B3CFD31-7BF9-4262-9572-F0924A83CC1B} = {4B3CFD31-7BF9-4262-9572-F0924A83CC1B}
		{3705E2BB-7E58-4745-B3E8-08223E57557A} = {3705E2BB-7E58-4745-B3E8-08223E57557A}
		{C7275BD4-52B2-444E-A880-2C70A8B79BEF} = {C7275BD4-52B2-444E-A880-2C70A8B79BEF}
	EndProjectSection
EndProject
Project("{2150E333-8FDC-42A3-9474-1A3956D46DE8}") = "Solution Items", "Solution Items", "{37C7067D-9CC7-47B0-AD87-A0A8C38B9684}"
	ProjectSection(SolutionItems) = preProject
		global.json = global.json
	EndProjectSection
EndProject
Project("{8BB2217D-0F2D-49D1-97BC-3654ED321F3B}") = "Thriot.Web", "Web\Thriot.Web\Thriot.Web.xproj", "{CA5221DE-DFA9-40E6-A9DC-8BA6DF89195F}"
EndProject
Project("{8BB2217D-0F2D-49D1-97BC-3654ED321F3B}") = "Thriot.Management.WebApiA5", "Management\Thriot.Management.WebApiA5\Thriot.Management.WebApiA5.xproj", "{7C736FC4-AA35-4DAA-AA4D-926BC2C3A939}"
EndProject
Global
	GlobalSection(SolutionConfigurationPlatforms) = preSolution
		Debug|Any CPU = Debug|Any CPU
		DevAzure|Any CPU = DevAzure|Any CPU
		DevPgSql|Any CPU = DevPgSql|Any CPU
		DevSql|Any CPU = DevSql|Any CPU
		ProdAzure|Any CPU = ProdAzure|Any CPU
		ProdPgSql|Any CPU = ProdPgSql|Any CPU
		ProdSql|Any CPU = ProdSql|Any CPU
		Release|Any CPU = Release|Any CPU
	EndGlobalSection
	GlobalSection(ProjectConfigurationPlatforms) = postSolution
		{91DB3326-0850-4A22-BFCF-215EC2BEBAC5}.Debug|Any CPU.ActiveCfg = Debug|Any CPU
		{91DB3326-0850-4A22-BFCF-215EC2BEBAC5}.Debug|Any CPU.Build.0 = Debug|Any CPU
		{91DB3326-0850-4A22-BFCF-215EC2BEBAC5}.DevAzure|Any CPU.ActiveCfg = Debug|Any CPU
		{91DB3326-0850-4A22-BFCF-215EC2BEBAC5}.DevAzure|Any CPU.Build.0 = Debug|Any CPU
		{91DB3326-0850-4A22-BFCF-215EC2BEBAC5}.DevPgSql|Any CPU.ActiveCfg = Debug|Any CPU
		{91DB3326-0850-4A22-BFCF-215EC2BEBAC5}.DevPgSql|Any CPU.Build.0 = Debug|Any CPU
		{91DB3326-0850-4A22-BFCF-215EC2BEBAC5}.DevSql|Any CPU.ActiveCfg = Debug|Any CPU
		{91DB3326-0850-4A22-BFCF-215EC2BEBAC5}.DevSql|Any CPU.Build.0 = Debug|Any CPU
		{91DB3326-0850-4A22-BFCF-215EC2BEBAC5}.ProdAzure|Any CPU.ActiveCfg = Release|Any CPU
		{91DB3326-0850-4A22-BFCF-215EC2BEBAC5}.ProdAzure|Any CPU.Build.0 = Release|Any CPU
		{91DB3326-0850-4A22-BFCF-215EC2BEBAC5}.ProdPgSql|Any CPU.ActiveCfg = Release|Any CPU
		{91DB3326-0850-4A22-BFCF-215EC2BEBAC5}.ProdPgSql|Any CPU.Build.0 = Release|Any CPU
		{91DB3326-0850-4A22-BFCF-215EC2BEBAC5}.ProdSql|Any CPU.ActiveCfg = Release|Any CPU
		{91DB3326-0850-4A22-BFCF-215EC2BEBAC5}.ProdSql|Any CPU.Build.0 = Release|Any CPU
		{91DB3326-0850-4A22-BFCF-215EC2BEBAC5}.Release|Any CPU.ActiveCfg = Release|Any CPU
		{91DB3326-0850-4A22-BFCF-215EC2BEBAC5}.Release|Any CPU.Build.0 = Release|Any CPU
		{74101052-2463-4AAA-BEC2-76F239D9B77C}.Debug|Any CPU.ActiveCfg = Debug|Any CPU
		{74101052-2463-4AAA-BEC2-76F239D9B77C}.Debug|Any CPU.Build.0 = Debug|Any CPU
		{74101052-2463-4AAA-BEC2-76F239D9B77C}.DevAzure|Any CPU.ActiveCfg = Debug|Any CPU
		{74101052-2463-4AAA-BEC2-76F239D9B77C}.DevAzure|Any CPU.Build.0 = Debug|Any CPU
		{74101052-2463-4AAA-BEC2-76F239D9B77C}.DevPgSql|Any CPU.ActiveCfg = Debug|Any CPU
		{74101052-2463-4AAA-BEC2-76F239D9B77C}.DevPgSql|Any CPU.Build.0 = Debug|Any CPU
		{74101052-2463-4AAA-BEC2-76F239D9B77C}.DevSql|Any CPU.ActiveCfg = Debug|Any CPU
		{74101052-2463-4AAA-BEC2-76F239D9B77C}.DevSql|Any CPU.Build.0 = Debug|Any CPU
		{74101052-2463-4AAA-BEC2-76F239D9B77C}.ProdAzure|Any CPU.ActiveCfg = Release|Any CPU
		{74101052-2463-4AAA-BEC2-76F239D9B77C}.ProdAzure|Any CPU.Build.0 = Release|Any CPU
		{74101052-2463-4AAA-BEC2-76F239D9B77C}.ProdPgSql|Any CPU.ActiveCfg = Release|Any CPU
		{74101052-2463-4AAA-BEC2-76F239D9B77C}.ProdPgSql|Any CPU.Build.0 = Release|Any CPU
		{74101052-2463-4AAA-BEC2-76F239D9B77C}.ProdSql|Any CPU.ActiveCfg = Release|Any CPU
		{74101052-2463-4AAA-BEC2-76F239D9B77C}.ProdSql|Any CPU.Build.0 = Release|Any CPU
		{74101052-2463-4AAA-BEC2-76F239D9B77C}.Release|Any CPU.ActiveCfg = Release|Any CPU
		{74101052-2463-4AAA-BEC2-76F239D9B77C}.Release|Any CPU.Build.0 = Release|Any CPU
		{8F302E92-6188-4487-A34A-CE5C0868C2A8}.Debug|Any CPU.ActiveCfg = Debug|Any CPU
		{8F302E92-6188-4487-A34A-CE5C0868C2A8}.Debug|Any CPU.Build.0 = Debug|Any CPU
		{8F302E92-6188-4487-A34A-CE5C0868C2A8}.DevAzure|Any CPU.ActiveCfg = DevAzure|Any CPU
		{8F302E92-6188-4487-A34A-CE5C0868C2A8}.DevAzure|Any CPU.Build.0 = DevAzure|Any CPU
		{8F302E92-6188-4487-A34A-CE5C0868C2A8}.DevPgSql|Any CPU.ActiveCfg = DevPgSql|Any CPU
		{8F302E92-6188-4487-A34A-CE5C0868C2A8}.DevPgSql|Any CPU.Build.0 = DevPgSql|Any CPU
		{8F302E92-6188-4487-A34A-CE5C0868C2A8}.DevSql|Any CPU.ActiveCfg = DevSql|Any CPU
		{8F302E92-6188-4487-A34A-CE5C0868C2A8}.DevSql|Any CPU.Build.0 = DevSql|Any CPU
		{8F302E92-6188-4487-A34A-CE5C0868C2A8}.ProdAzure|Any CPU.ActiveCfg = Release|Any CPU
		{8F302E92-6188-4487-A34A-CE5C0868C2A8}.ProdAzure|Any CPU.Build.0 = Release|Any CPU
		{8F302E92-6188-4487-A34A-CE5C0868C2A8}.ProdPgSql|Any CPU.ActiveCfg = Release|Any CPU
		{8F302E92-6188-4487-A34A-CE5C0868C2A8}.ProdPgSql|Any CPU.Build.0 = Release|Any CPU
		{8F302E92-6188-4487-A34A-CE5C0868C2A8}.ProdSql|Any CPU.ActiveCfg = Release|Any CPU
		{8F302E92-6188-4487-A34A-CE5C0868C2A8}.ProdSql|Any CPU.Build.0 = Release|Any CPU
		{8F302E92-6188-4487-A34A-CE5C0868C2A8}.Release|Any CPU.ActiveCfg = Release|Any CPU
		{8F302E92-6188-4487-A34A-CE5C0868C2A8}.Release|Any CPU.Build.0 = Release|Any CPU
		{F955E692-FD87-4964-9DC3-B3269B1CB92D}.Debug|Any CPU.ActiveCfg = Debug|Any CPU
		{F955E692-FD87-4964-9DC3-B3269B1CB92D}.Debug|Any CPU.Build.0 = Debug|Any CPU
		{F955E692-FD87-4964-9DC3-B3269B1CB92D}.DevAzure|Any CPU.ActiveCfg = Debug|Any CPU
		{F955E692-FD87-4964-9DC3-B3269B1CB92D}.DevAzure|Any CPU.Build.0 = Debug|Any CPU
		{F955E692-FD87-4964-9DC3-B3269B1CB92D}.DevPgSql|Any CPU.ActiveCfg = Debug|Any CPU
		{F955E692-FD87-4964-9DC3-B3269B1CB92D}.DevPgSql|Any CPU.Build.0 = Debug|Any CPU
		{F955E692-FD87-4964-9DC3-B3269B1CB92D}.DevSql|Any CPU.ActiveCfg = Debug|Any CPU
		{F955E692-FD87-4964-9DC3-B3269B1CB92D}.DevSql|Any CPU.Build.0 = Debug|Any CPU
		{F955E692-FD87-4964-9DC3-B3269B1CB92D}.ProdAzure|Any CPU.ActiveCfg = Release|Any CPU
		{F955E692-FD87-4964-9DC3-B3269B1CB92D}.ProdAzure|Any CPU.Build.0 = Release|Any CPU
		{F955E692-FD87-4964-9DC3-B3269B1CB92D}.ProdPgSql|Any CPU.ActiveCfg = Release|Any CPU
		{F955E692-FD87-4964-9DC3-B3269B1CB92D}.ProdPgSql|Any CPU.Build.0 = Release|Any CPU
		{F955E692-FD87-4964-9DC3-B3269B1CB92D}.ProdSql|Any CPU.ActiveCfg = Release|Any CPU
		{F955E692-FD87-4964-9DC3-B3269B1CB92D}.ProdSql|Any CPU.Build.0 = Release|Any CPU
		{F955E692-FD87-4964-9DC3-B3269B1CB92D}.Release|Any CPU.ActiveCfg = Release|Any CPU
		{F955E692-FD87-4964-9DC3-B3269B1CB92D}.Release|Any CPU.Build.0 = Release|Any CPU
		{72721CBB-098D-499B-B037-1CCEACBC4524}.Debug|Any CPU.ActiveCfg = Debug|Any CPU
		{72721CBB-098D-499B-B037-1CCEACBC4524}.Debug|Any CPU.Build.0 = Debug|Any CPU
		{72721CBB-098D-499B-B037-1CCEACBC4524}.DevAzure|Any CPU.ActiveCfg = Debug|Any CPU
		{72721CBB-098D-499B-B037-1CCEACBC4524}.DevAzure|Any CPU.Build.0 = Debug|Any CPU
		{72721CBB-098D-499B-B037-1CCEACBC4524}.DevPgSql|Any CPU.ActiveCfg = Debug|Any CPU
		{72721CBB-098D-499B-B037-1CCEACBC4524}.DevPgSql|Any CPU.Build.0 = Debug|Any CPU
		{72721CBB-098D-499B-B037-1CCEACBC4524}.DevSql|Any CPU.ActiveCfg = Debug|Any CPU
		{72721CBB-098D-499B-B037-1CCEACBC4524}.DevSql|Any CPU.Build.0 = Debug|Any CPU
		{72721CBB-098D-499B-B037-1CCEACBC4524}.ProdAzure|Any CPU.ActiveCfg = Release|Any CPU
		{72721CBB-098D-499B-B037-1CCEACBC4524}.ProdAzure|Any CPU.Build.0 = Release|Any CPU
		{72721CBB-098D-499B-B037-1CCEACBC4524}.ProdPgSql|Any CPU.ActiveCfg = Release|Any CPU
		{72721CBB-098D-499B-B037-1CCEACBC4524}.ProdPgSql|Any CPU.Build.0 = Release|Any CPU
		{72721CBB-098D-499B-B037-1CCEACBC4524}.ProdSql|Any CPU.ActiveCfg = Release|Any CPU
		{72721CBB-098D-499B-B037-1CCEACBC4524}.ProdSql|Any CPU.Build.0 = Release|Any CPU
		{72721CBB-098D-499B-B037-1CCEACBC4524}.Release|Any CPU.ActiveCfg = Release|Any CPU
		{72721CBB-098D-499B-B037-1CCEACBC4524}.Release|Any CPU.Build.0 = Release|Any CPU
		{CBCBB6A3-0097-46ED-A49C-EF9A6DA87B63}.Debug|Any CPU.ActiveCfg = Debug|Any CPU
		{CBCBB6A3-0097-46ED-A49C-EF9A6DA87B63}.Debug|Any CPU.Build.0 = Debug|Any CPU
		{CBCBB6A3-0097-46ED-A49C-EF9A6DA87B63}.DevAzure|Any CPU.ActiveCfg = Debug|Any CPU
		{CBCBB6A3-0097-46ED-A49C-EF9A6DA87B63}.DevAzure|Any CPU.Build.0 = Debug|Any CPU
		{CBCBB6A3-0097-46ED-A49C-EF9A6DA87B63}.DevPgSql|Any CPU.ActiveCfg = Debug|Any CPU
		{CBCBB6A3-0097-46ED-A49C-EF9A6DA87B63}.DevPgSql|Any CPU.Build.0 = Debug|Any CPU
		{CBCBB6A3-0097-46ED-A49C-EF9A6DA87B63}.DevSql|Any CPU.ActiveCfg = Debug|Any CPU
		{CBCBB6A3-0097-46ED-A49C-EF9A6DA87B63}.DevSql|Any CPU.Build.0 = Debug|Any CPU
		{CBCBB6A3-0097-46ED-A49C-EF9A6DA87B63}.ProdAzure|Any CPU.ActiveCfg = Release|Any CPU
		{CBCBB6A3-0097-46ED-A49C-EF9A6DA87B63}.ProdAzure|Any CPU.Build.0 = Release|Any CPU
		{CBCBB6A3-0097-46ED-A49C-EF9A6DA87B63}.ProdPgSql|Any CPU.ActiveCfg = Release|Any CPU
		{CBCBB6A3-0097-46ED-A49C-EF9A6DA87B63}.ProdPgSql|Any CPU.Build.0 = Release|Any CPU
		{CBCBB6A3-0097-46ED-A49C-EF9A6DA87B63}.ProdSql|Any CPU.ActiveCfg = Release|Any CPU
		{CBCBB6A3-0097-46ED-A49C-EF9A6DA87B63}.ProdSql|Any CPU.Build.0 = Release|Any CPU
		{CBCBB6A3-0097-46ED-A49C-EF9A6DA87B63}.Release|Any CPU.ActiveCfg = Release|Any CPU
		{CBCBB6A3-0097-46ED-A49C-EF9A6DA87B63}.Release|Any CPU.Build.0 = Release|Any CPU
		{7729478D-EC79-41E3-918E-E25C367FD3BB}.Debug|Any CPU.ActiveCfg = Debug|Any CPU
		{7729478D-EC79-41E3-918E-E25C367FD3BB}.Debug|Any CPU.Build.0 = Debug|Any CPU
		{7729478D-EC79-41E3-918E-E25C367FD3BB}.DevAzure|Any CPU.ActiveCfg = Debug|Any CPU
		{7729478D-EC79-41E3-918E-E25C367FD3BB}.DevAzure|Any CPU.Build.0 = Debug|Any CPU
		{7729478D-EC79-41E3-918E-E25C367FD3BB}.DevPgSql|Any CPU.ActiveCfg = Debug|Any CPU
		{7729478D-EC79-41E3-918E-E25C367FD3BB}.DevPgSql|Any CPU.Build.0 = Debug|Any CPU
		{7729478D-EC79-41E3-918E-E25C367FD3BB}.DevSql|Any CPU.ActiveCfg = Debug|Any CPU
		{7729478D-EC79-41E3-918E-E25C367FD3BB}.DevSql|Any CPU.Build.0 = Debug|Any CPU
		{7729478D-EC79-41E3-918E-E25C367FD3BB}.ProdAzure|Any CPU.ActiveCfg = Release|Any CPU
		{7729478D-EC79-41E3-918E-E25C367FD3BB}.ProdAzure|Any CPU.Build.0 = Release|Any CPU
		{7729478D-EC79-41E3-918E-E25C367FD3BB}.ProdPgSql|Any CPU.ActiveCfg = Release|Any CPU
		{7729478D-EC79-41E3-918E-E25C367FD3BB}.ProdPgSql|Any CPU.Build.0 = Release|Any CPU
		{7729478D-EC79-41E3-918E-E25C367FD3BB}.ProdSql|Any CPU.ActiveCfg = Release|Any CPU
		{7729478D-EC79-41E3-918E-E25C367FD3BB}.ProdSql|Any CPU.Build.0 = Release|Any CPU
		{7729478D-EC79-41E3-918E-E25C367FD3BB}.Release|Any CPU.ActiveCfg = Release|Any CPU
		{7729478D-EC79-41E3-918E-E25C367FD3BB}.Release|Any CPU.Build.0 = Release|Any CPU
		{F554A376-529D-4FA6-9E4F-AFBE87C32861}.Debug|Any CPU.ActiveCfg = Debug|Any CPU
		{F554A376-529D-4FA6-9E4F-AFBE87C32861}.Debug|Any CPU.Build.0 = Debug|Any CPU
		{F554A376-529D-4FA6-9E4F-AFBE87C32861}.DevAzure|Any CPU.ActiveCfg = Debug|Any CPU
		{F554A376-529D-4FA6-9E4F-AFBE87C32861}.DevAzure|Any CPU.Build.0 = Debug|Any CPU
		{F554A376-529D-4FA6-9E4F-AFBE87C32861}.DevPgSql|Any CPU.ActiveCfg = Debug|Any CPU
		{F554A376-529D-4FA6-9E4F-AFBE87C32861}.DevPgSql|Any CPU.Build.0 = Debug|Any CPU
		{F554A376-529D-4FA6-9E4F-AFBE87C32861}.DevSql|Any CPU.ActiveCfg = Debug|Any CPU
		{F554A376-529D-4FA6-9E4F-AFBE87C32861}.DevSql|Any CPU.Build.0 = Debug|Any CPU
		{F554A376-529D-4FA6-9E4F-AFBE87C32861}.ProdAzure|Any CPU.ActiveCfg = Release|Any CPU
		{F554A376-529D-4FA6-9E4F-AFBE87C32861}.ProdAzure|Any CPU.Build.0 = Release|Any CPU
		{F554A376-529D-4FA6-9E4F-AFBE87C32861}.ProdPgSql|Any CPU.ActiveCfg = Release|Any CPU
		{F554A376-529D-4FA6-9E4F-AFBE87C32861}.ProdPgSql|Any CPU.Build.0 = Release|Any CPU
		{F554A376-529D-4FA6-9E4F-AFBE87C32861}.ProdSql|Any CPU.ActiveCfg = Release|Any CPU
		{F554A376-529D-4FA6-9E4F-AFBE87C32861}.ProdSql|Any CPU.Build.0 = Release|Any CPU
		{F554A376-529D-4FA6-9E4F-AFBE87C32861}.Release|Any CPU.ActiveCfg = Release|Any CPU
		{F554A376-529D-4FA6-9E4F-AFBE87C32861}.Release|Any CPU.Build.0 = Release|Any CPU
		{4B3CFD31-7BF9-4262-9572-F0924A83CC1B}.Debug|Any CPU.ActiveCfg = Debug|Any CPU
		{4B3CFD31-7BF9-4262-9572-F0924A83CC1B}.Debug|Any CPU.Build.0 = Debug|Any CPU
		{4B3CFD31-7BF9-4262-9572-F0924A83CC1B}.DevAzure|Any CPU.ActiveCfg = DevAzure|Any CPU
		{4B3CFD31-7BF9-4262-9572-F0924A83CC1B}.DevAzure|Any CPU.Build.0 = DevAzure|Any CPU
		{4B3CFD31-7BF9-4262-9572-F0924A83CC1B}.DevPgSql|Any CPU.ActiveCfg = DevPgSql|Any CPU
		{4B3CFD31-7BF9-4262-9572-F0924A83CC1B}.DevPgSql|Any CPU.Build.0 = DevPgSql|Any CPU
		{4B3CFD31-7BF9-4262-9572-F0924A83CC1B}.DevSql|Any CPU.ActiveCfg = DevSql|Any CPU
		{4B3CFD31-7BF9-4262-9572-F0924A83CC1B}.DevSql|Any CPU.Build.0 = DevSql|Any CPU
		{4B3CFD31-7BF9-4262-9572-F0924A83CC1B}.ProdAzure|Any CPU.ActiveCfg = ProdAzure|Any CPU
		{4B3CFD31-7BF9-4262-9572-F0924A83CC1B}.ProdAzure|Any CPU.Build.0 = ProdAzure|Any CPU
		{4B3CFD31-7BF9-4262-9572-F0924A83CC1B}.ProdPgSql|Any CPU.ActiveCfg = ProdPgSql|Any CPU
		{4B3CFD31-7BF9-4262-9572-F0924A83CC1B}.ProdPgSql|Any CPU.Build.0 = ProdPgSql|Any CPU
		{4B3CFD31-7BF9-4262-9572-F0924A83CC1B}.ProdSql|Any CPU.ActiveCfg = ProdSql|Any CPU
		{4B3CFD31-7BF9-4262-9572-F0924A83CC1B}.ProdSql|Any CPU.Build.0 = ProdSql|Any CPU
		{4B3CFD31-7BF9-4262-9572-F0924A83CC1B}.Release|Any CPU.ActiveCfg = Release|Any CPU
		{4B3CFD31-7BF9-4262-9572-F0924A83CC1B}.Release|Any CPU.Build.0 = Release|Any CPU
		{F18D54A4-364B-430C-9612-D1CD3644D4B4}.Debug|Any CPU.ActiveCfg = Debug|Any CPU
		{F18D54A4-364B-430C-9612-D1CD3644D4B4}.Debug|Any CPU.Build.0 = Debug|Any CPU
		{F18D54A4-364B-430C-9612-D1CD3644D4B4}.DevAzure|Any CPU.ActiveCfg = Debug|Any CPU
		{F18D54A4-364B-430C-9612-D1CD3644D4B4}.DevAzure|Any CPU.Build.0 = Debug|Any CPU
		{F18D54A4-364B-430C-9612-D1CD3644D4B4}.DevPgSql|Any CPU.ActiveCfg = Debug|Any CPU
		{F18D54A4-364B-430C-9612-D1CD3644D4B4}.DevPgSql|Any CPU.Build.0 = Debug|Any CPU
		{F18D54A4-364B-430C-9612-D1CD3644D4B4}.DevSql|Any CPU.ActiveCfg = Debug|Any CPU
		{F18D54A4-364B-430C-9612-D1CD3644D4B4}.DevSql|Any CPU.Build.0 = Debug|Any CPU
		{F18D54A4-364B-430C-9612-D1CD3644D4B4}.ProdAzure|Any CPU.ActiveCfg = Release|Any CPU
		{F18D54A4-364B-430C-9612-D1CD3644D4B4}.ProdAzure|Any CPU.Build.0 = Release|Any CPU
		{F18D54A4-364B-430C-9612-D1CD3644D4B4}.ProdPgSql|Any CPU.ActiveCfg = Release|Any CPU
		{F18D54A4-364B-430C-9612-D1CD3644D4B4}.ProdPgSql|Any CPU.Build.0 = Release|Any CPU
		{F18D54A4-364B-430C-9612-D1CD3644D4B4}.ProdSql|Any CPU.ActiveCfg = Release|Any CPU
		{F18D54A4-364B-430C-9612-D1CD3644D4B4}.ProdSql|Any CPU.Build.0 = Release|Any CPU
		{F18D54A4-364B-430C-9612-D1CD3644D4B4}.Release|Any CPU.ActiveCfg = Release|Any CPU
		{F18D54A4-364B-430C-9612-D1CD3644D4B4}.Release|Any CPU.Build.0 = Release|Any CPU
		{C7275BD4-52B2-444E-A880-2C70A8B79BEF}.Debug|Any CPU.ActiveCfg = Debug|Any CPU
		{C7275BD4-52B2-444E-A880-2C70A8B79BEF}.Debug|Any CPU.Build.0 = Debug|Any CPU
		{C7275BD4-52B2-444E-A880-2C70A8B79BEF}.DevAzure|Any CPU.ActiveCfg = DevAzure|Any CPU
		{C7275BD4-52B2-444E-A880-2C70A8B79BEF}.DevAzure|Any CPU.Build.0 = DevAzure|Any CPU
		{C7275BD4-52B2-444E-A880-2C70A8B79BEF}.DevPgSql|Any CPU.ActiveCfg = DevPgSql|Any CPU
		{C7275BD4-52B2-444E-A880-2C70A8B79BEF}.DevPgSql|Any CPU.Build.0 = DevPgSql|Any CPU
		{C7275BD4-52B2-444E-A880-2C70A8B79BEF}.DevSql|Any CPU.ActiveCfg = DevSql|Any CPU
		{C7275BD4-52B2-444E-A880-2C70A8B79BEF}.DevSql|Any CPU.Build.0 = DevSql|Any CPU
		{C7275BD4-52B2-444E-A880-2C70A8B79BEF}.ProdAzure|Any CPU.ActiveCfg = ProdAzure|Any CPU
		{C7275BD4-52B2-444E-A880-2C70A8B79BEF}.ProdAzure|Any CPU.Build.0 = ProdAzure|Any CPU
		{C7275BD4-52B2-444E-A880-2C70A8B79BEF}.ProdPgSql|Any CPU.ActiveCfg = ProdPgSql|Any CPU
		{C7275BD4-52B2-444E-A880-2C70A8B79BEF}.ProdPgSql|Any CPU.Build.0 = ProdPgSql|Any CPU
		{C7275BD4-52B2-444E-A880-2C70A8B79BEF}.ProdSql|Any CPU.ActiveCfg = ProdSql|Any CPU
		{C7275BD4-52B2-444E-A880-2C70A8B79BEF}.ProdSql|Any CPU.Build.0 = ProdSql|Any CPU
		{C7275BD4-52B2-444E-A880-2C70A8B79BEF}.Release|Any CPU.ActiveCfg = Release|Any CPU
		{C7275BD4-52B2-444E-A880-2C70A8B79BEF}.Release|Any CPU.Build.0 = Release|Any CPU
		{2A0959ED-854C-43A6-B8E5-A8818CBB35CE}.Debug|Any CPU.ActiveCfg = Debug|Any CPU
		{2A0959ED-854C-43A6-B8E5-A8818CBB35CE}.Debug|Any CPU.Build.0 = Debug|Any CPU
		{2A0959ED-854C-43A6-B8E5-A8818CBB35CE}.DevAzure|Any CPU.ActiveCfg = Debug|Any CPU
		{2A0959ED-854C-43A6-B8E5-A8818CBB35CE}.DevAzure|Any CPU.Build.0 = Debug|Any CPU
		{2A0959ED-854C-43A6-B8E5-A8818CBB35CE}.DevPgSql|Any CPU.ActiveCfg = Debug|Any CPU
		{2A0959ED-854C-43A6-B8E5-A8818CBB35CE}.DevPgSql|Any CPU.Build.0 = Debug|Any CPU
		{2A0959ED-854C-43A6-B8E5-A8818CBB35CE}.DevSql|Any CPU.ActiveCfg = Debug|Any CPU
		{2A0959ED-854C-43A6-B8E5-A8818CBB35CE}.DevSql|Any CPU.Build.0 = Debug|Any CPU
		{2A0959ED-854C-43A6-B8E5-A8818CBB35CE}.ProdAzure|Any CPU.ActiveCfg = Release|Any CPU
		{2A0959ED-854C-43A6-B8E5-A8818CBB35CE}.ProdAzure|Any CPU.Build.0 = Release|Any CPU
		{2A0959ED-854C-43A6-B8E5-A8818CBB35CE}.ProdPgSql|Any CPU.ActiveCfg = Release|Any CPU
		{2A0959ED-854C-43A6-B8E5-A8818CBB35CE}.ProdPgSql|Any CPU.Build.0 = Release|Any CPU
		{2A0959ED-854C-43A6-B8E5-A8818CBB35CE}.ProdSql|Any CPU.ActiveCfg = Release|Any CPU
		{2A0959ED-854C-43A6-B8E5-A8818CBB35CE}.ProdSql|Any CPU.Build.0 = Release|Any CPU
		{2A0959ED-854C-43A6-B8E5-A8818CBB35CE}.Release|Any CPU.ActiveCfg = Release|Any CPU
		{2A0959ED-854C-43A6-B8E5-A8818CBB35CE}.Release|Any CPU.Build.0 = Release|Any CPU
		{899D0061-6F5A-4089-9727-E8FCA58ABB1E}.Debug|Any CPU.ActiveCfg = Debug|Any CPU
		{899D0061-6F5A-4089-9727-E8FCA58ABB1E}.Debug|Any CPU.Build.0 = Debug|Any CPU
		{899D0061-6F5A-4089-9727-E8FCA58ABB1E}.DevAzure|Any CPU.ActiveCfg = Debug|Any CPU
		{899D0061-6F5A-4089-9727-E8FCA58ABB1E}.DevAzure|Any CPU.Build.0 = Debug|Any CPU
		{899D0061-6F5A-4089-9727-E8FCA58ABB1E}.DevPgSql|Any CPU.ActiveCfg = Debug|Any CPU
		{899D0061-6F5A-4089-9727-E8FCA58ABB1E}.DevPgSql|Any CPU.Build.0 = Debug|Any CPU
		{899D0061-6F5A-4089-9727-E8FCA58ABB1E}.DevSql|Any CPU.ActiveCfg = Debug|Any CPU
		{899D0061-6F5A-4089-9727-E8FCA58ABB1E}.DevSql|Any CPU.Build.0 = Debug|Any CPU
		{899D0061-6F5A-4089-9727-E8FCA58ABB1E}.ProdAzure|Any CPU.ActiveCfg = Debug|Any CPU
		{899D0061-6F5A-4089-9727-E8FCA58ABB1E}.ProdAzure|Any CPU.Build.0 = Debug|Any CPU
		{899D0061-6F5A-4089-9727-E8FCA58ABB1E}.ProdAzure|Any CPU.Deploy.0 = Debug|Any CPU
		{899D0061-6F5A-4089-9727-E8FCA58ABB1E}.ProdPgSql|Any CPU.ActiveCfg = Debug|Any CPU
		{899D0061-6F5A-4089-9727-E8FCA58ABB1E}.ProdPgSql|Any CPU.Build.0 = Debug|Any CPU
		{899D0061-6F5A-4089-9727-E8FCA58ABB1E}.ProdPgSql|Any CPU.Deploy.0 = Debug|Any CPU
		{899D0061-6F5A-4089-9727-E8FCA58ABB1E}.ProdSql|Any CPU.ActiveCfg = Debug|Any CPU
		{899D0061-6F5A-4089-9727-E8FCA58ABB1E}.ProdSql|Any CPU.Build.0 = Debug|Any CPU
		{899D0061-6F5A-4089-9727-E8FCA58ABB1E}.ProdSql|Any CPU.Deploy.0 = Debug|Any CPU
		{899D0061-6F5A-4089-9727-E8FCA58ABB1E}.Release|Any CPU.ActiveCfg = Release|Any CPU
		{899D0061-6F5A-4089-9727-E8FCA58ABB1E}.Release|Any CPU.Build.0 = Release|Any CPU
		{D078663B-F5D5-4B06-8D59-73B31EFEF375}.Debug|Any CPU.ActiveCfg = Debug|Any CPU
		{D078663B-F5D5-4B06-8D59-73B31EFEF375}.Debug|Any CPU.Build.0 = Debug|Any CPU
		{D078663B-F5D5-4B06-8D59-73B31EFEF375}.DevAzure|Any CPU.ActiveCfg = DevAzure|Any CPU
		{D078663B-F5D5-4B06-8D59-73B31EFEF375}.DevAzure|Any CPU.Build.0 = DevAzure|Any CPU
		{D078663B-F5D5-4B06-8D59-73B31EFEF375}.DevPgSql|Any CPU.ActiveCfg = DevPgSql|Any CPU
		{D078663B-F5D5-4B06-8D59-73B31EFEF375}.DevPgSql|Any CPU.Build.0 = DevPgSql|Any CPU
		{D078663B-F5D5-4B06-8D59-73B31EFEF375}.DevSql|Any CPU.ActiveCfg = DevSql|Any CPU
		{D078663B-F5D5-4B06-8D59-73B31EFEF375}.DevSql|Any CPU.Build.0 = DevSql|Any CPU
		{D078663B-F5D5-4B06-8D59-73B31EFEF375}.ProdAzure|Any CPU.ActiveCfg = ProdAzure|Any CPU
		{D078663B-F5D5-4B06-8D59-73B31EFEF375}.ProdAzure|Any CPU.Build.0 = ProdAzure|Any CPU
		{D078663B-F5D5-4B06-8D59-73B31EFEF375}.ProdPgSql|Any CPU.ActiveCfg = ProdPgSql|Any CPU
		{D078663B-F5D5-4B06-8D59-73B31EFEF375}.ProdPgSql|Any CPU.Build.0 = ProdPgSql|Any CPU
		{D078663B-F5D5-4B06-8D59-73B31EFEF375}.ProdSql|Any CPU.ActiveCfg = ProdSql|Any CPU
		{D078663B-F5D5-4B06-8D59-73B31EFEF375}.ProdSql|Any CPU.Build.0 = ProdSql|Any CPU
		{D078663B-F5D5-4B06-8D59-73B31EFEF375}.Release|Any CPU.ActiveCfg = Release|Any CPU
		{D078663B-F5D5-4B06-8D59-73B31EFEF375}.Release|Any CPU.Build.0 = Release|Any CPU
		{17D1CC13-A661-43C8-8845-EFC46F0CE132}.Debug|Any CPU.ActiveCfg = Debug|Any CPU
		{17D1CC13-A661-43C8-8845-EFC46F0CE132}.Debug|Any CPU.Build.0 = Debug|Any CPU
		{17D1CC13-A661-43C8-8845-EFC46F0CE132}.DevAzure|Any CPU.ActiveCfg = Debug|Any CPU
		{17D1CC13-A661-43C8-8845-EFC46F0CE132}.DevAzure|Any CPU.Build.0 = Debug|Any CPU
		{17D1CC13-A661-43C8-8845-EFC46F0CE132}.DevPgSql|Any CPU.ActiveCfg = Debug|Any CPU
		{17D1CC13-A661-43C8-8845-EFC46F0CE132}.DevPgSql|Any CPU.Build.0 = Debug|Any CPU
		{17D1CC13-A661-43C8-8845-EFC46F0CE132}.DevSql|Any CPU.ActiveCfg = Debug|Any CPU
		{17D1CC13-A661-43C8-8845-EFC46F0CE132}.DevSql|Any CPU.Build.0 = Debug|Any CPU
		{17D1CC13-A661-43C8-8845-EFC46F0CE132}.ProdAzure|Any CPU.ActiveCfg = Release|Any CPU
		{17D1CC13-A661-43C8-8845-EFC46F0CE132}.ProdAzure|Any CPU.Build.0 = Release|Any CPU
		{17D1CC13-A661-43C8-8845-EFC46F0CE132}.ProdPgSql|Any CPU.ActiveCfg = Release|Any CPU
		{17D1CC13-A661-43C8-8845-EFC46F0CE132}.ProdPgSql|Any CPU.Build.0 = Release|Any CPU
		{17D1CC13-A661-43C8-8845-EFC46F0CE132}.ProdSql|Any CPU.ActiveCfg = Release|Any CPU
		{17D1CC13-A661-43C8-8845-EFC46F0CE132}.ProdSql|Any CPU.Build.0 = Release|Any CPU
		{17D1CC13-A661-43C8-8845-EFC46F0CE132}.Release|Any CPU.ActiveCfg = Release|Any CPU
		{17D1CC13-A661-43C8-8845-EFC46F0CE132}.Release|Any CPU.Build.0 = Release|Any CPU
		{B5F4AFF8-5386-4CC9-9E0D-F53958E5522A}.Debug|Any CPU.ActiveCfg = Debug|Any CPU
		{B5F4AFF8-5386-4CC9-9E0D-F53958E5522A}.Debug|Any CPU.Build.0 = Debug|Any CPU
		{B5F4AFF8-5386-4CC9-9E0D-F53958E5522A}.DevAzure|Any CPU.ActiveCfg = Debug|Any CPU
		{B5F4AFF8-5386-4CC9-9E0D-F53958E5522A}.DevAzure|Any CPU.Build.0 = Debug|Any CPU
		{B5F4AFF8-5386-4CC9-9E0D-F53958E5522A}.DevPgSql|Any CPU.ActiveCfg = Debug|Any CPU
		{B5F4AFF8-5386-4CC9-9E0D-F53958E5522A}.DevPgSql|Any CPU.Build.0 = Debug|Any CPU
		{B5F4AFF8-5386-4CC9-9E0D-F53958E5522A}.DevSql|Any CPU.ActiveCfg = Debug|Any CPU
		{B5F4AFF8-5386-4CC9-9E0D-F53958E5522A}.DevSql|Any CPU.Build.0 = Debug|Any CPU
		{B5F4AFF8-5386-4CC9-9E0D-F53958E5522A}.ProdAzure|Any CPU.ActiveCfg = Release|Any CPU
		{B5F4AFF8-5386-4CC9-9E0D-F53958E5522A}.ProdAzure|Any CPU.Build.0 = Release|Any CPU
		{B5F4AFF8-5386-4CC9-9E0D-F53958E5522A}.ProdPgSql|Any CPU.ActiveCfg = Release|Any CPU
		{B5F4AFF8-5386-4CC9-9E0D-F53958E5522A}.ProdPgSql|Any CPU.Build.0 = Release|Any CPU
		{B5F4AFF8-5386-4CC9-9E0D-F53958E5522A}.ProdSql|Any CPU.ActiveCfg = Release|Any CPU
		{B5F4AFF8-5386-4CC9-9E0D-F53958E5522A}.ProdSql|Any CPU.Build.0 = Release|Any CPU
		{B5F4AFF8-5386-4CC9-9E0D-F53958E5522A}.Release|Any CPU.ActiveCfg = Release|Any CPU
		{B5F4AFF8-5386-4CC9-9E0D-F53958E5522A}.Release|Any CPU.Build.0 = Release|Any CPU
		{8AD145BA-1606-46C1-A72B-3C202265AE26}.Debug|Any CPU.ActiveCfg = Debug|Any CPU
		{8AD145BA-1606-46C1-A72B-3C202265AE26}.Debug|Any CPU.Build.0 = Debug|Any CPU
		{8AD145BA-1606-46C1-A72B-3C202265AE26}.DevAzure|Any CPU.ActiveCfg = Debug|Any CPU
		{8AD145BA-1606-46C1-A72B-3C202265AE26}.DevAzure|Any CPU.Build.0 = Debug|Any CPU
		{8AD145BA-1606-46C1-A72B-3C202265AE26}.DevPgSql|Any CPU.ActiveCfg = Debug|Any CPU
		{8AD145BA-1606-46C1-A72B-3C202265AE26}.DevPgSql|Any CPU.Build.0 = Debug|Any CPU
		{8AD145BA-1606-46C1-A72B-3C202265AE26}.DevSql|Any CPU.ActiveCfg = Debug|Any CPU
		{8AD145BA-1606-46C1-A72B-3C202265AE26}.DevSql|Any CPU.Build.0 = Debug|Any CPU
		{8AD145BA-1606-46C1-A72B-3C202265AE26}.ProdAzure|Any CPU.ActiveCfg = Release|Any CPU
		{8AD145BA-1606-46C1-A72B-3C202265AE26}.ProdAzure|Any CPU.Build.0 = Release|Any CPU
		{8AD145BA-1606-46C1-A72B-3C202265AE26}.ProdPgSql|Any CPU.ActiveCfg = Release|Any CPU
		{8AD145BA-1606-46C1-A72B-3C202265AE26}.ProdPgSql|Any CPU.Build.0 = Release|Any CPU
		{8AD145BA-1606-46C1-A72B-3C202265AE26}.ProdSql|Any CPU.ActiveCfg = Release|Any CPU
		{8AD145BA-1606-46C1-A72B-3C202265AE26}.ProdSql|Any CPU.Build.0 = Release|Any CPU
		{8AD145BA-1606-46C1-A72B-3C202265AE26}.Release|Any CPU.ActiveCfg = Release|Any CPU
		{8AD145BA-1606-46C1-A72B-3C202265AE26}.Release|Any CPU.Build.0 = Release|Any CPU
		{3AE0CD09-FF02-4CE9-9EF9-2C2A510DA3FD}.Debug|Any CPU.ActiveCfg = Debug|Any CPU
		{3AE0CD09-FF02-4CE9-9EF9-2C2A510DA3FD}.Debug|Any CPU.Build.0 = Debug|Any CPU
		{3AE0CD09-FF02-4CE9-9EF9-2C2A510DA3FD}.DevAzure|Any CPU.ActiveCfg = Debug|Any CPU
		{3AE0CD09-FF02-4CE9-9EF9-2C2A510DA3FD}.DevAzure|Any CPU.Build.0 = Debug|Any CPU
		{3AE0CD09-FF02-4CE9-9EF9-2C2A510DA3FD}.DevPgSql|Any CPU.ActiveCfg = DevPgSql|Any CPU
		{3AE0CD09-FF02-4CE9-9EF9-2C2A510DA3FD}.DevPgSql|Any CPU.Build.0 = DevPgSql|Any CPU
		{3AE0CD09-FF02-4CE9-9EF9-2C2A510DA3FD}.DevSql|Any CPU.ActiveCfg = Debug|Any CPU
		{3AE0CD09-FF02-4CE9-9EF9-2C2A510DA3FD}.DevSql|Any CPU.Build.0 = Debug|Any CPU
		{3AE0CD09-FF02-4CE9-9EF9-2C2A510DA3FD}.ProdAzure|Any CPU.ActiveCfg = Debug|Any CPU
		{3AE0CD09-FF02-4CE9-9EF9-2C2A510DA3FD}.ProdAzure|Any CPU.Build.0 = Debug|Any CPU
		{3AE0CD09-FF02-4CE9-9EF9-2C2A510DA3FD}.ProdPgSql|Any CPU.ActiveCfg = DevPgSql|Any CPU
		{3AE0CD09-FF02-4CE9-9EF9-2C2A510DA3FD}.ProdPgSql|Any CPU.Build.0 = DevPgSql|Any CPU
		{3AE0CD09-FF02-4CE9-9EF9-2C2A510DA3FD}.ProdSql|Any CPU.ActiveCfg = Debug|Any CPU
		{3AE0CD09-FF02-4CE9-9EF9-2C2A510DA3FD}.ProdSql|Any CPU.Build.0 = Debug|Any CPU
		{3AE0CD09-FF02-4CE9-9EF9-2C2A510DA3FD}.Release|Any CPU.ActiveCfg = Release|Any CPU
		{3AE0CD09-FF02-4CE9-9EF9-2C2A510DA3FD}.Release|Any CPU.Build.0 = Release|Any CPU
		{EB617FF2-8BE5-4146-BA9D-4D9A08C70CE5}.Debug|Any CPU.ActiveCfg = Debug|Any CPU
		{EB617FF2-8BE5-4146-BA9D-4D9A08C70CE5}.Debug|Any CPU.Build.0 = Debug|Any CPU
		{EB617FF2-8BE5-4146-BA9D-4D9A08C70CE5}.DevAzure|Any CPU.ActiveCfg = Debug|Any CPU
		{EB617FF2-8BE5-4146-BA9D-4D9A08C70CE5}.DevAzure|Any CPU.Build.0 = Debug|Any CPU
		{EB617FF2-8BE5-4146-BA9D-4D9A08C70CE5}.DevPgSql|Any CPU.ActiveCfg = Debug|Any CPU
		{EB617FF2-8BE5-4146-BA9D-4D9A08C70CE5}.DevPgSql|Any CPU.Build.0 = Debug|Any CPU
		{EB617FF2-8BE5-4146-BA9D-4D9A08C70CE5}.DevSql|Any CPU.ActiveCfg = Debug|Any CPU
		{EB617FF2-8BE5-4146-BA9D-4D9A08C70CE5}.DevSql|Any CPU.Build.0 = Debug|Any CPU
		{EB617FF2-8BE5-4146-BA9D-4D9A08C70CE5}.ProdAzure|Any CPU.ActiveCfg = Release|Any CPU
		{EB617FF2-8BE5-4146-BA9D-4D9A08C70CE5}.ProdAzure|Any CPU.Build.0 = Release|Any CPU
		{EB617FF2-8BE5-4146-BA9D-4D9A08C70CE5}.ProdPgSql|Any CPU.ActiveCfg = Release|Any CPU
		{EB617FF2-8BE5-4146-BA9D-4D9A08C70CE5}.ProdPgSql|Any CPU.Build.0 = Release|Any CPU
		{EB617FF2-8BE5-4146-BA9D-4D9A08C70CE5}.ProdSql|Any CPU.ActiveCfg = Release|Any CPU
		{EB617FF2-8BE5-4146-BA9D-4D9A08C70CE5}.ProdSql|Any CPU.Build.0 = Release|Any CPU
		{EB617FF2-8BE5-4146-BA9D-4D9A08C70CE5}.Release|Any CPU.ActiveCfg = Release|Any CPU
		{EB617FF2-8BE5-4146-BA9D-4D9A08C70CE5}.Release|Any CPU.Build.0 = Release|Any CPU
		{7894BBE9-AE81-4F95-AD81-BA2B0431698C}.Debug|Any CPU.ActiveCfg = Debug|Any CPU
		{7894BBE9-AE81-4F95-AD81-BA2B0431698C}.Debug|Any CPU.Build.0 = Debug|Any CPU
		{7894BBE9-AE81-4F95-AD81-BA2B0431698C}.DevAzure|Any CPU.ActiveCfg = Debug|Any CPU
		{7894BBE9-AE81-4F95-AD81-BA2B0431698C}.DevAzure|Any CPU.Build.0 = Debug|Any CPU
		{7894BBE9-AE81-4F95-AD81-BA2B0431698C}.DevPgSql|Any CPU.ActiveCfg = Debug|Any CPU
		{7894BBE9-AE81-4F95-AD81-BA2B0431698C}.DevPgSql|Any CPU.Build.0 = Debug|Any CPU
		{7894BBE9-AE81-4F95-AD81-BA2B0431698C}.DevSql|Any CPU.ActiveCfg = Debug|Any CPU
		{7894BBE9-AE81-4F95-AD81-BA2B0431698C}.DevSql|Any CPU.Build.0 = Debug|Any CPU
		{7894BBE9-AE81-4F95-AD81-BA2B0431698C}.ProdAzure|Any CPU.ActiveCfg = Release|Any CPU
		{7894BBE9-AE81-4F95-AD81-BA2B0431698C}.ProdAzure|Any CPU.Build.0 = Release|Any CPU
		{7894BBE9-AE81-4F95-AD81-BA2B0431698C}.ProdPgSql|Any CPU.ActiveCfg = Release|Any CPU
		{7894BBE9-AE81-4F95-AD81-BA2B0431698C}.ProdPgSql|Any CPU.Build.0 = Release|Any CPU
		{7894BBE9-AE81-4F95-AD81-BA2B0431698C}.ProdSql|Any CPU.ActiveCfg = Release|Any CPU
		{7894BBE9-AE81-4F95-AD81-BA2B0431698C}.ProdSql|Any CPU.Build.0 = Release|Any CPU
		{7894BBE9-AE81-4F95-AD81-BA2B0431698C}.Release|Any CPU.ActiveCfg = Release|Any CPU
		{7894BBE9-AE81-4F95-AD81-BA2B0431698C}.Release|Any CPU.Build.0 = Release|Any CPU
		{512934AB-4E46-42DA-935B-537530B7E85B}.Debug|Any CPU.ActiveCfg = Debug|Any CPU
		{512934AB-4E46-42DA-935B-537530B7E85B}.Debug|Any CPU.Build.0 = Debug|Any CPU
		{512934AB-4E46-42DA-935B-537530B7E85B}.DevAzure|Any CPU.ActiveCfg = Debug|Any CPU
		{512934AB-4E46-42DA-935B-537530B7E85B}.DevAzure|Any CPU.Build.0 = Debug|Any CPU
		{512934AB-4E46-42DA-935B-537530B7E85B}.DevPgSql|Any CPU.ActiveCfg = Debug|Any CPU
		{512934AB-4E46-42DA-935B-537530B7E85B}.DevPgSql|Any CPU.Build.0 = Debug|Any CPU
		{512934AB-4E46-42DA-935B-537530B7E85B}.DevSql|Any CPU.ActiveCfg = Debug|Any CPU
		{512934AB-4E46-42DA-935B-537530B7E85B}.DevSql|Any CPU.Build.0 = Debug|Any CPU
		{512934AB-4E46-42DA-935B-537530B7E85B}.ProdAzure|Any CPU.ActiveCfg = Release|Any CPU
		{512934AB-4E46-42DA-935B-537530B7E85B}.ProdAzure|Any CPU.Build.0 = Release|Any CPU
		{512934AB-4E46-42DA-935B-537530B7E85B}.ProdPgSql|Any CPU.ActiveCfg = Release|Any CPU
		{512934AB-4E46-42DA-935B-537530B7E85B}.ProdPgSql|Any CPU.Build.0 = Release|Any CPU
		{512934AB-4E46-42DA-935B-537530B7E85B}.ProdSql|Any CPU.ActiveCfg = Release|Any CPU
		{512934AB-4E46-42DA-935B-537530B7E85B}.ProdSql|Any CPU.Build.0 = Release|Any CPU
		{512934AB-4E46-42DA-935B-537530B7E85B}.Release|Any CPU.ActiveCfg = Release|Any CPU
		{512934AB-4E46-42DA-935B-537530B7E85B}.Release|Any CPU.Build.0 = Release|Any CPU
		{3705E2BB-7E58-4745-B3E8-08223E57557A}.Debug|Any CPU.ActiveCfg = Debug|Any CPU
		{3705E2BB-7E58-4745-B3E8-08223E57557A}.Debug|Any CPU.Build.0 = Debug|Any CPU
		{3705E2BB-7E58-4745-B3E8-08223E57557A}.DevAzure|Any CPU.ActiveCfg = Debug|Any CPU
		{3705E2BB-7E58-4745-B3E8-08223E57557A}.DevAzure|Any CPU.Build.0 = Debug|Any CPU
		{3705E2BB-7E58-4745-B3E8-08223E57557A}.DevPgSql|Any CPU.ActiveCfg = DevPgSql|Any CPU
		{3705E2BB-7E58-4745-B3E8-08223E57557A}.DevPgSql|Any CPU.Build.0 = DevPgSql|Any CPU
		{3705E2BB-7E58-4745-B3E8-08223E57557A}.DevSql|Any CPU.ActiveCfg = DevSql|Any CPU
		{3705E2BB-7E58-4745-B3E8-08223E57557A}.DevSql|Any CPU.Build.0 = DevSql|Any CPU
		{3705E2BB-7E58-4745-B3E8-08223E57557A}.ProdAzure|Any CPU.ActiveCfg = ProdAzure|Any CPU
		{3705E2BB-7E58-4745-B3E8-08223E57557A}.ProdAzure|Any CPU.Build.0 = ProdAzure|Any CPU
		{3705E2BB-7E58-4745-B3E8-08223E57557A}.ProdPgSql|Any CPU.ActiveCfg = ProdPgSql|Any CPU
		{3705E2BB-7E58-4745-B3E8-08223E57557A}.ProdPgSql|Any CPU.Build.0 = ProdPgSql|Any CPU
		{3705E2BB-7E58-4745-B3E8-08223E57557A}.ProdSql|Any CPU.ActiveCfg = ProdSql|Any CPU
		{3705E2BB-7E58-4745-B3E8-08223E57557A}.ProdSql|Any CPU.Build.0 = ProdSql|Any CPU
		{3705E2BB-7E58-4745-B3E8-08223E57557A}.Release|Any CPU.ActiveCfg = Release|Any CPU
		{3705E2BB-7E58-4745-B3E8-08223E57557A}.Release|Any CPU.Build.0 = Release|Any CPU
		{53B16969-6EB6-4D8F-9EB6-716E559E2BB2}.Debug|Any CPU.ActiveCfg = Debug|Any CPU
		{53B16969-6EB6-4D8F-9EB6-716E559E2BB2}.Debug|Any CPU.Build.0 = Debug|Any CPU
		{53B16969-6EB6-4D8F-9EB6-716E559E2BB2}.DevAzure|Any CPU.ActiveCfg = DevAzure|Any CPU
		{53B16969-6EB6-4D8F-9EB6-716E559E2BB2}.DevAzure|Any CPU.Build.0 = DevAzure|Any CPU
		{53B16969-6EB6-4D8F-9EB6-716E559E2BB2}.DevPgSql|Any CPU.ActiveCfg = DevPgSql|Any CPU
		{53B16969-6EB6-4D8F-9EB6-716E559E2BB2}.DevPgSql|Any CPU.Build.0 = DevPgSql|Any CPU
		{53B16969-6EB6-4D8F-9EB6-716E559E2BB2}.DevSql|Any CPU.ActiveCfg = DevSql|Any CPU
		{53B16969-6EB6-4D8F-9EB6-716E559E2BB2}.DevSql|Any CPU.Build.0 = DevSql|Any CPU
		{53B16969-6EB6-4D8F-9EB6-716E559E2BB2}.ProdAzure|Any CPU.ActiveCfg = Release|Any CPU
		{53B16969-6EB6-4D8F-9EB6-716E559E2BB2}.ProdAzure|Any CPU.Build.0 = Release|Any CPU
		{53B16969-6EB6-4D8F-9EB6-716E559E2BB2}.ProdPgSql|Any CPU.ActiveCfg = Release|Any CPU
		{53B16969-6EB6-4D8F-9EB6-716E559E2BB2}.ProdPgSql|Any CPU.Build.0 = Release|Any CPU
		{53B16969-6EB6-4D8F-9EB6-716E559E2BB2}.ProdSql|Any CPU.ActiveCfg = Release|Any CPU
		{53B16969-6EB6-4D8F-9EB6-716E559E2BB2}.ProdSql|Any CPU.Build.0 = Release|Any CPU
		{53B16969-6EB6-4D8F-9EB6-716E559E2BB2}.Release|Any CPU.ActiveCfg = Release|Any CPU
		{53B16969-6EB6-4D8F-9EB6-716E559E2BB2}.Release|Any CPU.Build.0 = Release|Any CPU
		{B242CE85-F186-4107-98FC-1A87538B704D}.Debug|Any CPU.ActiveCfg = Debug|Any CPU
		{B242CE85-F186-4107-98FC-1A87538B704D}.Debug|Any CPU.Build.0 = Debug|Any CPU
		{B242CE85-F186-4107-98FC-1A87538B704D}.DevAzure|Any CPU.ActiveCfg = Debug|Any CPU
		{B242CE85-F186-4107-98FC-1A87538B704D}.DevAzure|Any CPU.Build.0 = Debug|Any CPU
		{B242CE85-F186-4107-98FC-1A87538B704D}.DevPgSql|Any CPU.ActiveCfg = Debug|Any CPU
		{B242CE85-F186-4107-98FC-1A87538B704D}.DevPgSql|Any CPU.Build.0 = Debug|Any CPU
		{B242CE85-F186-4107-98FC-1A87538B704D}.DevSql|Any CPU.ActiveCfg = Debug|Any CPU
		{B242CE85-F186-4107-98FC-1A87538B704D}.DevSql|Any CPU.Build.0 = Debug|Any CPU
		{B242CE85-F186-4107-98FC-1A87538B704D}.ProdAzure|Any CPU.ActiveCfg = Release|Any CPU
		{B242CE85-F186-4107-98FC-1A87538B704D}.ProdAzure|Any CPU.Build.0 = Release|Any CPU
		{B242CE85-F186-4107-98FC-1A87538B704D}.ProdPgSql|Any CPU.ActiveCfg = Release|Any CPU
		{B242CE85-F186-4107-98FC-1A87538B704D}.ProdPgSql|Any CPU.Build.0 = Release|Any CPU
		{B242CE85-F186-4107-98FC-1A87538B704D}.ProdSql|Any CPU.ActiveCfg = Release|Any CPU
		{B242CE85-F186-4107-98FC-1A87538B704D}.ProdSql|Any CPU.Build.0 = Release|Any CPU
		{B242CE85-F186-4107-98FC-1A87538B704D}.Release|Any CPU.ActiveCfg = Release|Any CPU
		{B242CE85-F186-4107-98FC-1A87538B704D}.Release|Any CPU.Build.0 = Release|Any CPU
		{BBDDF8C6-196F-4B25-906E-108B59E4A837}.Debug|Any CPU.ActiveCfg = Debug|Any CPU
		{BBDDF8C6-196F-4B25-906E-108B59E4A837}.Debug|Any CPU.Build.0 = Debug|Any CPU
		{BBDDF8C6-196F-4B25-906E-108B59E4A837}.DevAzure|Any CPU.ActiveCfg = Debug|Any CPU
		{BBDDF8C6-196F-4B25-906E-108B59E4A837}.DevAzure|Any CPU.Build.0 = Debug|Any CPU
		{BBDDF8C6-196F-4B25-906E-108B59E4A837}.DevPgSql|Any CPU.ActiveCfg = Debug|Any CPU
		{BBDDF8C6-196F-4B25-906E-108B59E4A837}.DevPgSql|Any CPU.Build.0 = Debug|Any CPU
		{BBDDF8C6-196F-4B25-906E-108B59E4A837}.DevSql|Any CPU.ActiveCfg = Debug|Any CPU
		{BBDDF8C6-196F-4B25-906E-108B59E4A837}.DevSql|Any CPU.Build.0 = Debug|Any CPU
		{BBDDF8C6-196F-4B25-906E-108B59E4A837}.ProdAzure|Any CPU.ActiveCfg = Release|Any CPU
		{BBDDF8C6-196F-4B25-906E-108B59E4A837}.ProdAzure|Any CPU.Build.0 = Release|Any CPU
		{BBDDF8C6-196F-4B25-906E-108B59E4A837}.ProdPgSql|Any CPU.ActiveCfg = Release|Any CPU
		{BBDDF8C6-196F-4B25-906E-108B59E4A837}.ProdPgSql|Any CPU.Build.0 = Release|Any CPU
		{BBDDF8C6-196F-4B25-906E-108B59E4A837}.ProdSql|Any CPU.ActiveCfg = Release|Any CPU
		{BBDDF8C6-196F-4B25-906E-108B59E4A837}.ProdSql|Any CPU.Build.0 = Release|Any CPU
		{BBDDF8C6-196F-4B25-906E-108B59E4A837}.Release|Any CPU.ActiveCfg = Release|Any CPU
		{BBDDF8C6-196F-4B25-906E-108B59E4A837}.Release|Any CPU.Build.0 = Release|Any CPU
		{AB320464-7159-4AA8-8116-1A7169FBF79C}.Debug|Any CPU.ActiveCfg = Debug|Any CPU
		{AB320464-7159-4AA8-8116-1A7169FBF79C}.Debug|Any CPU.Build.0 = Debug|Any CPU
		{AB320464-7159-4AA8-8116-1A7169FBF79C}.DevAzure|Any CPU.ActiveCfg = Debug|Any CPU
		{AB320464-7159-4AA8-8116-1A7169FBF79C}.DevAzure|Any CPU.Build.0 = Debug|Any CPU
		{AB320464-7159-4AA8-8116-1A7169FBF79C}.DevPgSql|Any CPU.ActiveCfg = Debug|Any CPU
		{AB320464-7159-4AA8-8116-1A7169FBF79C}.DevPgSql|Any CPU.Build.0 = Debug|Any CPU
		{AB320464-7159-4AA8-8116-1A7169FBF79C}.DevSql|Any CPU.ActiveCfg = Debug|Any CPU
		{AB320464-7159-4AA8-8116-1A7169FBF79C}.DevSql|Any CPU.Build.0 = Debug|Any CPU
		{AB320464-7159-4AA8-8116-1A7169FBF79C}.ProdAzure|Any CPU.ActiveCfg = Release|Any CPU
		{AB320464-7159-4AA8-8116-1A7169FBF79C}.ProdAzure|Any CPU.Build.0 = Release|Any CPU
		{AB320464-7159-4AA8-8116-1A7169FBF79C}.ProdPgSql|Any CPU.ActiveCfg = Release|Any CPU
		{AB320464-7159-4AA8-8116-1A7169FBF79C}.ProdPgSql|Any CPU.Build.0 = Release|Any CPU
		{AB320464-7159-4AA8-8116-1A7169FBF79C}.ProdSql|Any CPU.ActiveCfg = Release|Any CPU
		{AB320464-7159-4AA8-8116-1A7169FBF79C}.ProdSql|Any CPU.Build.0 = Release|Any CPU
		{AB320464-7159-4AA8-8116-1A7169FBF79C}.Release|Any CPU.ActiveCfg = Release|Any CPU
		{AB320464-7159-4AA8-8116-1A7169FBF79C}.Release|Any CPU.Build.0 = Release|Any CPU
		{6C337D0B-BFB0-417B-8E11-57B917F4BF81}.Debug|Any CPU.ActiveCfg = Debug|Any CPU
		{6C337D0B-BFB0-417B-8E11-57B917F4BF81}.Debug|Any CPU.Build.0 = Debug|Any CPU
		{6C337D0B-BFB0-417B-8E11-57B917F4BF81}.DevAzure|Any CPU.ActiveCfg = Debug|Any CPU
		{6C337D0B-BFB0-417B-8E11-57B917F4BF81}.DevAzure|Any CPU.Build.0 = Debug|Any CPU
		{6C337D0B-BFB0-417B-8E11-57B917F4BF81}.DevPgSql|Any CPU.ActiveCfg = Debug|Any CPU
		{6C337D0B-BFB0-417B-8E11-57B917F4BF81}.DevPgSql|Any CPU.Build.0 = Debug|Any CPU
		{6C337D0B-BFB0-417B-8E11-57B917F4BF81}.DevSql|Any CPU.ActiveCfg = Debug|Any CPU
		{6C337D0B-BFB0-417B-8E11-57B917F4BF81}.DevSql|Any CPU.Build.0 = Debug|Any CPU
		{6C337D0B-BFB0-417B-8E11-57B917F4BF81}.ProdAzure|Any CPU.ActiveCfg = Release|Any CPU
		{6C337D0B-BFB0-417B-8E11-57B917F4BF81}.ProdAzure|Any CPU.Build.0 = Release|Any CPU
		{6C337D0B-BFB0-417B-8E11-57B917F4BF81}.ProdPgSql|Any CPU.ActiveCfg = Release|Any CPU
		{6C337D0B-BFB0-417B-8E11-57B917F4BF81}.ProdPgSql|Any CPU.Build.0 = Release|Any CPU
		{6C337D0B-BFB0-417B-8E11-57B917F4BF81}.ProdSql|Any CPU.ActiveCfg = Release|Any CPU
		{6C337D0B-BFB0-417B-8E11-57B917F4BF81}.ProdSql|Any CPU.Build.0 = Release|Any CPU
		{6C337D0B-BFB0-417B-8E11-57B917F4BF81}.Release|Any CPU.ActiveCfg = Release|Any CPU
		{6C337D0B-BFB0-417B-8E11-57B917F4BF81}.Release|Any CPU.Build.0 = Release|Any CPU
		{1099F633-4AC5-4BF9-A368-3B1840164FA0}.Debug|Any CPU.ActiveCfg = Debug|Any CPU
		{1099F633-4AC5-4BF9-A368-3B1840164FA0}.Debug|Any CPU.Build.0 = Debug|Any CPU
		{1099F633-4AC5-4BF9-A368-3B1840164FA0}.DevAzure|Any CPU.ActiveCfg = Debug|Any CPU
		{1099F633-4AC5-4BF9-A368-3B1840164FA0}.DevAzure|Any CPU.Build.0 = Debug|Any CPU
		{1099F633-4AC5-4BF9-A368-3B1840164FA0}.DevPgSql|Any CPU.ActiveCfg = Debug|Any CPU
		{1099F633-4AC5-4BF9-A368-3B1840164FA0}.DevPgSql|Any CPU.Build.0 = Debug|Any CPU
		{1099F633-4AC5-4BF9-A368-3B1840164FA0}.DevSql|Any CPU.ActiveCfg = Debug|Any CPU
		{1099F633-4AC5-4BF9-A368-3B1840164FA0}.DevSql|Any CPU.Build.0 = Debug|Any CPU
		{1099F633-4AC5-4BF9-A368-3B1840164FA0}.ProdAzure|Any CPU.ActiveCfg = Release|Any CPU
		{1099F633-4AC5-4BF9-A368-3B1840164FA0}.ProdAzure|Any CPU.Build.0 = Release|Any CPU
		{1099F633-4AC5-4BF9-A368-3B1840164FA0}.ProdPgSql|Any CPU.ActiveCfg = Release|Any CPU
		{1099F633-4AC5-4BF9-A368-3B1840164FA0}.ProdPgSql|Any CPU.Build.0 = Release|Any CPU
		{1099F633-4AC5-4BF9-A368-3B1840164FA0}.ProdSql|Any CPU.ActiveCfg = Release|Any CPU
		{1099F633-4AC5-4BF9-A368-3B1840164FA0}.ProdSql|Any CPU.Build.0 = Release|Any CPU
		{1099F633-4AC5-4BF9-A368-3B1840164FA0}.Release|Any CPU.ActiveCfg = Release|Any CPU
		{1099F633-4AC5-4BF9-A368-3B1840164FA0}.Release|Any CPU.Build.0 = Release|Any CPU
		{7F6016B1-F2ED-41FE-993A-3C1B3A0B3E98}.Debug|Any CPU.ActiveCfg = Debug|Any CPU
		{7F6016B1-F2ED-41FE-993A-3C1B3A0B3E98}.Debug|Any CPU.Build.0 = Debug|Any CPU
		{7F6016B1-F2ED-41FE-993A-3C1B3A0B3E98}.DevAzure|Any CPU.ActiveCfg = DevAzure|Any CPU
		{7F6016B1-F2ED-41FE-993A-3C1B3A0B3E98}.DevAzure|Any CPU.Build.0 = DevAzure|Any CPU
		{7F6016B1-F2ED-41FE-993A-3C1B3A0B3E98}.DevPgSql|Any CPU.ActiveCfg = DevPgSql|Any CPU
		{7F6016B1-F2ED-41FE-993A-3C1B3A0B3E98}.DevPgSql|Any CPU.Build.0 = DevPgSql|Any CPU
		{7F6016B1-F2ED-41FE-993A-3C1B3A0B3E98}.DevSql|Any CPU.ActiveCfg = DevSql|Any CPU
		{7F6016B1-F2ED-41FE-993A-3C1B3A0B3E98}.DevSql|Any CPU.Build.0 = DevSql|Any CPU
		{7F6016B1-F2ED-41FE-993A-3C1B3A0B3E98}.ProdAzure|Any CPU.ActiveCfg = Release|Any CPU
		{7F6016B1-F2ED-41FE-993A-3C1B3A0B3E98}.ProdAzure|Any CPU.Build.0 = Release|Any CPU
		{7F6016B1-F2ED-41FE-993A-3C1B3A0B3E98}.ProdPgSql|Any CPU.ActiveCfg = Release|Any CPU
		{7F6016B1-F2ED-41FE-993A-3C1B3A0B3E98}.ProdPgSql|Any CPU.Build.0 = Release|Any CPU
		{7F6016B1-F2ED-41FE-993A-3C1B3A0B3E98}.ProdSql|Any CPU.ActiveCfg = Release|Any CPU
		{7F6016B1-F2ED-41FE-993A-3C1B3A0B3E98}.ProdSql|Any CPU.Build.0 = Release|Any CPU
		{7F6016B1-F2ED-41FE-993A-3C1B3A0B3E98}.Release|Any CPU.ActiveCfg = Release|Any CPU
		{7F6016B1-F2ED-41FE-993A-3C1B3A0B3E98}.Release|Any CPU.Build.0 = Release|Any CPU
		{3CFC1F80-92F1-40F0-A654-0FE940A48F02}.Debug|Any CPU.ActiveCfg = Debug|Any CPU
		{3CFC1F80-92F1-40F0-A654-0FE940A48F02}.Debug|Any CPU.Build.0 = Debug|Any CPU
		{3CFC1F80-92F1-40F0-A654-0FE940A48F02}.DevAzure|Any CPU.ActiveCfg = DevAzure|Any CPU
		{3CFC1F80-92F1-40F0-A654-0FE940A48F02}.DevAzure|Any CPU.Build.0 = DevAzure|Any CPU
		{3CFC1F80-92F1-40F0-A654-0FE940A48F02}.DevPgSql|Any CPU.ActiveCfg = DevPgSql|Any CPU
		{3CFC1F80-92F1-40F0-A654-0FE940A48F02}.DevPgSql|Any CPU.Build.0 = DevPgSql|Any CPU
		{3CFC1F80-92F1-40F0-A654-0FE940A48F02}.DevSql|Any CPU.ActiveCfg = DevSql|Any CPU
		{3CFC1F80-92F1-40F0-A654-0FE940A48F02}.DevSql|Any CPU.Build.0 = DevSql|Any CPU
		{3CFC1F80-92F1-40F0-A654-0FE940A48F02}.ProdAzure|Any CPU.ActiveCfg = Release|Any CPU
		{3CFC1F80-92F1-40F0-A654-0FE940A48F02}.ProdAzure|Any CPU.Build.0 = Release|Any CPU
		{3CFC1F80-92F1-40F0-A654-0FE940A48F02}.ProdPgSql|Any CPU.ActiveCfg = Release|Any CPU
		{3CFC1F80-92F1-40F0-A654-0FE940A48F02}.ProdPgSql|Any CPU.Build.0 = Release|Any CPU
		{3CFC1F80-92F1-40F0-A654-0FE940A48F02}.ProdSql|Any CPU.ActiveCfg = Release|Any CPU
		{3CFC1F80-92F1-40F0-A654-0FE940A48F02}.ProdSql|Any CPU.Build.0 = Release|Any CPU
		{3CFC1F80-92F1-40F0-A654-0FE940A48F02}.Release|Any CPU.ActiveCfg = Release|Any CPU
		{3CFC1F80-92F1-40F0-A654-0FE940A48F02}.Release|Any CPU.Build.0 = Release|Any CPU
		{C475C1B5-8F18-47AA-A248-34339BA82240}.Debug|Any CPU.ActiveCfg = Debug|Any CPU
		{C475C1B5-8F18-47AA-A248-34339BA82240}.Debug|Any CPU.Build.0 = Debug|Any CPU
		{C475C1B5-8F18-47AA-A248-34339BA82240}.DevAzure|Any CPU.ActiveCfg = DevAzure|Any CPU
		{C475C1B5-8F18-47AA-A248-34339BA82240}.DevAzure|Any CPU.Build.0 = DevAzure|Any CPU
		{C475C1B5-8F18-47AA-A248-34339BA82240}.DevPgSql|Any CPU.ActiveCfg = DevPgSql|Any CPU
		{C475C1B5-8F18-47AA-A248-34339BA82240}.DevPgSql|Any CPU.Build.0 = DevPgSql|Any CPU
		{C475C1B5-8F18-47AA-A248-34339BA82240}.DevSql|Any CPU.ActiveCfg = DevSql|Any CPU
		{C475C1B5-8F18-47AA-A248-34339BA82240}.DevSql|Any CPU.Build.0 = DevSql|Any CPU
		{C475C1B5-8F18-47AA-A248-34339BA82240}.ProdAzure|Any CPU.ActiveCfg = Release|Any CPU
		{C475C1B5-8F18-47AA-A248-34339BA82240}.ProdAzure|Any CPU.Build.0 = Release|Any CPU
		{C475C1B5-8F18-47AA-A248-34339BA82240}.ProdPgSql|Any CPU.ActiveCfg = Release|Any CPU
		{C475C1B5-8F18-47AA-A248-34339BA82240}.ProdPgSql|Any CPU.Build.0 = Release|Any CPU
		{C475C1B5-8F18-47AA-A248-34339BA82240}.ProdSql|Any CPU.ActiveCfg = Release|Any CPU
		{C475C1B5-8F18-47AA-A248-34339BA82240}.ProdSql|Any CPU.Build.0 = Release|Any CPU
		{C475C1B5-8F18-47AA-A248-34339BA82240}.Release|Any CPU.ActiveCfg = Release|Any CPU
		{C475C1B5-8F18-47AA-A248-34339BA82240}.Release|Any CPU.Build.0 = Release|Any CPU
		{65436FF0-E291-429C-8FB3-D914C1FFAAA6}.Debug|Any CPU.ActiveCfg = Debug|Any CPU
		{65436FF0-E291-429C-8FB3-D914C1FFAAA6}.Debug|Any CPU.Build.0 = Debug|Any CPU
		{65436FF0-E291-429C-8FB3-D914C1FFAAA6}.DevAzure|Any CPU.ActiveCfg = Debug|Any CPU
		{65436FF0-E291-429C-8FB3-D914C1FFAAA6}.DevAzure|Any CPU.Build.0 = Debug|Any CPU
		{65436FF0-E291-429C-8FB3-D914C1FFAAA6}.DevPgSql|Any CPU.ActiveCfg = Debug|Any CPU
		{65436FF0-E291-429C-8FB3-D914C1FFAAA6}.DevPgSql|Any CPU.Build.0 = Debug|Any CPU
		{65436FF0-E291-429C-8FB3-D914C1FFAAA6}.DevSql|Any CPU.ActiveCfg = Debug|Any CPU
		{65436FF0-E291-429C-8FB3-D914C1FFAAA6}.DevSql|Any CPU.Build.0 = Debug|Any CPU
		{65436FF0-E291-429C-8FB3-D914C1FFAAA6}.ProdAzure|Any CPU.ActiveCfg = Release|Any CPU
		{65436FF0-E291-429C-8FB3-D914C1FFAAA6}.ProdAzure|Any CPU.Build.0 = Release|Any CPU
		{65436FF0-E291-429C-8FB3-D914C1FFAAA6}.ProdPgSql|Any CPU.ActiveCfg = Release|Any CPU
		{65436FF0-E291-429C-8FB3-D914C1FFAAA6}.ProdPgSql|Any CPU.Build.0 = Release|Any CPU
		{65436FF0-E291-429C-8FB3-D914C1FFAAA6}.ProdSql|Any CPU.ActiveCfg = Release|Any CPU
		{65436FF0-E291-429C-8FB3-D914C1FFAAA6}.ProdSql|Any CPU.Build.0 = Release|Any CPU
		{65436FF0-E291-429C-8FB3-D914C1FFAAA6}.Release|Any CPU.ActiveCfg = Release|Any CPU
		{65436FF0-E291-429C-8FB3-D914C1FFAAA6}.Release|Any CPU.Build.0 = Release|Any CPU
		{FE9571D9-2B37-4E4C-A838-955A3CA5235F}.Debug|Any CPU.ActiveCfg = Debug|Any CPU
		{FE9571D9-2B37-4E4C-A838-955A3CA5235F}.Debug|Any CPU.Build.0 = Debug|Any CPU
		{FE9571D9-2B37-4E4C-A838-955A3CA5235F}.DevAzure|Any CPU.ActiveCfg = Debug|Any CPU
		{FE9571D9-2B37-4E4C-A838-955A3CA5235F}.DevAzure|Any CPU.Build.0 = Debug|Any CPU
		{FE9571D9-2B37-4E4C-A838-955A3CA5235F}.DevPgSql|Any CPU.ActiveCfg = Debug|Any CPU
		{FE9571D9-2B37-4E4C-A838-955A3CA5235F}.DevPgSql|Any CPU.Build.0 = Debug|Any CPU
		{FE9571D9-2B37-4E4C-A838-955A3CA5235F}.DevSql|Any CPU.ActiveCfg = Debug|Any CPU
		{FE9571D9-2B37-4E4C-A838-955A3CA5235F}.DevSql|Any CPU.Build.0 = Debug|Any CPU
		{FE9571D9-2B37-4E4C-A838-955A3CA5235F}.ProdAzure|Any CPU.ActiveCfg = Release|Any CPU
		{FE9571D9-2B37-4E4C-A838-955A3CA5235F}.ProdAzure|Any CPU.Build.0 = Release|Any CPU
		{FE9571D9-2B37-4E4C-A838-955A3CA5235F}.ProdPgSql|Any CPU.ActiveCfg = Release|Any CPU
		{FE9571D9-2B37-4E4C-A838-955A3CA5235F}.ProdPgSql|Any CPU.Build.0 = Release|Any CPU
		{FE9571D9-2B37-4E4C-A838-955A3CA5235F}.ProdSql|Any CPU.ActiveCfg = Release|Any CPU
		{FE9571D9-2B37-4E4C-A838-955A3CA5235F}.ProdSql|Any CPU.Build.0 = Release|Any CPU
		{FE9571D9-2B37-4E4C-A838-955A3CA5235F}.Release|Any CPU.ActiveCfg = Release|Any CPU
		{FE9571D9-2B37-4E4C-A838-955A3CA5235F}.Release|Any CPU.Build.0 = Release|Any CPU
		{D84F1A4C-1539-416A-A40A-A72AA2A5F360}.Debug|Any CPU.ActiveCfg = Debug|Any CPU
		{D84F1A4C-1539-416A-A40A-A72AA2A5F360}.Debug|Any CPU.Build.0 = Debug|Any CPU
		{D84F1A4C-1539-416A-A40A-A72AA2A5F360}.DevAzure|Any CPU.ActiveCfg = Debug|Any CPU
		{D84F1A4C-1539-416A-A40A-A72AA2A5F360}.DevAzure|Any CPU.Build.0 = Debug|Any CPU
		{D84F1A4C-1539-416A-A40A-A72AA2A5F360}.DevPgSql|Any CPU.ActiveCfg = Debug|Any CPU
		{D84F1A4C-1539-416A-A40A-A72AA2A5F360}.DevPgSql|Any CPU.Build.0 = Debug|Any CPU
		{D84F1A4C-1539-416A-A40A-A72AA2A5F360}.DevSql|Any CPU.ActiveCfg = Debug|Any CPU
		{D84F1A4C-1539-416A-A40A-A72AA2A5F360}.DevSql|Any CPU.Build.0 = Debug|Any CPU
		{D84F1A4C-1539-416A-A40A-A72AA2A5F360}.ProdAzure|Any CPU.ActiveCfg = Release|Any CPU
		{D84F1A4C-1539-416A-A40A-A72AA2A5F360}.ProdAzure|Any CPU.Build.0 = Release|Any CPU
		{D84F1A4C-1539-416A-A40A-A72AA2A5F360}.ProdPgSql|Any CPU.ActiveCfg = Release|Any CPU
		{D84F1A4C-1539-416A-A40A-A72AA2A5F360}.ProdPgSql|Any CPU.Build.0 = Release|Any CPU
		{D84F1A4C-1539-416A-A40A-A72AA2A5F360}.ProdSql|Any CPU.ActiveCfg = Release|Any CPU
		{D84F1A4C-1539-416A-A40A-A72AA2A5F360}.ProdSql|Any CPU.Build.0 = Release|Any CPU
		{D84F1A4C-1539-416A-A40A-A72AA2A5F360}.Release|Any CPU.ActiveCfg = Release|Any CPU
		{D84F1A4C-1539-416A-A40A-A72AA2A5F360}.Release|Any CPU.Build.0 = Release|Any CPU
		{5A84EBC0-E8A7-4789-972B-B4B46A2834EE}.Debug|Any CPU.ActiveCfg = Debug|Any CPU
		{5A84EBC0-E8A7-4789-972B-B4B46A2834EE}.Debug|Any CPU.Build.0 = Debug|Any CPU
		{5A84EBC0-E8A7-4789-972B-B4B46A2834EE}.DevAzure|Any CPU.ActiveCfg = Debug|Any CPU
		{5A84EBC0-E8A7-4789-972B-B4B46A2834EE}.DevAzure|Any CPU.Build.0 = Debug|Any CPU
		{5A84EBC0-E8A7-4789-972B-B4B46A2834EE}.DevPgSql|Any CPU.ActiveCfg = Debug|Any CPU
		{5A84EBC0-E8A7-4789-972B-B4B46A2834EE}.DevPgSql|Any CPU.Build.0 = Debug|Any CPU
		{5A84EBC0-E8A7-4789-972B-B4B46A2834EE}.DevSql|Any CPU.ActiveCfg = Debug|Any CPU
		{5A84EBC0-E8A7-4789-972B-B4B46A2834EE}.DevSql|Any CPU.Build.0 = Debug|Any CPU
		{5A84EBC0-E8A7-4789-972B-B4B46A2834EE}.ProdAzure|Any CPU.ActiveCfg = Release|Any CPU
		{5A84EBC0-E8A7-4789-972B-B4B46A2834EE}.ProdAzure|Any CPU.Build.0 = Release|Any CPU
		{5A84EBC0-E8A7-4789-972B-B4B46A2834EE}.ProdPgSql|Any CPU.ActiveCfg = Release|Any CPU
		{5A84EBC0-E8A7-4789-972B-B4B46A2834EE}.ProdPgSql|Any CPU.Build.0 = Release|Any CPU
		{5A84EBC0-E8A7-4789-972B-B4B46A2834EE}.ProdSql|Any CPU.ActiveCfg = Release|Any CPU
		{5A84EBC0-E8A7-4789-972B-B4B46A2834EE}.ProdSql|Any CPU.Build.0 = Release|Any CPU
		{5A84EBC0-E8A7-4789-972B-B4B46A2834EE}.Release|Any CPU.ActiveCfg = Release|Any CPU
		{5A84EBC0-E8A7-4789-972B-B4B46A2834EE}.Release|Any CPU.Build.0 = Release|Any CPU
		{80EE6482-6D90-4EA0-9FB3-9DC891AFC52E}.Debug|Any CPU.ActiveCfg = Debug|Any CPU
		{80EE6482-6D90-4EA0-9FB3-9DC891AFC52E}.Debug|Any CPU.Build.0 = Debug|Any CPU
		{80EE6482-6D90-4EA0-9FB3-9DC891AFC52E}.DevAzure|Any CPU.ActiveCfg = Debug|Any CPU
		{80EE6482-6D90-4EA0-9FB3-9DC891AFC52E}.DevAzure|Any CPU.Build.0 = Debug|Any CPU
		{80EE6482-6D90-4EA0-9FB3-9DC891AFC52E}.DevPgSql|Any CPU.ActiveCfg = Debug|Any CPU
		{80EE6482-6D90-4EA0-9FB3-9DC891AFC52E}.DevPgSql|Any CPU.Build.0 = Debug|Any CPU
		{80EE6482-6D90-4EA0-9FB3-9DC891AFC52E}.DevSql|Any CPU.ActiveCfg = Debug|Any CPU
		{80EE6482-6D90-4EA0-9FB3-9DC891AFC52E}.DevSql|Any CPU.Build.0 = Debug|Any CPU
		{80EE6482-6D90-4EA0-9FB3-9DC891AFC52E}.ProdAzure|Any CPU.ActiveCfg = Release|Any CPU
		{80EE6482-6D90-4EA0-9FB3-9DC891AFC52E}.ProdAzure|Any CPU.Build.0 = Release|Any CPU
		{80EE6482-6D90-4EA0-9FB3-9DC891AFC52E}.ProdPgSql|Any CPU.ActiveCfg = Release|Any CPU
		{80EE6482-6D90-4EA0-9FB3-9DC891AFC52E}.ProdPgSql|Any CPU.Build.0 = Release|Any CPU
		{80EE6482-6D90-4EA0-9FB3-9DC891AFC52E}.ProdSql|Any CPU.ActiveCfg = Release|Any CPU
		{80EE6482-6D90-4EA0-9FB3-9DC891AFC52E}.ProdSql|Any CPU.Build.0 = Release|Any CPU
		{80EE6482-6D90-4EA0-9FB3-9DC891AFC52E}.Release|Any CPU.ActiveCfg = Release|Any CPU
		{80EE6482-6D90-4EA0-9FB3-9DC891AFC52E}.Release|Any CPU.Build.0 = Release|Any CPU
		{D28F31A2-4794-4DF4-95FF-2174C64D733D}.Debug|Any CPU.ActiveCfg = Debug|Any CPU
		{D28F31A2-4794-4DF4-95FF-2174C64D733D}.Debug|Any CPU.Build.0 = Debug|Any CPU
		{D28F31A2-4794-4DF4-95FF-2174C64D733D}.DevAzure|Any CPU.ActiveCfg = Debug|Any CPU
		{D28F31A2-4794-4DF4-95FF-2174C64D733D}.DevAzure|Any CPU.Build.0 = Debug|Any CPU
		{D28F31A2-4794-4DF4-95FF-2174C64D733D}.DevPgSql|Any CPU.ActiveCfg = Debug|Any CPU
		{D28F31A2-4794-4DF4-95FF-2174C64D733D}.DevPgSql|Any CPU.Build.0 = Debug|Any CPU
		{D28F31A2-4794-4DF4-95FF-2174C64D733D}.DevSql|Any CPU.ActiveCfg = Debug|Any CPU
		{D28F31A2-4794-4DF4-95FF-2174C64D733D}.DevSql|Any CPU.Build.0 = Debug|Any CPU
		{D28F31A2-4794-4DF4-95FF-2174C64D733D}.ProdAzure|Any CPU.ActiveCfg = Release|Any CPU
		{D28F31A2-4794-4DF4-95FF-2174C64D733D}.ProdAzure|Any CPU.Build.0 = Release|Any CPU
		{D28F31A2-4794-4DF4-95FF-2174C64D733D}.ProdPgSql|Any CPU.ActiveCfg = Release|Any CPU
		{D28F31A2-4794-4DF4-95FF-2174C64D733D}.ProdPgSql|Any CPU.Build.0 = Release|Any CPU
		{D28F31A2-4794-4DF4-95FF-2174C64D733D}.ProdSql|Any CPU.ActiveCfg = Release|Any CPU
		{D28F31A2-4794-4DF4-95FF-2174C64D733D}.ProdSql|Any CPU.Build.0 = Release|Any CPU
		{D28F31A2-4794-4DF4-95FF-2174C64D733D}.Release|Any CPU.ActiveCfg = Release|Any CPU
		{D28F31A2-4794-4DF4-95FF-2174C64D733D}.Release|Any CPU.Build.0 = Release|Any CPU
		{77179348-0B89-43C2-BBFB-1044CCBAF86E}.Debug|Any CPU.ActiveCfg = Debug|Any CPU
		{77179348-0B89-43C2-BBFB-1044CCBAF86E}.Debug|Any CPU.Build.0 = Debug|Any CPU
		{77179348-0B89-43C2-BBFB-1044CCBAF86E}.DevAzure|Any CPU.ActiveCfg = Debug|Any CPU
		{77179348-0B89-43C2-BBFB-1044CCBAF86E}.DevAzure|Any CPU.Build.0 = Debug|Any CPU
		{77179348-0B89-43C2-BBFB-1044CCBAF86E}.DevPgSql|Any CPU.ActiveCfg = Debug|Any CPU
		{77179348-0B89-43C2-BBFB-1044CCBAF86E}.DevPgSql|Any CPU.Build.0 = Debug|Any CPU
		{77179348-0B89-43C2-BBFB-1044CCBAF86E}.DevSql|Any CPU.ActiveCfg = Debug|Any CPU
		{77179348-0B89-43C2-BBFB-1044CCBAF86E}.DevSql|Any CPU.Build.0 = Debug|Any CPU
		{77179348-0B89-43C2-BBFB-1044CCBAF86E}.ProdAzure|Any CPU.ActiveCfg = Release|Any CPU
		{77179348-0B89-43C2-BBFB-1044CCBAF86E}.ProdAzure|Any CPU.Build.0 = Release|Any CPU
		{77179348-0B89-43C2-BBFB-1044CCBAF86E}.ProdPgSql|Any CPU.ActiveCfg = Release|Any CPU
		{77179348-0B89-43C2-BBFB-1044CCBAF86E}.ProdPgSql|Any CPU.Build.0 = Release|Any CPU
		{77179348-0B89-43C2-BBFB-1044CCBAF86E}.ProdSql|Any CPU.ActiveCfg = Release|Any CPU
		{77179348-0B89-43C2-BBFB-1044CCBAF86E}.ProdSql|Any CPU.Build.0 = Release|Any CPU
		{77179348-0B89-43C2-BBFB-1044CCBAF86E}.Release|Any CPU.ActiveCfg = Release|Any CPU
		{77179348-0B89-43C2-BBFB-1044CCBAF86E}.Release|Any CPU.Build.0 = Release|Any CPU
		{020767B5-495D-4E39-A29D-B48EB18AF32F}.Debug|Any CPU.ActiveCfg = Debug|Any CPU
		{020767B5-495D-4E39-A29D-B48EB18AF32F}.Debug|Any CPU.Build.0 = Debug|Any CPU
		{020767B5-495D-4E39-A29D-B48EB18AF32F}.DevAzure|Any CPU.ActiveCfg = Debug|Any CPU
		{020767B5-495D-4E39-A29D-B48EB18AF32F}.DevAzure|Any CPU.Build.0 = Debug|Any CPU
		{020767B5-495D-4E39-A29D-B48EB18AF32F}.DevPgSql|Any CPU.ActiveCfg = Debug|Any CPU
		{020767B5-495D-4E39-A29D-B48EB18AF32F}.DevPgSql|Any CPU.Build.0 = Debug|Any CPU
		{020767B5-495D-4E39-A29D-B48EB18AF32F}.DevSql|Any CPU.ActiveCfg = Debug|Any CPU
		{020767B5-495D-4E39-A29D-B48EB18AF32F}.DevSql|Any CPU.Build.0 = Debug|Any CPU
		{020767B5-495D-4E39-A29D-B48EB18AF32F}.ProdAzure|Any CPU.ActiveCfg = Release|Any CPU
		{020767B5-495D-4E39-A29D-B48EB18AF32F}.ProdAzure|Any CPU.Build.0 = Release|Any CPU
		{020767B5-495D-4E39-A29D-B48EB18AF32F}.ProdPgSql|Any CPU.ActiveCfg = Release|Any CPU
		{020767B5-495D-4E39-A29D-B48EB18AF32F}.ProdPgSql|Any CPU.Build.0 = Release|Any CPU
		{020767B5-495D-4E39-A29D-B48EB18AF32F}.ProdSql|Any CPU.ActiveCfg = Release|Any CPU
		{020767B5-495D-4E39-A29D-B48EB18AF32F}.ProdSql|Any CPU.Build.0 = Release|Any CPU
		{020767B5-495D-4E39-A29D-B48EB18AF32F}.Release|Any CPU.ActiveCfg = Release|Any CPU
		{020767B5-495D-4E39-A29D-B48EB18AF32F}.Release|Any CPU.Build.0 = Release|Any CPU
		{E9D1F537-54A6-42BA-8849-6E446DF9C14C}.Debug|Any CPU.ActiveCfg = Debug|Any CPU
		{E9D1F537-54A6-42BA-8849-6E446DF9C14C}.Debug|Any CPU.Build.0 = Debug|Any CPU
		{E9D1F537-54A6-42BA-8849-6E446DF9C14C}.DevAzure|Any CPU.ActiveCfg = DevAzure|Any CPU
		{E9D1F537-54A6-42BA-8849-6E446DF9C14C}.DevAzure|Any CPU.Build.0 = DevAzure|Any CPU
		{E9D1F537-54A6-42BA-8849-6E446DF9C14C}.DevPgSql|Any CPU.ActiveCfg = DevPgSql|Any CPU
		{E9D1F537-54A6-42BA-8849-6E446DF9C14C}.DevPgSql|Any CPU.Build.0 = DevPgSql|Any CPU
		{E9D1F537-54A6-42BA-8849-6E446DF9C14C}.DevSql|Any CPU.ActiveCfg = DevSql|Any CPU
		{E9D1F537-54A6-42BA-8849-6E446DF9C14C}.DevSql|Any CPU.Build.0 = DevSql|Any CPU
		{E9D1F537-54A6-42BA-8849-6E446DF9C14C}.ProdAzure|Any CPU.ActiveCfg = Release|Any CPU
		{E9D1F537-54A6-42BA-8849-6E446DF9C14C}.ProdAzure|Any CPU.Build.0 = Release|Any CPU
		{E9D1F537-54A6-42BA-8849-6E446DF9C14C}.ProdPgSql|Any CPU.ActiveCfg = Release|Any CPU
		{E9D1F537-54A6-42BA-8849-6E446DF9C14C}.ProdPgSql|Any CPU.Build.0 = Release|Any CPU
		{E9D1F537-54A6-42BA-8849-6E446DF9C14C}.ProdSql|Any CPU.ActiveCfg = Release|Any CPU
		{E9D1F537-54A6-42BA-8849-6E446DF9C14C}.ProdSql|Any CPU.Build.0 = Release|Any CPU
		{E9D1F537-54A6-42BA-8849-6E446DF9C14C}.Release|Any CPU.ActiveCfg = Release|Any CPU
		{E9D1F537-54A6-42BA-8849-6E446DF9C14C}.Release|Any CPU.Build.0 = Release|Any CPU
		{89919401-0294-4AB2-BCD6-F52047BB6F3D}.Debug|Any CPU.ActiveCfg = Debug|Any CPU
		{89919401-0294-4AB2-BCD6-F52047BB6F3D}.Debug|Any CPU.Build.0 = Debug|Any CPU
		{89919401-0294-4AB2-BCD6-F52047BB6F3D}.DevAzure|Any CPU.ActiveCfg = DevAzure|Any CPU
		{89919401-0294-4AB2-BCD6-F52047BB6F3D}.DevAzure|Any CPU.Build.0 = DevAzure|Any CPU
		{89919401-0294-4AB2-BCD6-F52047BB6F3D}.DevPgSql|Any CPU.ActiveCfg = DevPgSql|Any CPU
		{89919401-0294-4AB2-BCD6-F52047BB6F3D}.DevPgSql|Any CPU.Build.0 = DevPgSql|Any CPU
		{89919401-0294-4AB2-BCD6-F52047BB6F3D}.DevSql|Any CPU.ActiveCfg = DevSql|Any CPU
		{89919401-0294-4AB2-BCD6-F52047BB6F3D}.DevSql|Any CPU.Build.0 = DevSql|Any CPU
		{89919401-0294-4AB2-BCD6-F52047BB6F3D}.ProdAzure|Any CPU.ActiveCfg = ProdAzure|Any CPU
		{89919401-0294-4AB2-BCD6-F52047BB6F3D}.ProdAzure|Any CPU.Build.0 = ProdAzure|Any CPU
		{89919401-0294-4AB2-BCD6-F52047BB6F3D}.ProdPgSql|Any CPU.ActiveCfg = ProdPgSql|Any CPU
		{89919401-0294-4AB2-BCD6-F52047BB6F3D}.ProdPgSql|Any CPU.Build.0 = ProdPgSql|Any CPU
		{89919401-0294-4AB2-BCD6-F52047BB6F3D}.ProdSql|Any CPU.ActiveCfg = ProdSql|Any CPU
		{89919401-0294-4AB2-BCD6-F52047BB6F3D}.ProdSql|Any CPU.Build.0 = ProdSql|Any CPU
		{89919401-0294-4AB2-BCD6-F52047BB6F3D}.Release|Any CPU.ActiveCfg = Release|Any CPU
		{89919401-0294-4AB2-BCD6-F52047BB6F3D}.Release|Any CPU.Build.0 = Release|Any CPU
		{AD67078E-E373-409E-886F-A0270CE3D555}.Debug|Any CPU.ActiveCfg = Debug|Any CPU
		{AD67078E-E373-409E-886F-A0270CE3D555}.Debug|Any CPU.Build.0 = Debug|Any CPU
		{AD67078E-E373-409E-886F-A0270CE3D555}.DevAzure|Any CPU.ActiveCfg = Debug|Any CPU
		{AD67078E-E373-409E-886F-A0270CE3D555}.DevAzure|Any CPU.Build.0 = Debug|Any CPU
		{AD67078E-E373-409E-886F-A0270CE3D555}.DevPgSql|Any CPU.ActiveCfg = Debug|Any CPU
		{AD67078E-E373-409E-886F-A0270CE3D555}.DevPgSql|Any CPU.Build.0 = Debug|Any CPU
		{AD67078E-E373-409E-886F-A0270CE3D555}.DevSql|Any CPU.ActiveCfg = Debug|Any CPU
		{AD67078E-E373-409E-886F-A0270CE3D555}.DevSql|Any CPU.Build.0 = Debug|Any CPU
		{AD67078E-E373-409E-886F-A0270CE3D555}.ProdAzure|Any CPU.ActiveCfg = Release|Any CPU
		{AD67078E-E373-409E-886F-A0270CE3D555}.ProdAzure|Any CPU.Build.0 = Release|Any CPU
		{AD67078E-E373-409E-886F-A0270CE3D555}.ProdPgSql|Any CPU.ActiveCfg = Release|Any CPU
		{AD67078E-E373-409E-886F-A0270CE3D555}.ProdPgSql|Any CPU.Build.0 = Release|Any CPU
		{AD67078E-E373-409E-886F-A0270CE3D555}.ProdSql|Any CPU.ActiveCfg = Release|Any CPU
		{AD67078E-E373-409E-886F-A0270CE3D555}.ProdSql|Any CPU.Build.0 = Release|Any CPU
		{AD67078E-E373-409E-886F-A0270CE3D555}.Release|Any CPU.ActiveCfg = Release|Any CPU
		{AD67078E-E373-409E-886F-A0270CE3D555}.Release|Any CPU.Build.0 = Release|Any CPU
		{1386C55A-AD2E-4101-9176-4E98987F811C}.Debug|Any CPU.ActiveCfg = Debug|Any CPU
		{1386C55A-AD2E-4101-9176-4E98987F811C}.Debug|Any CPU.Build.0 = Debug|Any CPU
		{1386C55A-AD2E-4101-9176-4E98987F811C}.DevAzure|Any CPU.ActiveCfg = Debug|Any CPU
		{1386C55A-AD2E-4101-9176-4E98987F811C}.DevAzure|Any CPU.Build.0 = Debug|Any CPU
		{1386C55A-AD2E-4101-9176-4E98987F811C}.DevPgSql|Any CPU.ActiveCfg = Debug|Any CPU
		{1386C55A-AD2E-4101-9176-4E98987F811C}.DevPgSql|Any CPU.Build.0 = Debug|Any CPU
		{1386C55A-AD2E-4101-9176-4E98987F811C}.DevSql|Any CPU.ActiveCfg = Debug|Any CPU
		{1386C55A-AD2E-4101-9176-4E98987F811C}.DevSql|Any CPU.Build.0 = Debug|Any CPU
		{1386C55A-AD2E-4101-9176-4E98987F811C}.ProdAzure|Any CPU.ActiveCfg = Release|Any CPU
		{1386C55A-AD2E-4101-9176-4E98987F811C}.ProdAzure|Any CPU.Build.0 = Release|Any CPU
		{1386C55A-AD2E-4101-9176-4E98987F811C}.ProdPgSql|Any CPU.ActiveCfg = Release|Any CPU
		{1386C55A-AD2E-4101-9176-4E98987F811C}.ProdPgSql|Any CPU.Build.0 = Release|Any CPU
		{1386C55A-AD2E-4101-9176-4E98987F811C}.ProdSql|Any CPU.ActiveCfg = Release|Any CPU
		{1386C55A-AD2E-4101-9176-4E98987F811C}.ProdSql|Any CPU.Build.0 = Release|Any CPU
		{1386C55A-AD2E-4101-9176-4E98987F811C}.Release|Any CPU.ActiveCfg = Release|Any CPU
		{1386C55A-AD2E-4101-9176-4E98987F811C}.Release|Any CPU.Build.0 = Release|Any CPU
		{3C41112F-9499-4B28-ACCA-C1A53E1FEB41}.Debug|Any CPU.ActiveCfg = Debug|Any CPU
		{3C41112F-9499-4B28-ACCA-C1A53E1FEB41}.Debug|Any CPU.Build.0 = Debug|Any CPU
		{3C41112F-9499-4B28-ACCA-C1A53E1FEB41}.DevAzure|Any CPU.ActiveCfg = Debug|Any CPU
		{3C41112F-9499-4B28-ACCA-C1A53E1FEB41}.DevAzure|Any CPU.Build.0 = Debug|Any CPU
		{3C41112F-9499-4B28-ACCA-C1A53E1FEB41}.DevPgSql|Any CPU.ActiveCfg = Debug|Any CPU
		{3C41112F-9499-4B28-ACCA-C1A53E1FEB41}.DevPgSql|Any CPU.Build.0 = Debug|Any CPU
		{3C41112F-9499-4B28-ACCA-C1A53E1FEB41}.DevSql|Any CPU.ActiveCfg = Debug|Any CPU
		{3C41112F-9499-4B28-ACCA-C1A53E1FEB41}.DevSql|Any CPU.Build.0 = Debug|Any CPU
		{3C41112F-9499-4B28-ACCA-C1A53E1FEB41}.ProdAzure|Any CPU.ActiveCfg = Release|Any CPU
		{3C41112F-9499-4B28-ACCA-C1A53E1FEB41}.ProdAzure|Any CPU.Build.0 = Release|Any CPU
		{3C41112F-9499-4B28-ACCA-C1A53E1FEB41}.ProdPgSql|Any CPU.ActiveCfg = Release|Any CPU
		{3C41112F-9499-4B28-ACCA-C1A53E1FEB41}.ProdPgSql|Any CPU.Build.0 = Release|Any CPU
		{3C41112F-9499-4B28-ACCA-C1A53E1FEB41}.ProdSql|Any CPU.ActiveCfg = Release|Any CPU
		{3C41112F-9499-4B28-ACCA-C1A53E1FEB41}.ProdSql|Any CPU.Build.0 = Release|Any CPU
		{3C41112F-9499-4B28-ACCA-C1A53E1FEB41}.Release|Any CPU.ActiveCfg = Release|Any CPU
		{3C41112F-9499-4B28-ACCA-C1A53E1FEB41}.Release|Any CPU.Build.0 = Release|Any CPU
		{6C1F185C-BBD2-4A90-B565-58F03D46CABE}.Debug|Any CPU.ActiveCfg = Debug|Any CPU
		{6C1F185C-BBD2-4A90-B565-58F03D46CABE}.Debug|Any CPU.Build.0 = Debug|Any CPU
		{6C1F185C-BBD2-4A90-B565-58F03D46CABE}.DevAzure|Any CPU.ActiveCfg = Debug|Any CPU
		{6C1F185C-BBD2-4A90-B565-58F03D46CABE}.DevAzure|Any CPU.Build.0 = Debug|Any CPU
		{6C1F185C-BBD2-4A90-B565-58F03D46CABE}.DevPgSql|Any CPU.ActiveCfg = Debug|Any CPU
		{6C1F185C-BBD2-4A90-B565-58F03D46CABE}.DevPgSql|Any CPU.Build.0 = Debug|Any CPU
		{6C1F185C-BBD2-4A90-B565-58F03D46CABE}.DevSql|Any CPU.ActiveCfg = Debug|Any CPU
		{6C1F185C-BBD2-4A90-B565-58F03D46CABE}.DevSql|Any CPU.Build.0 = Debug|Any CPU
		{6C1F185C-BBD2-4A90-B565-58F03D46CABE}.ProdAzure|Any CPU.ActiveCfg = Release|Any CPU
		{6C1F185C-BBD2-4A90-B565-58F03D46CABE}.ProdAzure|Any CPU.Build.0 = Release|Any CPU
		{6C1F185C-BBD2-4A90-B565-58F03D46CABE}.ProdPgSql|Any CPU.ActiveCfg = Release|Any CPU
		{6C1F185C-BBD2-4A90-B565-58F03D46CABE}.ProdPgSql|Any CPU.Build.0 = Release|Any CPU
		{6C1F185C-BBD2-4A90-B565-58F03D46CABE}.ProdSql|Any CPU.ActiveCfg = Release|Any CPU
		{6C1F185C-BBD2-4A90-B565-58F03D46CABE}.ProdSql|Any CPU.Build.0 = Release|Any CPU
		{6C1F185C-BBD2-4A90-B565-58F03D46CABE}.Release|Any CPU.ActiveCfg = Release|Any CPU
		{6C1F185C-BBD2-4A90-B565-58F03D46CABE}.Release|Any CPU.Build.0 = Release|Any CPU
		{126163CF-5D88-4CE5-A63C-A84760AD948D}.Debug|Any CPU.ActiveCfg = Debug|Any CPU
		{126163CF-5D88-4CE5-A63C-A84760AD948D}.Debug|Any CPU.Build.0 = Debug|Any CPU
		{126163CF-5D88-4CE5-A63C-A84760AD948D}.DevAzure|Any CPU.ActiveCfg = DevAzure|Any CPU
		{126163CF-5D88-4CE5-A63C-A84760AD948D}.DevAzure|Any CPU.Build.0 = DevAzure|Any CPU
		{126163CF-5D88-4CE5-A63C-A84760AD948D}.DevPgSql|Any CPU.ActiveCfg = DevPgSql|Any CPU
		{126163CF-5D88-4CE5-A63C-A84760AD948D}.DevPgSql|Any CPU.Build.0 = DevPgSql|Any CPU
		{126163CF-5D88-4CE5-A63C-A84760AD948D}.DevSql|Any CPU.ActiveCfg = DevSql|Any CPU
		{126163CF-5D88-4CE5-A63C-A84760AD948D}.DevSql|Any CPU.Build.0 = DevSql|Any CPU
		{126163CF-5D88-4CE5-A63C-A84760AD948D}.ProdAzure|Any CPU.ActiveCfg = Release|Any CPU
		{126163CF-5D88-4CE5-A63C-A84760AD948D}.ProdAzure|Any CPU.Build.0 = Release|Any CPU
		{126163CF-5D88-4CE5-A63C-A84760AD948D}.ProdPgSql|Any CPU.ActiveCfg = Release|Any CPU
		{126163CF-5D88-4CE5-A63C-A84760AD948D}.ProdPgSql|Any CPU.Build.0 = Release|Any CPU
		{126163CF-5D88-4CE5-A63C-A84760AD948D}.ProdSql|Any CPU.ActiveCfg = Release|Any CPU
		{126163CF-5D88-4CE5-A63C-A84760AD948D}.ProdSql|Any CPU.Build.0 = Release|Any CPU
		{126163CF-5D88-4CE5-A63C-A84760AD948D}.Release|Any CPU.ActiveCfg = Release|Any CPU
		{126163CF-5D88-4CE5-A63C-A84760AD948D}.Release|Any CPU.Build.0 = Release|Any CPU
		{1206296C-DA77-428A-853D-7ACD5F99B5E1}.Debug|Any CPU.ActiveCfg = Debug|Any CPU
		{1206296C-DA77-428A-853D-7ACD5F99B5E1}.Debug|Any CPU.Build.0 = Debug|Any CPU
		{1206296C-DA77-428A-853D-7ACD5F99B5E1}.DevAzure|Any CPU.ActiveCfg = DevAzure|Any CPU
		{1206296C-DA77-428A-853D-7ACD5F99B5E1}.DevAzure|Any CPU.Build.0 = DevAzure|Any CPU
		{1206296C-DA77-428A-853D-7ACD5F99B5E1}.DevPgSql|Any CPU.ActiveCfg = DevPgSql|Any CPU
		{1206296C-DA77-428A-853D-7ACD5F99B5E1}.DevPgSql|Any CPU.Build.0 = DevPgSql|Any CPU
		{1206296C-DA77-428A-853D-7ACD5F99B5E1}.DevSql|Any CPU.ActiveCfg = DevSql|Any CPU
		{1206296C-DA77-428A-853D-7ACD5F99B5E1}.DevSql|Any CPU.Build.0 = DevSql|Any CPU
		{1206296C-DA77-428A-853D-7ACD5F99B5E1}.ProdAzure|Any CPU.ActiveCfg = Release|Any CPU
		{1206296C-DA77-428A-853D-7ACD5F99B5E1}.ProdAzure|Any CPU.Build.0 = Release|Any CPU
		{1206296C-DA77-428A-853D-7ACD5F99B5E1}.ProdPgSql|Any CPU.ActiveCfg = Release|Any CPU
		{1206296C-DA77-428A-853D-7ACD5F99B5E1}.ProdPgSql|Any CPU.Build.0 = Release|Any CPU
		{1206296C-DA77-428A-853D-7ACD5F99B5E1}.ProdSql|Any CPU.ActiveCfg = Release|Any CPU
		{1206296C-DA77-428A-853D-7ACD5F99B5E1}.ProdSql|Any CPU.Build.0 = Release|Any CPU
		{1206296C-DA77-428A-853D-7ACD5F99B5E1}.Release|Any CPU.ActiveCfg = Release|Any CPU
		{1206296C-DA77-428A-853D-7ACD5F99B5E1}.Release|Any CPU.Build.0 = Release|Any CPU
		{D90B9D2C-1589-4D62-A9E0-60919B9D66D6}.Debug|Any CPU.ActiveCfg = Debug|Any CPU
		{D90B9D2C-1589-4D62-A9E0-60919B9D66D6}.Debug|Any CPU.Build.0 = Debug|Any CPU
		{D90B9D2C-1589-4D62-A9E0-60919B9D66D6}.DevAzure|Any CPU.ActiveCfg = DevAzure|Any CPU
		{D90B9D2C-1589-4D62-A9E0-60919B9D66D6}.DevAzure|Any CPU.Build.0 = DevAzure|Any CPU
		{D90B9D2C-1589-4D62-A9E0-60919B9D66D6}.DevPgSql|Any CPU.ActiveCfg = DevPgSql|Any CPU
		{D90B9D2C-1589-4D62-A9E0-60919B9D66D6}.DevPgSql|Any CPU.Build.0 = DevPgSql|Any CPU
		{D90B9D2C-1589-4D62-A9E0-60919B9D66D6}.DevSql|Any CPU.ActiveCfg = DevSql|Any CPU
		{D90B9D2C-1589-4D62-A9E0-60919B9D66D6}.DevSql|Any CPU.Build.0 = DevSql|Any CPU
		{D90B9D2C-1589-4D62-A9E0-60919B9D66D6}.ProdAzure|Any CPU.ActiveCfg = Release|Any CPU
		{D90B9D2C-1589-4D62-A9E0-60919B9D66D6}.ProdAzure|Any CPU.Build.0 = Release|Any CPU
		{D90B9D2C-1589-4D62-A9E0-60919B9D66D6}.ProdPgSql|Any CPU.ActiveCfg = Release|Any CPU
		{D90B9D2C-1589-4D62-A9E0-60919B9D66D6}.ProdPgSql|Any CPU.Build.0 = Release|Any CPU
		{D90B9D2C-1589-4D62-A9E0-60919B9D66D6}.ProdSql|Any CPU.ActiveCfg = Release|Any CPU
		{D90B9D2C-1589-4D62-A9E0-60919B9D66D6}.ProdSql|Any CPU.Build.0 = Release|Any CPU
		{D90B9D2C-1589-4D62-A9E0-60919B9D66D6}.Release|Any CPU.ActiveCfg = Release|Any CPU
		{D90B9D2C-1589-4D62-A9E0-60919B9D66D6}.Release|Any CPU.Build.0 = Release|Any CPU
		{E02E667A-23EF-4D93-ACE6-C56DCE6D6AAB}.Debug|Any CPU.ActiveCfg = Debug|Any CPU
		{E02E667A-23EF-4D93-ACE6-C56DCE6D6AAB}.Debug|Any CPU.Build.0 = Debug|Any CPU
		{E02E667A-23EF-4D93-ACE6-C56DCE6D6AAB}.DevAzure|Any CPU.ActiveCfg = Debug|Any CPU
		{E02E667A-23EF-4D93-ACE6-C56DCE6D6AAB}.DevAzure|Any CPU.Build.0 = Debug|Any CPU
		{E02E667A-23EF-4D93-ACE6-C56DCE6D6AAB}.DevPgSql|Any CPU.ActiveCfg = Debug|Any CPU
		{E02E667A-23EF-4D93-ACE6-C56DCE6D6AAB}.DevPgSql|Any CPU.Build.0 = Debug|Any CPU
		{E02E667A-23EF-4D93-ACE6-C56DCE6D6AAB}.DevSql|Any CPU.ActiveCfg = Debug|Any CPU
		{E02E667A-23EF-4D93-ACE6-C56DCE6D6AAB}.DevSql|Any CPU.Build.0 = Debug|Any CPU
		{E02E667A-23EF-4D93-ACE6-C56DCE6D6AAB}.ProdAzure|Any CPU.ActiveCfg = Debug|Any CPU
		{E02E667A-23EF-4D93-ACE6-C56DCE6D6AAB}.ProdAzure|Any CPU.Build.0 = Debug|Any CPU
		{E02E667A-23EF-4D93-ACE6-C56DCE6D6AAB}.ProdPgSql|Any CPU.ActiveCfg = Debug|Any CPU
		{E02E667A-23EF-4D93-ACE6-C56DCE6D6AAB}.ProdPgSql|Any CPU.Build.0 = Debug|Any CPU
		{E02E667A-23EF-4D93-ACE6-C56DCE6D6AAB}.ProdSql|Any CPU.ActiveCfg = Debug|Any CPU
		{E02E667A-23EF-4D93-ACE6-C56DCE6D6AAB}.ProdSql|Any CPU.Build.0 = Debug|Any CPU
		{E02E667A-23EF-4D93-ACE6-C56DCE6D6AAB}.Release|Any CPU.ActiveCfg = Release|Any CPU
		{E02E667A-23EF-4D93-ACE6-C56DCE6D6AAB}.Release|Any CPU.Build.0 = Release|Any CPU
		{CA5221DE-DFA9-40E6-A9DC-8BA6DF89195F}.Debug|Any CPU.ActiveCfg = Debug|Any CPU
		{CA5221DE-DFA9-40E6-A9DC-8BA6DF89195F}.Debug|Any CPU.Build.0 = Debug|Any CPU
		{CA5221DE-DFA9-40E6-A9DC-8BA6DF89195F}.DevAzure|Any CPU.ActiveCfg = Debug|Any CPU
		{CA5221DE-DFA9-40E6-A9DC-8BA6DF89195F}.DevAzure|Any CPU.Build.0 = Debug|Any CPU
		{CA5221DE-DFA9-40E6-A9DC-8BA6DF89195F}.DevPgSql|Any CPU.ActiveCfg = Debug|Any CPU
		{CA5221DE-DFA9-40E6-A9DC-8BA6DF89195F}.DevPgSql|Any CPU.Build.0 = Debug|Any CPU
		{CA5221DE-DFA9-40E6-A9DC-8BA6DF89195F}.DevSql|Any CPU.ActiveCfg = Debug|Any CPU
		{CA5221DE-DFA9-40E6-A9DC-8BA6DF89195F}.DevSql|Any CPU.Build.0 = Debug|Any CPU
		{CA5221DE-DFA9-40E6-A9DC-8BA6DF89195F}.ProdAzure|Any CPU.ActiveCfg = Debug|Any CPU
		{CA5221DE-DFA9-40E6-A9DC-8BA6DF89195F}.ProdAzure|Any CPU.Build.0 = Debug|Any CPU
		{CA5221DE-DFA9-40E6-A9DC-8BA6DF89195F}.ProdPgSql|Any CPU.ActiveCfg = Debug|Any CPU
		{CA5221DE-DFA9-40E6-A9DC-8BA6DF89195F}.ProdPgSql|Any CPU.Build.0 = Debug|Any CPU
		{CA5221DE-DFA9-40E6-A9DC-8BA6DF89195F}.ProdSql|Any CPU.ActiveCfg = Debug|Any CPU
		{CA5221DE-DFA9-40E6-A9DC-8BA6DF89195F}.ProdSql|Any CPU.Build.0 = Debug|Any CPU
		{CA5221DE-DFA9-40E6-A9DC-8BA6DF89195F}.Release|Any CPU.ActiveCfg = Release|Any CPU
		{CA5221DE-DFA9-40E6-A9DC-8BA6DF89195F}.Release|Any CPU.Build.0 = Release|Any CPU
		{7C736FC4-AA35-4DAA-AA4D-926BC2C3A939}.Debug|Any CPU.ActiveCfg = Debug|Any CPU
		{7C736FC4-AA35-4DAA-AA4D-926BC2C3A939}.Debug|Any CPU.Build.0 = Debug|Any CPU
		{7C736FC4-AA35-4DAA-AA4D-926BC2C3A939}.DevAzure|Any CPU.ActiveCfg = Debug|Any CPU
		{7C736FC4-AA35-4DAA-AA4D-926BC2C3A939}.DevAzure|Any CPU.Build.0 = Debug|Any CPU
		{7C736FC4-AA35-4DAA-AA4D-926BC2C3A939}.DevPgSql|Any CPU.ActiveCfg = Debug|Any CPU
		{7C736FC4-AA35-4DAA-AA4D-926BC2C3A939}.DevPgSql|Any CPU.Build.0 = Debug|Any CPU
		{7C736FC4-AA35-4DAA-AA4D-926BC2C3A939}.DevSql|Any CPU.ActiveCfg = Debug|Any CPU
		{7C736FC4-AA35-4DAA-AA4D-926BC2C3A939}.DevSql|Any CPU.Build.0 = Debug|Any CPU
		{7C736FC4-AA35-4DAA-AA4D-926BC2C3A939}.ProdAzure|Any CPU.ActiveCfg = Debug|Any CPU
		{7C736FC4-AA35-4DAA-AA4D-926BC2C3A939}.ProdAzure|Any CPU.Build.0 = Debug|Any CPU
		{7C736FC4-AA35-4DAA-AA4D-926BC2C3A939}.ProdPgSql|Any CPU.ActiveCfg = Debug|Any CPU
		{7C736FC4-AA35-4DAA-AA4D-926BC2C3A939}.ProdPgSql|Any CPU.Build.0 = Debug|Any CPU
		{7C736FC4-AA35-4DAA-AA4D-926BC2C3A939}.ProdSql|Any CPU.ActiveCfg = Debug|Any CPU
		{7C736FC4-AA35-4DAA-AA4D-926BC2C3A939}.ProdSql|Any CPU.Build.0 = Debug|Any CPU
		{7C736FC4-AA35-4DAA-AA4D-926BC2C3A939}.Release|Any CPU.ActiveCfg = Release|Any CPU
		{7C736FC4-AA35-4DAA-AA4D-926BC2C3A939}.Release|Any CPU.Build.0 = Release|Any CPU
	EndGlobalSection
	GlobalSection(SolutionProperties) = preSolution
		HideSolutionNode = FALSE
	EndGlobalSection
	GlobalSection(NestedProjects) = preSolution
		{91DB3326-0850-4A22-BFCF-215EC2BEBAC5} = {9410464C-9293-45AF-8D3B-B991B5E01A38}
		{74101052-2463-4AAA-BEC2-76F239D9B77C} = {9410464C-9293-45AF-8D3B-B991B5E01A38}
		{8F302E92-6188-4487-A34A-CE5C0868C2A8} = {C0395CFB-B769-4929-87C3-C810EEA036A2}
		{F955E692-FD87-4964-9DC3-B3269B1CB92D} = {9410464C-9293-45AF-8D3B-B991B5E01A38}
		{72721CBB-098D-499B-B037-1CCEACBC4524} = {2EB474CC-AE21-4682-81CD-E66559763344}
		{CBCBB6A3-0097-46ED-A49C-EF9A6DA87B63} = {2EB474CC-AE21-4682-81CD-E66559763344}
		{7729478D-EC79-41E3-918E-E25C367FD3BB} = {4FBF854A-9BF1-4BDB-B536-61B976E5EA8F}
		{F554A376-529D-4FA6-9E4F-AFBE87C32861} = {A7461ACE-ABB7-4359-BAEC-3494430B7A63}
		{4B3CFD31-7BF9-4262-9572-F0924A83CC1B} = {9410464C-9293-45AF-8D3B-B991B5E01A38}
		{F18D54A4-364B-430C-9612-D1CD3644D4B4} = {2EB474CC-AE21-4682-81CD-E66559763344}
		{C7275BD4-52B2-444E-A880-2C70A8B79BEF} = {1BB195CE-8252-4DDE-83B9-74ACCA99087D}
		{2A0959ED-854C-43A6-B8E5-A8818CBB35CE} = {1BB195CE-8252-4DDE-83B9-74ACCA99087D}
		{899D0061-6F5A-4089-9727-E8FCA58ABB1E} = {A7461ACE-ABB7-4359-BAEC-3494430B7A63}
		{D078663B-F5D5-4B06-8D59-73B31EFEF375} = {1BB195CE-8252-4DDE-83B9-74ACCA99087D}
		{17D1CC13-A661-43C8-8845-EFC46F0CE132} = {9410464C-9293-45AF-8D3B-B991B5E01A38}
		{B5F4AFF8-5386-4CC9-9E0D-F53958E5522A} = {9410464C-9293-45AF-8D3B-B991B5E01A38}
		{8AD145BA-1606-46C1-A72B-3C202265AE26} = {2EB474CC-AE21-4682-81CD-E66559763344}
		{3AE0CD09-FF02-4CE9-9EF9-2C2A510DA3FD} = {A7461ACE-ABB7-4359-BAEC-3494430B7A63}
		{EB617FF2-8BE5-4146-BA9D-4D9A08C70CE5} = {15745EE2-4B60-4185-B820-296C07FBE446}
		{7894BBE9-AE81-4F95-AD81-BA2B0431698C} = {2205AEEA-ABE7-43AC-A1BD-93AC8A84469F}
		{512934AB-4E46-42DA-935B-537530B7E85B} = {2205AEEA-ABE7-43AC-A1BD-93AC8A84469F}
		{3705E2BB-7E58-4745-B3E8-08223E57557A} = {2205AEEA-ABE7-43AC-A1BD-93AC8A84469F}
		{53B16969-6EB6-4D8F-9EB6-716E559E2BB2} = {072768A8-F9C0-422F-92A4-4A02593F4F84}
		{450A4620-4290-4B07-846A-7D33FF53B5FD} = {2205AEEA-ABE7-43AC-A1BD-93AC8A84469F}
		{B242CE85-F186-4107-98FC-1A87538B704D} = {15745EE2-4B60-4185-B820-296C07FBE446}
		{BBDDF8C6-196F-4B25-906E-108B59E4A837} = {072768A8-F9C0-422F-92A4-4A02593F4F84}
		{AB320464-7159-4AA8-8116-1A7169FBF79C} = {1BB195CE-8252-4DDE-83B9-74ACCA99087D}
		{6C337D0B-BFB0-417B-8E11-57B917F4BF81} = {1BB195CE-8252-4DDE-83B9-74ACCA99087D}
		{1099F633-4AC5-4BF9-A368-3B1840164FA0} = {1BB195CE-8252-4DDE-83B9-74ACCA99087D}
		{7F6016B1-F2ED-41FE-993A-3C1B3A0B3E98} = {08014198-5B4D-4B67-80C1-E1195A784768}
		{3CFC1F80-92F1-40F0-A654-0FE940A48F02} = {08014198-5B4D-4B67-80C1-E1195A784768}
		{C475C1B5-8F18-47AA-A248-34339BA82240} = {08014198-5B4D-4B67-80C1-E1195A784768}
		{65436FF0-E291-429C-8FB3-D914C1FFAAA6} = {F0375912-0C84-400B-9BF0-917162B331E1}
		{FE9571D9-2B37-4E4C-A838-955A3CA5235F} = {F0375912-0C84-400B-9BF0-917162B331E1}
		{C0395CFB-B769-4929-87C3-C810EEA036A2} = {9410464C-9293-45AF-8D3B-B991B5E01A38}
		{072768A8-F9C0-422F-92A4-4A02593F4F84} = {2205AEEA-ABE7-43AC-A1BD-93AC8A84469F}
		{08014198-5B4D-4B67-80C1-E1195A784768} = {1BB195CE-8252-4DDE-83B9-74ACCA99087D}
		{BB2778D2-A30A-405C-8002-720BB147EFDC} = {F0375912-0C84-400B-9BF0-917162B331E1}
		{D84F1A4C-1539-416A-A40A-A72AA2A5F360} = {F0375912-0C84-400B-9BF0-917162B331E1}
		{5A84EBC0-E8A7-4789-972B-B4B46A2834EE} = {6FC08326-9D39-40B4-A595-A4FE4FCC724E}
		{80EE6482-6D90-4EA0-9FB3-9DC891AFC52E} = {6FC08326-9D39-40B4-A595-A4FE4FCC724E}
		{D28F31A2-4794-4DF4-95FF-2174C64D733D} = {6FC08326-9D39-40B4-A595-A4FE4FCC724E}
		{8D24CFFE-D232-4281-BBEF-5B30126A4251} = {6FC08326-9D39-40B4-A595-A4FE4FCC724E}
		{77179348-0B89-43C2-BBFB-1044CCBAF86E} = {8D701613-E0C6-4C03-938C-988F5628881D}
		{020767B5-495D-4E39-A29D-B48EB18AF32F} = {8D701613-E0C6-4C03-938C-988F5628881D}
		{E9D1F537-54A6-42BA-8849-6E446DF9C14C} = {722BF598-1BBC-4BE5-8A71-0569993623AA}
		{722BF598-1BBC-4BE5-8A71-0569993623AA} = {8D701613-E0C6-4C03-938C-988F5628881D}
		{89919401-0294-4AB2-BCD6-F52047BB6F3D} = {8D701613-E0C6-4C03-938C-988F5628881D}
		{AD67078E-E373-409E-886F-A0270CE3D555} = {6FC08326-9D39-40B4-A595-A4FE4FCC724E}
		{1386C55A-AD2E-4101-9176-4E98987F811C} = {8D24CFFE-D232-4281-BBEF-5B30126A4251}
		{3C41112F-9499-4B28-ACCA-C1A53E1FEB41} = {2EB474CC-AE21-4682-81CD-E66559763344}
		{4FBF854A-9BF1-4BDB-B536-61B976E5EA8F} = {2EB474CC-AE21-4682-81CD-E66559763344}
		{452E7E47-B5FF-4813-B252-2203F712B256} = {7480DBBF-9FA7-4714-9219-37B52D113E8A}
		{E1175BE8-BA2D-4107-891A-0A5B0E7A4D6E} = {452E7E47-B5FF-4813-B252-2203F712B256}
		{D0EF1860-7133-479E-8A2B-C2D29E900DBE} = {E1175BE8-BA2D-4107-891A-0A5B0E7A4D6E}
		{62CBA674-DED0-4BF6-B261-3B806615D643} = {E1175BE8-BA2D-4107-891A-0A5B0E7A4D6E}
		{5AB8A0EE-21CF-4F09-AFE7-81C43500CF94} = {450A4620-4290-4B07-846A-7D33FF53B5FD}
		{AF4A7C88-59FA-4CBC-894A-47903742E510} = {450A4620-4290-4B07-846A-7D33FF53B5FD}
		{6C1F185C-BBD2-4A90-B565-58F03D46CABE} = {F0375912-0C84-400B-9BF0-917162B331E1}
		{126163CF-5D88-4CE5-A63C-A84760AD948D} = {BB2778D2-A30A-405C-8002-720BB147EFDC}
		{1206296C-DA77-428A-853D-7ACD5F99B5E1} = {C0395CFB-B769-4929-87C3-C810EEA036A2}
		{D90B9D2C-1589-4D62-A9E0-60919B9D66D6} = {8D24CFFE-D232-4281-BBEF-5B30126A4251}
		{E02E667A-23EF-4D93-ACE6-C56DCE6D6AAB} = {48F5F4BD-FBD0-4FCA-BC51-04025CF979D8}
		{CA5221DE-DFA9-40E6-A9DC-8BA6DF89195F} = {48F5F4BD-FBD0-4FCA-BC51-04025CF979D8}
		{7C736FC4-AA35-4DAA-AA4D-926BC2C3A939} = {9410464C-9293-45AF-8D3B-B991B5E01A38}
	EndGlobalSection
	GlobalSection(ExtensibilityGlobals) = postSolution
		EnterpriseLibraryConfigurationToolBinariesPathV6 = packages\EnterpriseLibrary.TransientFaultHandling.6.0.1304.0\lib\portable-net45+win+wp8;packages\EnterpriseLibrary.TransientFaultHandling.Data.6.0.1304.1\lib\NET45;packages\EnterpriseLibrary.TransientFaultHandling.WindowsAzure.Storage.6.0.1304.1\lib\NET45
	EndGlobalSection
EndGlobal
